// !$*UTF8*$!
{
	archiveVersion = 1;
	classes = {
	};
	objectVersion = 51;
	objects = {

/* Begin PBXBuildFile section */
		3FAA0141F25801CD732EC6EA /* Pods_VocaGame.framework in Frameworks */ = {isa = PBXBuildFile; fileRef = 0B500A67AEC51CF1DB1AE50E /* Pods_VocaGame.framework */; };
		4A95DB693A0599677F77123F /* Pods_SparkRefactoring.framework in Frameworks */ = {isa = PBXBuildFile; fileRef = 6E0A537223CCFE6BEE894551 /* Pods_SparkRefactoring.framework */; };
		77676F15C6C355978767D453 /* Pods_PoingDesignSystem.framework in Frameworks */ = {isa = PBXBuildFile; fileRef = 3F1AFA8D2E014CE1BAF33430 /* Pods_PoingDesignSystem.framework */; };
		E90DC49F25BC30EF003ADE71 /* VocaCoreDataManager.swift in Sources */ = {isa = PBXBuildFile; fileRef = E90DC49E25BC30EF003ADE71 /* VocaCoreDataManager.swift */; };
		E90DC4A625BC376D003ADE71 /* Notification.Name+.swift in Sources */ = {isa = PBXBuildFile; fileRef = E90DC4A525BC376D003ADE71 /* Notification.Name+.swift */; };
		E91A057C25BC255E003579A7 /* Voca.xcdatamodeld in Sources */ = {isa = PBXBuildFile; fileRef = E91A057A25BC255E003579A7 /* Voca.xcdatamodeld */; };
		E91A059125BC271A003579A7 /* Word.swift in Sources */ = {isa = PBXBuildFile; fileRef = E91A059025BC271A003579A7 /* Word.swift */; };
		E91A059825BC2723003579A7 /* Folder.swift in Sources */ = {isa = PBXBuildFile; fileRef = E91A059725BC2723003579A7 /* Folder.swift */; };
		E91A05AF25BC2ACD003579A7 /* ManagedGroup+CoreDataClass.swift in Sources */ = {isa = PBXBuildFile; fileRef = E91A05AD25BC2ACC003579A7 /* ManagedGroup+CoreDataClass.swift */; };
		E91A05B025BC2ACD003579A7 /* ManagedGroup+CoreDataProperties.swift in Sources */ = {isa = PBXBuildFile; fileRef = E91A05AE25BC2ACD003579A7 /* ManagedGroup+CoreDataProperties.swift */; };
		E91A05B825BC2AD4003579A7 /* ManagedWord+CoreDataClass.swift in Sources */ = {isa = PBXBuildFile; fileRef = E91A05B625BC2AD3003579A7 /* ManagedWord+CoreDataClass.swift */; };
		E91A05B925BC2AD4003579A7 /* ManagedWord+CoreDataProperties.swift in Sources */ = {isa = PBXBuildFile; fileRef = E91A05B725BC2AD4003579A7 /* ManagedWord+CoreDataProperties.swift */; };
		E92EEEF825BAE6F60053F32D /* LoginViewController.swift in Sources */ = {isa = PBXBuildFile; fileRef = E92EEEF725BAE6F60053F32D /* LoginViewController.swift */; };
		E92EEF0125BAF8BE0053F32D /* HomeViewController.swift in Sources */ = {isa = PBXBuildFile; fileRef = E92EEF0025BAF8BE0053F32D /* HomeViewController.swift */; };
		E92EEF0525BAFB180053F32D /* UITabGestureRecognizer+.swift in Sources */ = {isa = PBXBuildFile; fileRef = E92EEF0425BAFB180053F32D /* UITabGestureRecognizer+.swift */; };
		E9525EB725C415F1008A7603 /* ServerURL.swift in Sources */ = {isa = PBXBuildFile; fileRef = E9525EB625C415F1008A7603 /* ServerURL.swift */; };
		E9525EBE25C4160C008A7603 /* BaseManager.swift in Sources */ = {isa = PBXBuildFile; fileRef = E9525EBD25C4160C008A7603 /* BaseManager.swift */; };
		E9525EC525C41639008A7603 /* UserInfo.swift in Sources */ = {isa = PBXBuildFile; fileRef = E9525EC425C41639008A7603 /* UserInfo.swift */; };
		E9525ECC25C416F8008A7603 /* UserService.swift in Sources */ = {isa = PBXBuildFile; fileRef = E9525ECB25C416F8008A7603 /* UserService.swift */; };
		E963C62F25BAA60F0065EBCB /* AppDelegate.swift in Sources */ = {isa = PBXBuildFile; fileRef = E963C62E25BAA60F0065EBCB /* AppDelegate.swift */; };
		E963C63125BAA60F0065EBCB /* SceneDelegate.swift in Sources */ = {isa = PBXBuildFile; fileRef = E963C63025BAA60F0065EBCB /* SceneDelegate.swift */; };
		E963C63325BAA60F0065EBCB /* ViewController.swift in Sources */ = {isa = PBXBuildFile; fileRef = E963C63225BAA60F0065EBCB /* ViewController.swift */; };
		E963C63825BAA60F0065EBCB /* Assets.xcassets in Resources */ = {isa = PBXBuildFile; fileRef = E963C63725BAA60F0065EBCB /* Assets.xcassets */; };
		E963C63B25BAA60F0065EBCB /* LaunchScreen.storyboard in Resources */ = {isa = PBXBuildFile; fileRef = E963C63925BAA60F0065EBCB /* LaunchScreen.storyboard */; };
		E963C66325BAAA960065EBCB /* SplashViewController.swift in Sources */ = {isa = PBXBuildFile; fileRef = E963C66225BAAA960065EBCB /* SplashViewController.swift */; };
		E963C66625BAAC0D0065EBCB /* .swiftlint.yml in Resources */ = {isa = PBXBuildFile; fileRef = E963C66525BAAC0D0065EBCB /* .swiftlint.yml */; };
		E963C66C25BAAE220065EBCB /* Splash.storyboard in Resources */ = {isa = PBXBuildFile; fileRef = E963C66B25BAAE220065EBCB /* Splash.storyboard */; };
		E963C67025BAB5690065EBCB /* AppleLoginButton.swift in Sources */ = {isa = PBXBuildFile; fileRef = E963C66F25BAB5690065EBCB /* AppleLoginButton.swift */; };
		E963C68625BAC1120065EBCB /* PoingDesignSystem.framework in Frameworks */ = {isa = PBXBuildFile; fileRef = E963C67D25BAC1120065EBCB /* PoingDesignSystem.framework */; };
		E963C68D25BAC1120065EBCB /* PoingDesignSystemTests.swift in Sources */ = {isa = PBXBuildFile; fileRef = E963C68C25BAC1120065EBCB /* PoingDesignSystemTests.swift */; };
		E963C68F25BAC1120065EBCB /* PoingDesignSystem.h in Headers */ = {isa = PBXBuildFile; fileRef = E963C67F25BAC1120065EBCB /* PoingDesignSystem.h */; settings = {ATTRIBUTES = (Public, ); }; };
		E963C69225BAC1120065EBCB /* PoingDesignSystem.framework in Frameworks */ = {isa = PBXBuildFile; fileRef = E963C67D25BAC1120065EBCB /* PoingDesignSystem.framework */; };
		E963C69425BAC1120065EBCB /* PoingDesignSystem.framework in Embed Frameworks */ = {isa = PBXBuildFile; fileRef = E963C67D25BAC1120065EBCB /* PoingDesignSystem.framework */; settings = {ATTRIBUTES = (CodeSignOnCopy, RemoveHeadersOnCopy, ); }; };
		E963C6A125BAC1BB0065EBCB /* UIColor+.swift in Sources */ = {isa = PBXBuildFile; fileRef = E963C6A025BAC1BB0065EBCB /* UIColor+.swift */; };
		E963C6A525BAC1DD0065EBCB /* VDSTextField.swift in Sources */ = {isa = PBXBuildFile; fileRef = E963C6A425BAC1DD0065EBCB /* VDSTextField.swift */; };
		E963C6AB25BAC5920065EBCB /* UIFont+.swift in Sources */ = {isa = PBXBuildFile; fileRef = E963C6AA25BAC5920065EBCB /* UIFont+.swift */; };
		E963C6AF25BAC76D0065EBCB /* AppleLoginHelper.swift in Sources */ = {isa = PBXBuildFile; fileRef = E963C6AE25BAC76D0065EBCB /* AppleLoginHelper.swift */; };
		E974F23F25C29531009DA167 /* VocaManager.swift in Sources */ = {isa = PBXBuildFile; fileRef = E974F23E25C29531009DA167 /* VocaManager.swift */; };
		E9940B4925CBB84200F2C142 /* GameType.swift in Sources */ = {isa = PBXBuildFile; fileRef = E9940B4825CBB84200F2C142 /* GameType.swift */; };
		E9940B5125CBC1D100F2C142 /* ModeConfig.swift in Sources */ = {isa = PBXBuildFile; fileRef = E9940B5025CBC1D100F2C142 /* ModeConfig.swift */; };
		E9940B5825CBC22700F2C142 /* Notification.Name+.swift in Sources */ = {isa = PBXBuildFile; fileRef = E9940B5725CBC22700F2C142 /* Notification.Name+.swift */; };
		E9940B7125CBC34B00F2C142 /* GameGuideUtill.swift in Sources */ = {isa = PBXBuildFile; fileRef = E9940B7025CBC34B00F2C142 /* GameGuideUtill.swift */; };
		E9940B7825CBC36B00F2C142 /* GuideView.swift in Sources */ = {isa = PBXBuildFile; fileRef = E9940B7725CBC36B00F2C142 /* GuideView.swift */; };
		E9940B7F25CBC59600F2C142 /* SelectFolderViewController.swift in Sources */ = {isa = PBXBuildFile; fileRef = E9940B7E25CBC59600F2C142 /* SelectFolderViewController.swift */; };
		E9940B8625CBCB2400F2C142 /* SideNavigationView.swift in Sources */ = {isa = PBXBuildFile; fileRef = E9940B8525CBCB2400F2C142 /* SideNavigationView.swift */; };
		E9940B8D25CBD0B200F2C142 /* SelectFolderCell.swift in Sources */ = {isa = PBXBuildFile; fileRef = E9940B8C25CBD0B200F2C142 /* SelectFolderCell.swift */; };
		E9AB4F1425C95E01008DAB0C /* HomeHeaderView.swift in Sources */ = {isa = PBXBuildFile; fileRef = E9AB4F1325C95E01008DAB0C /* HomeHeaderView.swift */; };
		E9AB4F1D25C96E30008DAB0C /* MyVocaViewController.swift in Sources */ = {isa = PBXBuildFile; fileRef = E9AB4F1C25C96E30008DAB0C /* MyVocaViewController.swift */; };
		E9AB4F2425C9707D008DAB0C /* GameViewController.swift in Sources */ = {isa = PBXBuildFile; fileRef = E9AB4F2325C9707D008DAB0C /* GameViewController.swift */; };
		E9AB4F2B25C97084008DAB0C /* GameCell.swift in Sources */ = {isa = PBXBuildFile; fileRef = E9AB4F2A25C97084008DAB0C /* GameCell.swift */; };
		E9AB4F3225C974C9008DAB0C /* CALayer+.swift in Sources */ = {isa = PBXBuildFile; fileRef = E9AB4F3125C974C9008DAB0C /* CALayer+.swift */; };
		E9D3421225BC1A4F006A7EF6 /* UserDefaults+.swift in Sources */ = {isa = PBXBuildFile; fileRef = E9D3421125BC1A4F006A7EF6 /* UserDefaults+.swift */; };
		E9D3422325BC200B006A7EF6 /* PoingVocaSubsystem.framework in Frameworks */ = {isa = PBXBuildFile; fileRef = E9D3421A25BC200B006A7EF6 /* PoingVocaSubsystem.framework */; };
		E9D3422A25BC200B006A7EF6 /* PoingVocaSubsystemTests.swift in Sources */ = {isa = PBXBuildFile; fileRef = E9D3422925BC200B006A7EF6 /* PoingVocaSubsystemTests.swift */; };
		E9D3422C25BC200B006A7EF6 /* PoingVocaSubsystem.h in Headers */ = {isa = PBXBuildFile; fileRef = E9D3421C25BC200B006A7EF6 /* PoingVocaSubsystem.h */; settings = {ATTRIBUTES = (Public, ); }; };
		E9D3422F25BC200B006A7EF6 /* PoingVocaSubsystem.framework in Frameworks */ = {isa = PBXBuildFile; fileRef = E9D3421A25BC200B006A7EF6 /* PoingVocaSubsystem.framework */; };
		E9D3423025BC200B006A7EF6 /* PoingVocaSubsystem.framework in Embed Frameworks */ = {isa = PBXBuildFile; fileRef = E9D3421A25BC200B006A7EF6 /* PoingVocaSubsystem.framework */; settings = {ATTRIBUTES = (CodeSignOnCopy, RemoveHeadersOnCopy, ); }; };
		E9D3424725BC2060006A7EF6 /* VocaGame.h in Headers */ = {isa = PBXBuildFile; fileRef = E9D3424525BC2060006A7EF6 /* VocaGame.h */; settings = {ATTRIBUTES = (Public, ); }; };
		E9D3424A25BC2060006A7EF6 /* VocaGame.framework in Frameworks */ = {isa = PBXBuildFile; fileRef = E9D3424325BC2060006A7EF6 /* VocaGame.framework */; };
		E9D3424B25BC2060006A7EF6 /* VocaGame.framework in Embed Frameworks */ = {isa = PBXBuildFile; fileRef = E9D3424325BC2060006A7EF6 /* VocaGame.framework */; settings = {ATTRIBUTES = (CodeSignOnCopy, RemoveHeadersOnCopy, ); }; };
		FE13639AD06A95DEEBDBB623 /* Pods_PoingVocaSubsystem.framework in Frameworks */ = {isa = PBXBuildFile; fileRef = 0B0861BBC37A845D6C7EFB2B /* Pods_PoingVocaSubsystem.framework */; };
/* End PBXBuildFile section */

/* Begin PBXContainerItemProxy section */
		E963C68725BAC1120065EBCB /* PBXContainerItemProxy */ = {
			isa = PBXContainerItemProxy;
			containerPortal = E963C62325BAA60E0065EBCB /* Project object */;
			proxyType = 1;
			remoteGlobalIDString = E963C67C25BAC1120065EBCB;
			remoteInfo = PoingDesignSystem;
		};
		E963C68925BAC1120065EBCB /* PBXContainerItemProxy */ = {
			isa = PBXContainerItemProxy;
			containerPortal = E963C62325BAA60E0065EBCB /* Project object */;
			proxyType = 1;
			remoteGlobalIDString = E963C62A25BAA60E0065EBCB;
			remoteInfo = SparkRefactoring;
		};
		E963C69025BAC1120065EBCB /* PBXContainerItemProxy */ = {
			isa = PBXContainerItemProxy;
			containerPortal = E963C62325BAA60E0065EBCB /* Project object */;
			proxyType = 1;
			remoteGlobalIDString = E963C67C25BAC1120065EBCB;
			remoteInfo = PoingDesignSystem;
		};
		E9D3422425BC200B006A7EF6 /* PBXContainerItemProxy */ = {
			isa = PBXContainerItemProxy;
			containerPortal = E963C62325BAA60E0065EBCB /* Project object */;
			proxyType = 1;
			remoteGlobalIDString = E9D3421925BC200B006A7EF6;
			remoteInfo = PoingVocaSubsystem;
		};
		E9D3422625BC200B006A7EF6 /* PBXContainerItemProxy */ = {
			isa = PBXContainerItemProxy;
			containerPortal = E963C62325BAA60E0065EBCB /* Project object */;
			proxyType = 1;
			remoteGlobalIDString = E963C62A25BAA60E0065EBCB;
			remoteInfo = SparkRefactoring;
		};
		E9D3422D25BC200B006A7EF6 /* PBXContainerItemProxy */ = {
			isa = PBXContainerItemProxy;
			containerPortal = E963C62325BAA60E0065EBCB /* Project object */;
			proxyType = 1;
			remoteGlobalIDString = E9D3421925BC200B006A7EF6;
			remoteInfo = PoingVocaSubsystem;
		};
		E9D3424825BC2060006A7EF6 /* PBXContainerItemProxy */ = {
			isa = PBXContainerItemProxy;
			containerPortal = E963C62325BAA60E0065EBCB /* Project object */;
			proxyType = 1;
			remoteGlobalIDString = E9D3424225BC2060006A7EF6;
			remoteInfo = VocaGame;
		};
/* End PBXContainerItemProxy section */

/* Begin PBXCopyFilesBuildPhase section */
		E963C69325BAC1120065EBCB /* Embed Frameworks */ = {
			isa = PBXCopyFilesBuildPhase;
			buildActionMask = 2147483647;
			dstPath = "";
			dstSubfolderSpec = 10;
			files = (
				E9D3424B25BC2060006A7EF6 /* VocaGame.framework in Embed Frameworks */,
				E963C69425BAC1120065EBCB /* PoingDesignSystem.framework in Embed Frameworks */,
				E9D3423025BC200B006A7EF6 /* PoingVocaSubsystem.framework in Embed Frameworks */,
			);
			name = "Embed Frameworks";
			runOnlyForDeploymentPostprocessing = 0;
		};
/* End PBXCopyFilesBuildPhase section */

/* Begin PBXFileReference section */
		0B0861BBC37A845D6C7EFB2B /* Pods_PoingVocaSubsystem.framework */ = {isa = PBXFileReference; explicitFileType = wrapper.framework; includeInIndex = 0; path = Pods_PoingVocaSubsystem.framework; sourceTree = BUILT_PRODUCTS_DIR; };
		0B500A67AEC51CF1DB1AE50E /* Pods_VocaGame.framework */ = {isa = PBXFileReference; explicitFileType = wrapper.framework; includeInIndex = 0; path = Pods_VocaGame.framework; sourceTree = BUILT_PRODUCTS_DIR; };
		1EFC8A7EDC0BD4EEE22A4993 /* Pods-PoingVocaSubsystem.debug.xcconfig */ = {isa = PBXFileReference; includeInIndex = 1; lastKnownFileType = text.xcconfig; name = "Pods-PoingVocaSubsystem.debug.xcconfig"; path = "Target Support Files/Pods-PoingVocaSubsystem/Pods-PoingVocaSubsystem.debug.xcconfig"; sourceTree = "<group>"; };
		311E47746EC38AFC7CF6291D /* Pods-PoingVocaSubsystem.release.xcconfig */ = {isa = PBXFileReference; includeInIndex = 1; lastKnownFileType = text.xcconfig; name = "Pods-PoingVocaSubsystem.release.xcconfig"; path = "Target Support Files/Pods-PoingVocaSubsystem/Pods-PoingVocaSubsystem.release.xcconfig"; sourceTree = "<group>"; };
		35298E50DDD1DD8A86446BB3 /* Pods-VocaGame.release.xcconfig */ = {isa = PBXFileReference; includeInIndex = 1; lastKnownFileType = text.xcconfig; name = "Pods-VocaGame.release.xcconfig"; path = "Target Support Files/Pods-VocaGame/Pods-VocaGame.release.xcconfig"; sourceTree = "<group>"; };
		3F1AFA8D2E014CE1BAF33430 /* Pods_PoingDesignSystem.framework */ = {isa = PBXFileReference; explicitFileType = wrapper.framework; includeInIndex = 0; path = Pods_PoingDesignSystem.framework; sourceTree = BUILT_PRODUCTS_DIR; };
		54DBA29B48E81CA98F4C271E /* Pods-VocaGame.debug.xcconfig */ = {isa = PBXFileReference; includeInIndex = 1; lastKnownFileType = text.xcconfig; name = "Pods-VocaGame.debug.xcconfig"; path = "Target Support Files/Pods-VocaGame/Pods-VocaGame.debug.xcconfig"; sourceTree = "<group>"; };
		648CC25CC9663D0F6847D1E1 /* Pods-PoingDesignSystem.release.xcconfig */ = {isa = PBXFileReference; includeInIndex = 1; lastKnownFileType = text.xcconfig; name = "Pods-PoingDesignSystem.release.xcconfig"; path = "Target Support Files/Pods-PoingDesignSystem/Pods-PoingDesignSystem.release.xcconfig"; sourceTree = "<group>"; };
		6E0A537223CCFE6BEE894551 /* Pods_SparkRefactoring.framework */ = {isa = PBXFileReference; explicitFileType = wrapper.framework; includeInIndex = 0; path = Pods_SparkRefactoring.framework; sourceTree = BUILT_PRODUCTS_DIR; };
		7F54737D082FA84A58B99D90 /* Pods-SparkRefactoring.release.xcconfig */ = {isa = PBXFileReference; includeInIndex = 1; lastKnownFileType = text.xcconfig; name = "Pods-SparkRefactoring.release.xcconfig"; path = "Target Support Files/Pods-SparkRefactoring/Pods-SparkRefactoring.release.xcconfig"; sourceTree = "<group>"; };
		ABC9D5B569B7A546CAEFE098 /* Pods-PoingDesignSystem.debug.xcconfig */ = {isa = PBXFileReference; includeInIndex = 1; lastKnownFileType = text.xcconfig; name = "Pods-PoingDesignSystem.debug.xcconfig"; path = "Target Support Files/Pods-PoingDesignSystem/Pods-PoingDesignSystem.debug.xcconfig"; sourceTree = "<group>"; };
		B1044E96CAEF05A0FA388350 /* Pods-SparkRefactoring.debug.xcconfig */ = {isa = PBXFileReference; includeInIndex = 1; lastKnownFileType = text.xcconfig; name = "Pods-SparkRefactoring.debug.xcconfig"; path = "Target Support Files/Pods-SparkRefactoring/Pods-SparkRefactoring.debug.xcconfig"; sourceTree = "<group>"; };
		E90DC49E25BC30EF003ADE71 /* VocaCoreDataManager.swift */ = {isa = PBXFileReference; lastKnownFileType = sourcecode.swift; path = VocaCoreDataManager.swift; sourceTree = "<group>"; };
		E90DC4A525BC376D003ADE71 /* Notification.Name+.swift */ = {isa = PBXFileReference; lastKnownFileType = sourcecode.swift; path = "Notification.Name+.swift"; sourceTree = "<group>"; };
		E91A057B25BC255E003579A7 /* Voca.xcdatamodel */ = {isa = PBXFileReference; lastKnownFileType = wrapper.xcdatamodel; path = Voca.xcdatamodel; sourceTree = "<group>"; };
		E91A059025BC271A003579A7 /* Word.swift */ = {isa = PBXFileReference; lastKnownFileType = sourcecode.swift; path = Word.swift; sourceTree = "<group>"; };
		E91A059725BC2723003579A7 /* Folder.swift */ = {isa = PBXFileReference; lastKnownFileType = sourcecode.swift; path = Folder.swift; sourceTree = "<group>"; };
		E91A05AD25BC2ACC003579A7 /* ManagedGroup+CoreDataClass.swift */ = {isa = PBXFileReference; fileEncoding = 4; lastKnownFileType = sourcecode.swift; path = "ManagedGroup+CoreDataClass.swift"; sourceTree = "<group>"; };
		E91A05AE25BC2ACD003579A7 /* ManagedGroup+CoreDataProperties.swift */ = {isa = PBXFileReference; fileEncoding = 4; lastKnownFileType = sourcecode.swift; path = "ManagedGroup+CoreDataProperties.swift"; sourceTree = "<group>"; };
		E91A05B625BC2AD3003579A7 /* ManagedWord+CoreDataClass.swift */ = {isa = PBXFileReference; fileEncoding = 4; lastKnownFileType = sourcecode.swift; path = "ManagedWord+CoreDataClass.swift"; sourceTree = "<group>"; };
		E91A05B725BC2AD4003579A7 /* ManagedWord+CoreDataProperties.swift */ = {isa = PBXFileReference; fileEncoding = 4; lastKnownFileType = sourcecode.swift; path = "ManagedWord+CoreDataProperties.swift"; sourceTree = "<group>"; };
		E92EEEF725BAE6F60053F32D /* LoginViewController.swift */ = {isa = PBXFileReference; lastKnownFileType = sourcecode.swift; path = LoginViewController.swift; sourceTree = "<group>"; };
		E92EEF0025BAF8BE0053F32D /* HomeViewController.swift */ = {isa = PBXFileReference; lastKnownFileType = sourcecode.swift; path = HomeViewController.swift; sourceTree = "<group>"; };
		E92EEF0425BAFB180053F32D /* UITabGestureRecognizer+.swift */ = {isa = PBXFileReference; lastKnownFileType = sourcecode.swift; path = "UITabGestureRecognizer+.swift"; sourceTree = "<group>"; };
		E9525EB625C415F1008A7603 /* ServerURL.swift */ = {isa = PBXFileReference; lastKnownFileType = sourcecode.swift; path = ServerURL.swift; sourceTree = "<group>"; };
		E9525EBD25C4160C008A7603 /* BaseManager.swift */ = {isa = PBXFileReference; lastKnownFileType = sourcecode.swift; path = BaseManager.swift; sourceTree = "<group>"; };
		E9525EC425C41639008A7603 /* UserInfo.swift */ = {isa = PBXFileReference; lastKnownFileType = sourcecode.swift; path = UserInfo.swift; sourceTree = "<group>"; };
		E9525ECB25C416F8008A7603 /* UserService.swift */ = {isa = PBXFileReference; lastKnownFileType = sourcecode.swift; path = UserService.swift; sourceTree = "<group>"; };
		E963C62B25BAA60F0065EBCB /* SparkRefactoring.app */ = {isa = PBXFileReference; explicitFileType = wrapper.application; includeInIndex = 0; path = SparkRefactoring.app; sourceTree = BUILT_PRODUCTS_DIR; };
		E963C62E25BAA60F0065EBCB /* AppDelegate.swift */ = {isa = PBXFileReference; lastKnownFileType = sourcecode.swift; path = AppDelegate.swift; sourceTree = "<group>"; };
		E963C63025BAA60F0065EBCB /* SceneDelegate.swift */ = {isa = PBXFileReference; lastKnownFileType = sourcecode.swift; path = SceneDelegate.swift; sourceTree = "<group>"; };
		E963C63225BAA60F0065EBCB /* ViewController.swift */ = {isa = PBXFileReference; lastKnownFileType = sourcecode.swift; path = ViewController.swift; sourceTree = "<group>"; };
		E963C63725BAA60F0065EBCB /* Assets.xcassets */ = {isa = PBXFileReference; lastKnownFileType = folder.assetcatalog; path = Assets.xcassets; sourceTree = "<group>"; };
		E963C63A25BAA60F0065EBCB /* Base */ = {isa = PBXFileReference; lastKnownFileType = file.storyboard; name = Base; path = Base.lproj/LaunchScreen.storyboard; sourceTree = "<group>"; };
		E963C63C25BAA60F0065EBCB /* Info.plist */ = {isa = PBXFileReference; lastKnownFileType = text.plist.xml; path = Info.plist; sourceTree = "<group>"; };
		E963C66225BAAA960065EBCB /* SplashViewController.swift */ = {isa = PBXFileReference; lastKnownFileType = sourcecode.swift; path = SplashViewController.swift; sourceTree = "<group>"; };
		E963C66525BAAC0D0065EBCB /* .swiftlint.yml */ = {isa = PBXFileReference; lastKnownFileType = text.yaml; path = .swiftlint.yml; sourceTree = "<group>"; };
		E963C66B25BAAE220065EBCB /* Splash.storyboard */ = {isa = PBXFileReference; lastKnownFileType = file.storyboard; path = Splash.storyboard; sourceTree = "<group>"; };
		E963C66F25BAB5690065EBCB /* AppleLoginButton.swift */ = {isa = PBXFileReference; lastKnownFileType = sourcecode.swift; path = AppleLoginButton.swift; sourceTree = "<group>"; };
		E963C67D25BAC1120065EBCB /* PoingDesignSystem.framework */ = {isa = PBXFileReference; explicitFileType = wrapper.framework; includeInIndex = 0; path = PoingDesignSystem.framework; sourceTree = BUILT_PRODUCTS_DIR; };
		E963C67F25BAC1120065EBCB /* PoingDesignSystem.h */ = {isa = PBXFileReference; lastKnownFileType = sourcecode.c.h; path = PoingDesignSystem.h; sourceTree = "<group>"; };
		E963C68025BAC1120065EBCB /* Info.plist */ = {isa = PBXFileReference; lastKnownFileType = text.plist.xml; path = Info.plist; sourceTree = "<group>"; };
		E963C68525BAC1120065EBCB /* PoingDesignSystemTests.xctest */ = {isa = PBXFileReference; explicitFileType = wrapper.cfbundle; includeInIndex = 0; path = PoingDesignSystemTests.xctest; sourceTree = BUILT_PRODUCTS_DIR; };
		E963C68C25BAC1120065EBCB /* PoingDesignSystemTests.swift */ = {isa = PBXFileReference; lastKnownFileType = sourcecode.swift; path = PoingDesignSystemTests.swift; sourceTree = "<group>"; };
		E963C68E25BAC1120065EBCB /* Info.plist */ = {isa = PBXFileReference; lastKnownFileType = text.plist.xml; path = Info.plist; sourceTree = "<group>"; };
		E963C6A025BAC1BB0065EBCB /* UIColor+.swift */ = {isa = PBXFileReference; lastKnownFileType = sourcecode.swift; path = "UIColor+.swift"; sourceTree = "<group>"; };
		E963C6A425BAC1DD0065EBCB /* VDSTextField.swift */ = {isa = PBXFileReference; lastKnownFileType = sourcecode.swift; path = VDSTextField.swift; sourceTree = "<group>"; };
		E963C6A825BAC5800065EBCB /* Quicksand-Bold.ttf */ = {isa = PBXFileReference; lastKnownFileType = file; path = "Quicksand-Bold.ttf"; sourceTree = "<group>"; };
		E963C6A925BAC5800065EBCB /* BalsamiqSansBold.ttf */ = {isa = PBXFileReference; lastKnownFileType = file; path = BalsamiqSansBold.ttf; sourceTree = "<group>"; };
		E963C6AA25BAC5920065EBCB /* UIFont+.swift */ = {isa = PBXFileReference; lastKnownFileType = sourcecode.swift; path = "UIFont+.swift"; sourceTree = "<group>"; };
		E963C6AE25BAC76D0065EBCB /* AppleLoginHelper.swift */ = {isa = PBXFileReference; lastKnownFileType = sourcecode.swift; path = AppleLoginHelper.swift; sourceTree = "<group>"; };
		E963C6B825BADCA50065EBCB /* SparkRefactoring.entitlements */ = {isa = PBXFileReference; lastKnownFileType = text.plist.entitlements; path = SparkRefactoring.entitlements; sourceTree = "<group>"; };
		E974F23E25C29531009DA167 /* VocaManager.swift */ = {isa = PBXFileReference; lastKnownFileType = sourcecode.swift; path = VocaManager.swift; sourceTree = "<group>"; };
		E9940B4825CBB84200F2C142 /* GameType.swift */ = {isa = PBXFileReference; lastKnownFileType = sourcecode.swift; path = GameType.swift; sourceTree = "<group>"; };
		E9940B5025CBC1D100F2C142 /* ModeConfig.swift */ = {isa = PBXFileReference; lastKnownFileType = sourcecode.swift; path = ModeConfig.swift; sourceTree = "<group>"; };
		E9940B5725CBC22700F2C142 /* Notification.Name+.swift */ = {isa = PBXFileReference; lastKnownFileType = sourcecode.swift; path = "Notification.Name+.swift"; sourceTree = "<group>"; };
		E9940B7025CBC34B00F2C142 /* GameGuideUtill.swift */ = {isa = PBXFileReference; lastKnownFileType = sourcecode.swift; path = GameGuideUtill.swift; sourceTree = "<group>"; };
		E9940B7725CBC36B00F2C142 /* GuideView.swift */ = {isa = PBXFileReference; lastKnownFileType = sourcecode.swift; path = GuideView.swift; sourceTree = "<group>"; };
		E9940B7E25CBC59600F2C142 /* SelectFolderViewController.swift */ = {isa = PBXFileReference; lastKnownFileType = sourcecode.swift; path = SelectFolderViewController.swift; sourceTree = "<group>"; };
		E9940B8525CBCB2400F2C142 /* SideNavigationView.swift */ = {isa = PBXFileReference; lastKnownFileType = sourcecode.swift; path = SideNavigationView.swift; sourceTree = "<group>"; };
		E9940B8C25CBD0B200F2C142 /* SelectFolderCell.swift */ = {isa = PBXFileReference; lastKnownFileType = sourcecode.swift; path = SelectFolderCell.swift; sourceTree = "<group>"; };
		E9AB4F1325C95E01008DAB0C /* HomeHeaderView.swift */ = {isa = PBXFileReference; lastKnownFileType = sourcecode.swift; path = HomeHeaderView.swift; sourceTree = "<group>"; };
		E9AB4F1C25C96E30008DAB0C /* MyVocaViewController.swift */ = {isa = PBXFileReference; lastKnownFileType = sourcecode.swift; path = MyVocaViewController.swift; sourceTree = "<group>"; };
		E9AB4F2325C9707D008DAB0C /* GameViewController.swift */ = {isa = PBXFileReference; lastKnownFileType = sourcecode.swift; path = GameViewController.swift; sourceTree = "<group>"; };
		E9AB4F2A25C97084008DAB0C /* GameCell.swift */ = {isa = PBXFileReference; lastKnownFileType = sourcecode.swift; path = GameCell.swift; sourceTree = "<group>"; };
		E9AB4F3125C974C9008DAB0C /* CALayer+.swift */ = {isa = PBXFileReference; lastKnownFileType = sourcecode.swift; path = "CALayer+.swift"; sourceTree = "<group>"; };
		E9D3421125BC1A4F006A7EF6 /* UserDefaults+.swift */ = {isa = PBXFileReference; lastKnownFileType = sourcecode.swift; path = "UserDefaults+.swift"; sourceTree = "<group>"; };
		E9D3421A25BC200B006A7EF6 /* PoingVocaSubsystem.framework */ = {isa = PBXFileReference; explicitFileType = wrapper.framework; includeInIndex = 0; path = PoingVocaSubsystem.framework; sourceTree = BUILT_PRODUCTS_DIR; };
		E9D3421C25BC200B006A7EF6 /* PoingVocaSubsystem.h */ = {isa = PBXFileReference; lastKnownFileType = sourcecode.c.h; path = PoingVocaSubsystem.h; sourceTree = "<group>"; };
		E9D3421D25BC200B006A7EF6 /* Info.plist */ = {isa = PBXFileReference; lastKnownFileType = text.plist.xml; path = Info.plist; sourceTree = "<group>"; };
		E9D3422225BC200B006A7EF6 /* PoingVocaSubsystemTests.xctest */ = {isa = PBXFileReference; explicitFileType = wrapper.cfbundle; includeInIndex = 0; path = PoingVocaSubsystemTests.xctest; sourceTree = BUILT_PRODUCTS_DIR; };
		E9D3422925BC200B006A7EF6 /* PoingVocaSubsystemTests.swift */ = {isa = PBXFileReference; lastKnownFileType = sourcecode.swift; path = PoingVocaSubsystemTests.swift; sourceTree = "<group>"; };
		E9D3422B25BC200B006A7EF6 /* Info.plist */ = {isa = PBXFileReference; lastKnownFileType = text.plist.xml; path = Info.plist; sourceTree = "<group>"; };
		E9D3424325BC2060006A7EF6 /* VocaGame.framework */ = {isa = PBXFileReference; explicitFileType = wrapper.framework; includeInIndex = 0; path = VocaGame.framework; sourceTree = BUILT_PRODUCTS_DIR; };
		E9D3424525BC2060006A7EF6 /* VocaGame.h */ = {isa = PBXFileReference; lastKnownFileType = sourcecode.c.h; path = VocaGame.h; sourceTree = "<group>"; };
		E9D3424625BC2060006A7EF6 /* Info.plist */ = {isa = PBXFileReference; lastKnownFileType = text.plist.xml; path = Info.plist; sourceTree = "<group>"; };
/* End PBXFileReference section */

/* Begin PBXFrameworksBuildPhase section */
		E963C62825BAA60E0065EBCB /* Frameworks */ = {
			isa = PBXFrameworksBuildPhase;
			buildActionMask = 2147483647;
			files = (
				4A95DB693A0599677F77123F /* Pods_SparkRefactoring.framework in Frameworks */,
				E9D3424A25BC2060006A7EF6 /* VocaGame.framework in Frameworks */,
				E9D3422F25BC200B006A7EF6 /* PoingVocaSubsystem.framework in Frameworks */,
				E963C69225BAC1120065EBCB /* PoingDesignSystem.framework in Frameworks */,
			);
			runOnlyForDeploymentPostprocessing = 0;
		};
		E963C67A25BAC1120065EBCB /* Frameworks */ = {
			isa = PBXFrameworksBuildPhase;
			buildActionMask = 2147483647;
			files = (
				77676F15C6C355978767D453 /* Pods_PoingDesignSystem.framework in Frameworks */,
			);
			runOnlyForDeploymentPostprocessing = 0;
		};
		E963C68225BAC1120065EBCB /* Frameworks */ = {
			isa = PBXFrameworksBuildPhase;
			buildActionMask = 2147483647;
			files = (
				E963C68625BAC1120065EBCB /* PoingDesignSystem.framework in Frameworks */,
			);
			runOnlyForDeploymentPostprocessing = 0;
		};
		E9D3421725BC200B006A7EF6 /* Frameworks */ = {
			isa = PBXFrameworksBuildPhase;
			buildActionMask = 2147483647;
			files = (
				FE13639AD06A95DEEBDBB623 /* Pods_PoingVocaSubsystem.framework in Frameworks */,
			);
			runOnlyForDeploymentPostprocessing = 0;
		};
		E9D3421F25BC200B006A7EF6 /* Frameworks */ = {
			isa = PBXFrameworksBuildPhase;
			buildActionMask = 2147483647;
			files = (
				E9D3422325BC200B006A7EF6 /* PoingVocaSubsystem.framework in Frameworks */,
			);
			runOnlyForDeploymentPostprocessing = 0;
		};
		E9D3424025BC2060006A7EF6 /* Frameworks */ = {
			isa = PBXFrameworksBuildPhase;
			buildActionMask = 2147483647;
			files = (
				3FAA0141F25801CD732EC6EA /* Pods_VocaGame.framework in Frameworks */,
			);
			runOnlyForDeploymentPostprocessing = 0;
		};
/* End PBXFrameworksBuildPhase section */

/* Begin PBXGroup section */
		E91A058225BC26A2003579A7 /* CoreData */ = {
			isa = PBXGroup;
			children = (
				E91A05B625BC2AD3003579A7 /* ManagedWord+CoreDataClass.swift */,
				E91A05B725BC2AD4003579A7 /* ManagedWord+CoreDataProperties.swift */,
				E91A05AD25BC2ACC003579A7 /* ManagedGroup+CoreDataClass.swift */,
				E91A05AE25BC2ACD003579A7 /* ManagedGroup+CoreDataProperties.swift */,
				E90DC49E25BC30EF003ADE71 /* VocaCoreDataManager.swift */,
				E974F23E25C29531009DA167 /* VocaManager.swift */,
			);
			path = CoreData;
			sourceTree = "<group>";
		};
		E92EEEFD25BAF78F0053F32D /* MyVoca */ = {
			isa = PBXGroup;
			children = (
				E92EEF0025BAF8BE0053F32D /* HomeViewController.swift */,
				E9AB4F1C25C96E30008DAB0C /* MyVocaViewController.swift */,
				E9AB4F1325C95E01008DAB0C /* HomeHeaderView.swift */,
			);
			path = MyVoca;
			sourceTree = "<group>";
		};
		E92EEEFE25BAF7A10053F32D /* Game */ = {
			isa = PBXGroup;
			children = (
				E9AB4F2325C9707D008DAB0C /* GameViewController.swift */,
				E9AB4F2A25C97084008DAB0C /* GameCell.swift */,
			);
			path = Game;
			sourceTree = "<group>";
		};
		E92EEEFF25BAF7B40053F32D /* Setting */ = {
			isa = PBXGroup;
			children = (
			);
			path = Setting;
			sourceTree = "<group>";
		};
		E9525EB225C415CA008A7603 /* Model */ = {
			isa = PBXGroup;
			children = (
				E91A059725BC2723003579A7 /* Folder.swift */,
				E91A059025BC271A003579A7 /* Word.swift */,
				E9525EC425C41639008A7603 /* UserInfo.swift */,
			);
			path = Model;
			sourceTree = "<group>";
		};
		E9525EB325C415D2008A7603 /* Service */ = {
			isa = PBXGroup;
			children = (
				E9525ECB25C416F8008A7603 /* UserService.swift */,
			);
			path = Service;
			sourceTree = "<group>";
		};
		E9525EB425C415D7008A7603 /* Controller */ = {
			isa = PBXGroup;
			children = (
			);
			path = Controller;
			sourceTree = "<group>";
		};
		E9525EB525C415E2008A7603 /* Basic */ = {
			isa = PBXGroup;
			children = (
				E9525EB625C415F1008A7603 /* ServerURL.swift */,
				E9525EBD25C4160C008A7603 /* BaseManager.swift */,
			);
			path = Basic;
			sourceTree = "<group>";
		};
		E963C62225BAA60E0065EBCB = {
			isa = PBXGroup;
			children = (
				E963C66525BAAC0D0065EBCB /* .swiftlint.yml */,
				E963C62D25BAA60F0065EBCB /* SparkRefactoring */,
				E963C67E25BAC1120065EBCB /* PoingDesignSystem */,
				E963C68B25BAC1120065EBCB /* PoingDesignSystemTests */,
				E9D3421B25BC200B006A7EF6 /* PoingVocaSubsystem */,
				E9D3422825BC200B006A7EF6 /* PoingVocaSubsystemTests */,
				E9D3424425BC2060006A7EF6 /* VocaGame */,
				E963C62C25BAA60F0065EBCB /* Products */,
				F34FFC71D7E12152A778AA68 /* Pods */,
				F03D6E6F00E753358ED05410 /* Frameworks */,
			);
			sourceTree = "<group>";
		};
		E963C62C25BAA60F0065EBCB /* Products */ = {
			isa = PBXGroup;
			children = (
				E963C62B25BAA60F0065EBCB /* SparkRefactoring.app */,
				E963C67D25BAC1120065EBCB /* PoingDesignSystem.framework */,
				E963C68525BAC1120065EBCB /* PoingDesignSystemTests.xctest */,
				E9D3421A25BC200B006A7EF6 /* PoingVocaSubsystem.framework */,
				E9D3422225BC200B006A7EF6 /* PoingVocaSubsystemTests.xctest */,
				E9D3424325BC2060006A7EF6 /* VocaGame.framework */,
			);
			name = Products;
			sourceTree = "<group>";
		};
		E963C62D25BAA60F0065EBCB /* SparkRefactoring */ = {
			isa = PBXGroup;
			children = (
				E9940B4F25CBC19600F2C142 /* Utils */,
				E92EEEFF25BAF7B40053F32D /* Setting */,
				E92EEEFE25BAF7A10053F32D /* Game */,
				E92EEEFD25BAF78F0053F32D /* MyVoca */,
				E963C6B825BADCA50065EBCB /* SparkRefactoring.entitlements */,
				E963C67725BABF030065EBCB /* Resource */,
				E963C66E25BAB3CF0065EBCB /* Login */,
				E963C66125BAAA780065EBCB /* Splash */,
				E963C62E25BAA60F0065EBCB /* AppDelegate.swift */,
				E963C63025BAA60F0065EBCB /* SceneDelegate.swift */,
				E963C63225BAA60F0065EBCB /* ViewController.swift */,
				E963C63925BAA60F0065EBCB /* LaunchScreen.storyboard */,
				E963C63C25BAA60F0065EBCB /* Info.plist */,
			);
			path = SparkRefactoring;
			sourceTree = "<group>";
		};
		E963C66125BAAA780065EBCB /* Splash */ = {
			isa = PBXGroup;
			children = (
				E963C66225BAAA960065EBCB /* SplashViewController.swift */,
				E963C66B25BAAE220065EBCB /* Splash.storyboard */,
			);
			path = Splash;
			sourceTree = "<group>";
		};
		E963C66E25BAB3CF0065EBCB /* Login */ = {
			isa = PBXGroup;
			children = (
				E963C66F25BAB5690065EBCB /* AppleLoginButton.swift */,
				E92EEEF725BAE6F60053F32D /* LoginViewController.swift */,
				E963C6AE25BAC76D0065EBCB /* AppleLoginHelper.swift */,
			);
			path = Login;
			sourceTree = "<group>";
		};
		E963C67725BABF030065EBCB /* Resource */ = {
			isa = PBXGroup;
			children = (
				E963C63725BAA60F0065EBCB /* Assets.xcassets */,
			);
			path = Resource;
			sourceTree = "<group>";
		};
		E963C67E25BAC1120065EBCB /* PoingDesignSystem */ = {
			isa = PBXGroup;
			children = (
				E963C69F25BAC15B0065EBCB /* Utils */,
				E963C69E25BAC14F0065EBCB /* NavigationView */,
				E963C69D25BAC1400065EBCB /* Resources */,
				E963C67F25BAC1120065EBCB /* PoingDesignSystem.h */,
				E963C68025BAC1120065EBCB /* Info.plist */,
			);
			path = PoingDesignSystem;
			sourceTree = "<group>";
		};
		E963C68B25BAC1120065EBCB /* PoingDesignSystemTests */ = {
			isa = PBXGroup;
			children = (
				E963C68C25BAC1120065EBCB /* PoingDesignSystemTests.swift */,
				E963C68E25BAC1120065EBCB /* Info.plist */,
			);
			path = PoingDesignSystemTests;
			sourceTree = "<group>";
		};
		E963C69D25BAC1400065EBCB /* Resources */ = {
			isa = PBXGroup;
			children = (
				E963C6A925BAC5800065EBCB /* BalsamiqSansBold.ttf */,
				E963C6A825BAC5800065EBCB /* Quicksand-Bold.ttf */,
			);
			path = Resources;
			sourceTree = "<group>";
		};
		E963C69E25BAC14F0065EBCB /* NavigationView */ = {
			isa = PBXGroup;
			children = (
				E9940B8525CBCB2400F2C142 /* SideNavigationView.swift */,
			);
			path = NavigationView;
			sourceTree = "<group>";
		};
		E963C69F25BAC15B0065EBCB /* Utils */ = {
			isa = PBXGroup;
			children = (
				E963C6A025BAC1BB0065EBCB /* UIColor+.swift */,
				E9AB4F3125C974C9008DAB0C /* CALayer+.swift */,
				E92EEF0425BAFB180053F32D /* UITabGestureRecognizer+.swift */,
				E9D3421125BC1A4F006A7EF6 /* UserDefaults+.swift */,
				E963C6A425BAC1DD0065EBCB /* VDSTextField.swift */,
				E963C6AA25BAC5920065EBCB /* UIFont+.swift */,
			);
			path = Utils;
			sourceTree = "<group>";
		};
		E9940B4F25CBC19600F2C142 /* Utils */ = {
			isa = PBXGroup;
			children = (
				E9940B5025CBC1D100F2C142 /* ModeConfig.swift */,
				E9940B5725CBC22700F2C142 /* Notification.Name+.swift */,
			);
			path = Utils;
			sourceTree = "<group>";
		};
		E9940B6A25CBC33C00F2C142 /* Guide */ = {
			isa = PBXGroup;
			children = (
				E9940B7025CBC34B00F2C142 /* GameGuideUtill.swift */,
				E9940B7725CBC36B00F2C142 /* GuideView.swift */,
			);
			path = Guide;
			sourceTree = "<group>";
		};
		E9D3421B25BC200B006A7EF6 /* PoingVocaSubsystem */ = {
			isa = PBXGroup;
			children = (
				E91A058225BC26A2003579A7 /* CoreData */,
				E9D3423D25BC2033006A7EF6 /* VocaDownload */,
				E9D3423C25BC2029006A7EF6 /* Utils */,
				E9D3423B25BC2020006A7EF6 /* NetWork */,
				E9D3421C25BC200B006A7EF6 /* PoingVocaSubsystem.h */,
				E9D3421D25BC200B006A7EF6 /* Info.plist */,
				E91A057A25BC255E003579A7 /* Voca.xcdatamodeld */,
			);
			path = PoingVocaSubsystem;
			sourceTree = "<group>";
		};
		E9D3422825BC200B006A7EF6 /* PoingVocaSubsystemTests */ = {
			isa = PBXGroup;
			children = (
				E9D3422925BC200B006A7EF6 /* PoingVocaSubsystemTests.swift */,
				E9D3422B25BC200B006A7EF6 /* Info.plist */,
			);
			path = PoingVocaSubsystemTests;
			sourceTree = "<group>";
		};
		E9D3423B25BC2020006A7EF6 /* NetWork */ = {
			isa = PBXGroup;
			children = (
				E9525EB525C415E2008A7603 /* Basic */,
				E9525EB425C415D7008A7603 /* Controller */,
				E9525EB325C415D2008A7603 /* Service */,
				E9525EB225C415CA008A7603 /* Model */,
			);
			path = NetWork;
			sourceTree = "<group>";
		};
		E9D3423C25BC2029006A7EF6 /* Utils */ = {
			isa = PBXGroup;
			children = (
				E90DC4A525BC376D003ADE71 /* Notification.Name+.swift */,
			);
			path = Utils;
			sourceTree = "<group>";
		};
		E9D3423D25BC2033006A7EF6 /* VocaDownload */ = {
			isa = PBXGroup;
			children = (
			);
			path = VocaDownload;
			sourceTree = "<group>";
		};
		E9D3424425BC2060006A7EF6 /* VocaGame */ = {
			isa = PBXGroup;
			children = (
				E9940B6A25CBC33C00F2C142 /* Guide */,
				E9D3424525BC2060006A7EF6 /* VocaGame.h */,
				E9D3424625BC2060006A7EF6 /* Info.plist */,
				E9940B4825CBB84200F2C142 /* GameType.swift */,
				E9940B8C25CBD0B200F2C142 /* SelectFolderCell.swift */,
				E9940B7E25CBC59600F2C142 /* SelectFolderViewController.swift */,
			);
			path = VocaGame;
			sourceTree = "<group>";
		};
		F03D6E6F00E753358ED05410 /* Frameworks */ = {
			isa = PBXGroup;
			children = (
				6E0A537223CCFE6BEE894551 /* Pods_SparkRefactoring.framework */,
				3F1AFA8D2E014CE1BAF33430 /* Pods_PoingDesignSystem.framework */,
				0B0861BBC37A845D6C7EFB2B /* Pods_PoingVocaSubsystem.framework */,
				0B500A67AEC51CF1DB1AE50E /* Pods_VocaGame.framework */,
			);
			name = Frameworks;
			sourceTree = "<group>";
		};
		F34FFC71D7E12152A778AA68 /* Pods */ = {
			isa = PBXGroup;
			children = (
				B1044E96CAEF05A0FA388350 /* Pods-SparkRefactoring.debug.xcconfig */,
				7F54737D082FA84A58B99D90 /* Pods-SparkRefactoring.release.xcconfig */,
				ABC9D5B569B7A546CAEFE098 /* Pods-PoingDesignSystem.debug.xcconfig */,
				648CC25CC9663D0F6847D1E1 /* Pods-PoingDesignSystem.release.xcconfig */,
				1EFC8A7EDC0BD4EEE22A4993 /* Pods-PoingVocaSubsystem.debug.xcconfig */,
				311E47746EC38AFC7CF6291D /* Pods-PoingVocaSubsystem.release.xcconfig */,
				54DBA29B48E81CA98F4C271E /* Pods-VocaGame.debug.xcconfig */,
				35298E50DDD1DD8A86446BB3 /* Pods-VocaGame.release.xcconfig */,
			);
			path = Pods;
			sourceTree = "<group>";
		};
/* End PBXGroup section */

/* Begin PBXHeadersBuildPhase section */
		E963C67825BAC1120065EBCB /* Headers */ = {
			isa = PBXHeadersBuildPhase;
			buildActionMask = 2147483647;
			files = (
				E963C68F25BAC1120065EBCB /* PoingDesignSystem.h in Headers */,
			);
			runOnlyForDeploymentPostprocessing = 0;
		};
		E9D3421525BC200B006A7EF6 /* Headers */ = {
			isa = PBXHeadersBuildPhase;
			buildActionMask = 2147483647;
			files = (
				E9D3422C25BC200B006A7EF6 /* PoingVocaSubsystem.h in Headers */,
			);
			runOnlyForDeploymentPostprocessing = 0;
		};
		E9D3423E25BC2060006A7EF6 /* Headers */ = {
			isa = PBXHeadersBuildPhase;
			buildActionMask = 2147483647;
			files = (
				E9D3424725BC2060006A7EF6 /* VocaGame.h in Headers */,
			);
			runOnlyForDeploymentPostprocessing = 0;
		};
/* End PBXHeadersBuildPhase section */

/* Begin PBXNativeTarget section */
		E963C62A25BAA60E0065EBCB /* SparkRefactoring */ = {
			isa = PBXNativeTarget;
			buildConfigurationList = E963C63F25BAA60F0065EBCB /* Build configuration list for PBXNativeTarget "SparkRefactoring" */;
			buildPhases = (
				13F518DBBFC2268A1FB8942C /* [CP] Check Pods Manifest.lock */,
				E963C62725BAA60E0065EBCB /* Sources */,
				E963C62825BAA60E0065EBCB /* Frameworks */,
				E963C62925BAA60E0065EBCB /* Resources */,
				AA4FC88EA3FBBFF302F195EB /* [CP] Embed Pods Frameworks */,
				E963C66825BAAD3E0065EBCB /* Swiftlint Script */,
				E963C69325BAC1120065EBCB /* Embed Frameworks */,
			);
			buildRules = (
			);
			dependencies = (
				E963C69125BAC1120065EBCB /* PBXTargetDependency */,
				E9D3422E25BC200B006A7EF6 /* PBXTargetDependency */,
				E9D3424925BC2060006A7EF6 /* PBXTargetDependency */,
			);
			name = SparkRefactoring;
			productName = SparkRefactoring;
			productReference = E963C62B25BAA60F0065EBCB /* SparkRefactoring.app */;
			productType = "com.apple.product-type.application";
		};
		E963C67C25BAC1120065EBCB /* PoingDesignSystem */ = {
			isa = PBXNativeTarget;
			buildConfigurationList = E963C69525BAC1120065EBCB /* Build configuration list for PBXNativeTarget "PoingDesignSystem" */;
			buildPhases = (
				A0212614C2447B066C8809AA /* [CP] Check Pods Manifest.lock */,
				E963C67825BAC1120065EBCB /* Headers */,
				E963C67925BAC1120065EBCB /* Sources */,
				E963C67A25BAC1120065EBCB /* Frameworks */,
				E963C67B25BAC1120065EBCB /* Resources */,
			);
			buildRules = (
			);
			dependencies = (
			);
			name = PoingDesignSystem;
			productName = PoingDesignSystem;
			productReference = E963C67D25BAC1120065EBCB /* PoingDesignSystem.framework */;
			productType = "com.apple.product-type.framework";
		};
		E963C68425BAC1120065EBCB /* PoingDesignSystemTests */ = {
			isa = PBXNativeTarget;
			buildConfigurationList = E963C69825BAC1120065EBCB /* Build configuration list for PBXNativeTarget "PoingDesignSystemTests" */;
			buildPhases = (
				E963C68125BAC1120065EBCB /* Sources */,
				E963C68225BAC1120065EBCB /* Frameworks */,
				E963C68325BAC1120065EBCB /* Resources */,
			);
			buildRules = (
			);
			dependencies = (
				E963C68825BAC1120065EBCB /* PBXTargetDependency */,
				E963C68A25BAC1120065EBCB /* PBXTargetDependency */,
			);
			name = PoingDesignSystemTests;
			productName = PoingDesignSystemTests;
			productReference = E963C68525BAC1120065EBCB /* PoingDesignSystemTests.xctest */;
			productType = "com.apple.product-type.bundle.unit-test";
		};
		E9D3421925BC200B006A7EF6 /* PoingVocaSubsystem */ = {
			isa = PBXNativeTarget;
			buildConfigurationList = E9D3423125BC200B006A7EF6 /* Build configuration list for PBXNativeTarget "PoingVocaSubsystem" */;
			buildPhases = (
				5D62CC3864C3331E7E5A3E3A /* [CP] Check Pods Manifest.lock */,
				E9D3421525BC200B006A7EF6 /* Headers */,
				E9D3421625BC200B006A7EF6 /* Sources */,
				E9D3421725BC200B006A7EF6 /* Frameworks */,
				E9D3421825BC200B006A7EF6 /* Resources */,
			);
			buildRules = (
			);
			dependencies = (
			);
			name = PoingVocaSubsystem;
			productName = PoingVocaSubsystem;
			productReference = E9D3421A25BC200B006A7EF6 /* PoingVocaSubsystem.framework */;
			productType = "com.apple.product-type.framework";
		};
		E9D3422125BC200B006A7EF6 /* PoingVocaSubsystemTests */ = {
			isa = PBXNativeTarget;
			buildConfigurationList = E9D3423425BC200B006A7EF6 /* Build configuration list for PBXNativeTarget "PoingVocaSubsystemTests" */;
			buildPhases = (
				E9D3421E25BC200B006A7EF6 /* Sources */,
				E9D3421F25BC200B006A7EF6 /* Frameworks */,
				E9D3422025BC200B006A7EF6 /* Resources */,
			);
			buildRules = (
			);
			dependencies = (
				E9D3422525BC200B006A7EF6 /* PBXTargetDependency */,
				E9D3422725BC200B006A7EF6 /* PBXTargetDependency */,
			);
			name = PoingVocaSubsystemTests;
			productName = PoingVocaSubsystemTests;
			productReference = E9D3422225BC200B006A7EF6 /* PoingVocaSubsystemTests.xctest */;
			productType = "com.apple.product-type.bundle.unit-test";
		};
		E9D3424225BC2060006A7EF6 /* VocaGame */ = {
			isa = PBXNativeTarget;
			buildConfigurationList = E9D3424C25BC2060006A7EF6 /* Build configuration list for PBXNativeTarget "VocaGame" */;
			buildPhases = (
				AC4EB2E7C75464BE8C21EA53 /* [CP] Check Pods Manifest.lock */,
				E9D3423E25BC2060006A7EF6 /* Headers */,
				E9D3423F25BC2060006A7EF6 /* Sources */,
				E9D3424025BC2060006A7EF6 /* Frameworks */,
				E9D3424125BC2060006A7EF6 /* Resources */,
			);
			buildRules = (
			);
			dependencies = (
			);
			name = VocaGame;
			productName = VocaGame;
			productReference = E9D3424325BC2060006A7EF6 /* VocaGame.framework */;
			productType = "com.apple.product-type.framework";
		};
/* End PBXNativeTarget section */

/* Begin PBXProject section */
		E963C62325BAA60E0065EBCB /* Project object */ = {
			isa = PBXProject;
			attributes = {
				LastSwiftUpdateCheck = 1230;
				LastUpgradeCheck = 1230;
				TargetAttributes = {
					E963C62A25BAA60E0065EBCB = {
						CreatedOnToolsVersion = 12.3;
					};
					E963C67C25BAC1120065EBCB = {
						CreatedOnToolsVersion = 12.3;
						LastSwiftMigration = 1230;
					};
					E963C68425BAC1120065EBCB = {
						CreatedOnToolsVersion = 12.3;
						TestTargetID = E963C62A25BAA60E0065EBCB;
					};
					E9D3421925BC200B006A7EF6 = {
						CreatedOnToolsVersion = 12.3;
						LastSwiftMigration = 1230;
					};
					E9D3422125BC200B006A7EF6 = {
						CreatedOnToolsVersion = 12.3;
						TestTargetID = E963C62A25BAA60E0065EBCB;
					};
					E9D3424225BC2060006A7EF6 = {
						CreatedOnToolsVersion = 12.3;
						LastSwiftMigration = 1230;
					};
				};
			};
			buildConfigurationList = E963C62625BAA60E0065EBCB /* Build configuration list for PBXProject "SparkRefactoring" */;
			compatibilityVersion = "Xcode 9.3";
			developmentRegion = en;
			hasScannedForEncodings = 0;
			knownRegions = (
				en,
				Base,
			);
			mainGroup = E963C62225BAA60E0065EBCB;
			productRefGroup = E963C62C25BAA60F0065EBCB /* Products */;
			projectDirPath = "";
			projectRoot = "";
			targets = (
				E963C62A25BAA60E0065EBCB /* SparkRefactoring */,
				E963C67C25BAC1120065EBCB /* PoingDesignSystem */,
				E963C68425BAC1120065EBCB /* PoingDesignSystemTests */,
				E9D3421925BC200B006A7EF6 /* PoingVocaSubsystem */,
				E9D3422125BC200B006A7EF6 /* PoingVocaSubsystemTests */,
				E9D3424225BC2060006A7EF6 /* VocaGame */,
			);
		};
/* End PBXProject section */

/* Begin PBXResourcesBuildPhase section */
		E963C62925BAA60E0065EBCB /* Resources */ = {
			isa = PBXResourcesBuildPhase;
			buildActionMask = 2147483647;
			files = (
				E963C66625BAAC0D0065EBCB /* .swiftlint.yml in Resources */,
				E963C63B25BAA60F0065EBCB /* LaunchScreen.storyboard in Resources */,
				E963C63825BAA60F0065EBCB /* Assets.xcassets in Resources */,
				E963C66C25BAAE220065EBCB /* Splash.storyboard in Resources */,
			);
			runOnlyForDeploymentPostprocessing = 0;
		};
		E963C67B25BAC1120065EBCB /* Resources */ = {
			isa = PBXResourcesBuildPhase;
			buildActionMask = 2147483647;
			files = (
			);
			runOnlyForDeploymentPostprocessing = 0;
		};
		E963C68325BAC1120065EBCB /* Resources */ = {
			isa = PBXResourcesBuildPhase;
			buildActionMask = 2147483647;
			files = (
			);
			runOnlyForDeploymentPostprocessing = 0;
		};
		E9D3421825BC200B006A7EF6 /* Resources */ = {
			isa = PBXResourcesBuildPhase;
			buildActionMask = 2147483647;
			files = (
			);
			runOnlyForDeploymentPostprocessing = 0;
		};
		E9D3422025BC200B006A7EF6 /* Resources */ = {
			isa = PBXResourcesBuildPhase;
			buildActionMask = 2147483647;
			files = (
			);
			runOnlyForDeploymentPostprocessing = 0;
		};
		E9D3424125BC2060006A7EF6 /* Resources */ = {
			isa = PBXResourcesBuildPhase;
			buildActionMask = 2147483647;
			files = (
			);
			runOnlyForDeploymentPostprocessing = 0;
		};
/* End PBXResourcesBuildPhase section */

/* Begin PBXShellScriptBuildPhase section */
		13F518DBBFC2268A1FB8942C /* [CP] Check Pods Manifest.lock */ = {
			isa = PBXShellScriptBuildPhase;
			buildActionMask = 2147483647;
			files = (
			);
			inputFileListPaths = (
			);
			inputPaths = (
				"${PODS_PODFILE_DIR_PATH}/Podfile.lock",
				"${PODS_ROOT}/Manifest.lock",
			);
			name = "[CP] Check Pods Manifest.lock";
			outputFileListPaths = (
			);
			outputPaths = (
				"$(DERIVED_FILE_DIR)/Pods-SparkRefactoring-checkManifestLockResult.txt",
			);
			runOnlyForDeploymentPostprocessing = 0;
			shellPath = /bin/sh;
			shellScript = "diff \"${PODS_PODFILE_DIR_PATH}/Podfile.lock\" \"${PODS_ROOT}/Manifest.lock\" > /dev/null\nif [ $? != 0 ] ; then\n    # print error to STDERR\n    echo \"error: The sandbox is not in sync with the Podfile.lock. Run 'pod install' or update your CocoaPods installation.\" >&2\n    exit 1\nfi\n# This output is used by Xcode 'outputs' to avoid re-running this script phase.\necho \"SUCCESS\" > \"${SCRIPT_OUTPUT_FILE_0}\"\n";
			showEnvVarsInLog = 0;
		};
		5D62CC3864C3331E7E5A3E3A /* [CP] Check Pods Manifest.lock */ = {
			isa = PBXShellScriptBuildPhase;
			buildActionMask = 2147483647;
			files = (
			);
			inputFileListPaths = (
			);
			inputPaths = (
				"${PODS_PODFILE_DIR_PATH}/Podfile.lock",
				"${PODS_ROOT}/Manifest.lock",
			);
			name = "[CP] Check Pods Manifest.lock";
			outputFileListPaths = (
			);
			outputPaths = (
				"$(DERIVED_FILE_DIR)/Pods-PoingVocaSubsystem-checkManifestLockResult.txt",
			);
			runOnlyForDeploymentPostprocessing = 0;
			shellPath = /bin/sh;
			shellScript = "diff \"${PODS_PODFILE_DIR_PATH}/Podfile.lock\" \"${PODS_ROOT}/Manifest.lock\" > /dev/null\nif [ $? != 0 ] ; then\n    # print error to STDERR\n    echo \"error: The sandbox is not in sync with the Podfile.lock. Run 'pod install' or update your CocoaPods installation.\" >&2\n    exit 1\nfi\n# This output is used by Xcode 'outputs' to avoid re-running this script phase.\necho \"SUCCESS\" > \"${SCRIPT_OUTPUT_FILE_0}\"\n";
			showEnvVarsInLog = 0;
		};
		A0212614C2447B066C8809AA /* [CP] Check Pods Manifest.lock */ = {
			isa = PBXShellScriptBuildPhase;
			buildActionMask = 2147483647;
			files = (
			);
			inputFileListPaths = (
			);
			inputPaths = (
				"${PODS_PODFILE_DIR_PATH}/Podfile.lock",
				"${PODS_ROOT}/Manifest.lock",
			);
			name = "[CP] Check Pods Manifest.lock";
			outputFileListPaths = (
			);
			outputPaths = (
				"$(DERIVED_FILE_DIR)/Pods-PoingDesignSystem-checkManifestLockResult.txt",
			);
			runOnlyForDeploymentPostprocessing = 0;
			shellPath = /bin/sh;
			shellScript = "diff \"${PODS_PODFILE_DIR_PATH}/Podfile.lock\" \"${PODS_ROOT}/Manifest.lock\" > /dev/null\nif [ $? != 0 ] ; then\n    # print error to STDERR\n    echo \"error: The sandbox is not in sync with the Podfile.lock. Run 'pod install' or update your CocoaPods installation.\" >&2\n    exit 1\nfi\n# This output is used by Xcode 'outputs' to avoid re-running this script phase.\necho \"SUCCESS\" > \"${SCRIPT_OUTPUT_FILE_0}\"\n";
			showEnvVarsInLog = 0;
		};
		AA4FC88EA3FBBFF302F195EB /* [CP] Embed Pods Frameworks */ = {
			isa = PBXShellScriptBuildPhase;
			buildActionMask = 2147483647;
			files = (
			);
			inputFileListPaths = (
				"${PODS_ROOT}/Target Support Files/Pods-SparkRefactoring/Pods-SparkRefactoring-frameworks-${CONFIGURATION}-input-files.xcfilelist",
			);
			name = "[CP] Embed Pods Frameworks";
			outputFileListPaths = (
				"${PODS_ROOT}/Target Support Files/Pods-SparkRefactoring/Pods-SparkRefactoring-frameworks-${CONFIGURATION}-output-files.xcfilelist",
			);
			runOnlyForDeploymentPostprocessing = 0;
			shellPath = /bin/sh;
			shellScript = "\"${PODS_ROOT}/Target Support Files/Pods-SparkRefactoring/Pods-SparkRefactoring-frameworks.sh\"\n";
			showEnvVarsInLog = 0;
		};
		AC4EB2E7C75464BE8C21EA53 /* [CP] Check Pods Manifest.lock */ = {
			isa = PBXShellScriptBuildPhase;
			buildActionMask = 2147483647;
			files = (
			);
			inputFileListPaths = (
			);
			inputPaths = (
				"${PODS_PODFILE_DIR_PATH}/Podfile.lock",
				"${PODS_ROOT}/Manifest.lock",
			);
			name = "[CP] Check Pods Manifest.lock";
			outputFileListPaths = (
			);
			outputPaths = (
				"$(DERIVED_FILE_DIR)/Pods-VocaGame-checkManifestLockResult.txt",
			);
			runOnlyForDeploymentPostprocessing = 0;
			shellPath = /bin/sh;
			shellScript = "diff \"${PODS_PODFILE_DIR_PATH}/Podfile.lock\" \"${PODS_ROOT}/Manifest.lock\" > /dev/null\nif [ $? != 0 ] ; then\n    # print error to STDERR\n    echo \"error: The sandbox is not in sync with the Podfile.lock. Run 'pod install' or update your CocoaPods installation.\" >&2\n    exit 1\nfi\n# This output is used by Xcode 'outputs' to avoid re-running this script phase.\necho \"SUCCESS\" > \"${SCRIPT_OUTPUT_FILE_0}\"\n";
			showEnvVarsInLog = 0;
		};
		E963C66825BAAD3E0065EBCB /* Swiftlint Script */ = {
			isa = PBXShellScriptBuildPhase;
			buildActionMask = 2147483647;
			files = (
			);
			inputFileListPaths = (
			);
			inputPaths = (
			);
			name = "Swiftlint Script";
			outputFileListPaths = (
			);
			outputPaths = (
			);
			runOnlyForDeploymentPostprocessing = 0;
			shellPath = /bin/sh;
			shellScript = "# Type a script or drag a script file from your workspace to insert its path.\n${PODS_ROOT}/SwiftLint/swiftlint\n";
		};
/* End PBXShellScriptBuildPhase section */

/* Begin PBXSourcesBuildPhase section */
		E963C62725BAA60E0065EBCB /* Sources */ = {
			isa = PBXSourcesBuildPhase;
			buildActionMask = 2147483647;
			files = (
				E9940B5825CBC22700F2C142 /* Notification.Name+.swift in Sources */,
				E92EEEF825BAE6F60053F32D /* LoginViewController.swift in Sources */,
				E963C6AF25BAC76D0065EBCB /* AppleLoginHelper.swift in Sources */,
				E963C63325BAA60F0065EBCB /* ViewController.swift in Sources */,
				E9AB4F1425C95E01008DAB0C /* HomeHeaderView.swift in Sources */,
				E92EEF0125BAF8BE0053F32D /* HomeViewController.swift in Sources */,
				E9AB4F1D25C96E30008DAB0C /* MyVocaViewController.swift in Sources */,
				E963C67025BAB5690065EBCB /* AppleLoginButton.swift in Sources */,
				E963C62F25BAA60F0065EBCB /* AppDelegate.swift in Sources */,
				E9940B5125CBC1D100F2C142 /* ModeConfig.swift in Sources */,
				E963C63125BAA60F0065EBCB /* SceneDelegate.swift in Sources */,
				E9AB4F2425C9707D008DAB0C /* GameViewController.swift in Sources */,
				E963C66325BAAA960065EBCB /* SplashViewController.swift in Sources */,
				E9AB4F2B25C97084008DAB0C /* GameCell.swift in Sources */,
			);
			runOnlyForDeploymentPostprocessing = 0;
		};
		E963C67925BAC1120065EBCB /* Sources */ = {
			isa = PBXSourcesBuildPhase;
			buildActionMask = 2147483647;
			files = (
				E963C6A125BAC1BB0065EBCB /* UIColor+.swift in Sources */,
				E9940B8625CBCB2400F2C142 /* SideNavigationView.swift in Sources */,
				E9AB4F3225C974C9008DAB0C /* CALayer+.swift in Sources */,
				E963C6AB25BAC5920065EBCB /* UIFont+.swift in Sources */,
				E9D3421225BC1A4F006A7EF6 /* UserDefaults+.swift in Sources */,
				E963C6A525BAC1DD0065EBCB /* VDSTextField.swift in Sources */,
				E92EEF0525BAFB180053F32D /* UITabGestureRecognizer+.swift in Sources */,
			);
			runOnlyForDeploymentPostprocessing = 0;
		};
		E963C68125BAC1120065EBCB /* Sources */ = {
			isa = PBXSourcesBuildPhase;
			buildActionMask = 2147483647;
			files = (
				E963C68D25BAC1120065EBCB /* PoingDesignSystemTests.swift in Sources */,
			);
			runOnlyForDeploymentPostprocessing = 0;
		};
		E9D3421625BC200B006A7EF6 /* Sources */ = {
			isa = PBXSourcesBuildPhase;
			buildActionMask = 2147483647;
			files = (
				E9525ECC25C416F8008A7603 /* UserService.swift in Sources */,
				E91A05B925BC2AD4003579A7 /* ManagedWord+CoreDataProperties.swift in Sources */,
				E90DC4A625BC376D003ADE71 /* Notification.Name+.swift in Sources */,
				E91A057C25BC255E003579A7 /* Voca.xcdatamodeld in Sources */,
				E91A059125BC271A003579A7 /* Word.swift in Sources */,
				E90DC49F25BC30EF003ADE71 /* VocaCoreDataManager.swift in Sources */,
				E91A05AF25BC2ACD003579A7 /* ManagedGroup+CoreDataClass.swift in Sources */,
				E9525EBE25C4160C008A7603 /* BaseManager.swift in Sources */,
				E974F23F25C29531009DA167 /* VocaManager.swift in Sources */,
				E9525EC525C41639008A7603 /* UserInfo.swift in Sources */,
				E91A05B025BC2ACD003579A7 /* ManagedGroup+CoreDataProperties.swift in Sources */,
				E91A059825BC2723003579A7 /* Folder.swift in Sources */,
				E9525EB725C415F1008A7603 /* ServerURL.swift in Sources */,
				E91A05B825BC2AD4003579A7 /* ManagedWord+CoreDataClass.swift in Sources */,
			);
			runOnlyForDeploymentPostprocessing = 0;
		};
		E9D3421E25BC200B006A7EF6 /* Sources */ = {
			isa = PBXSourcesBuildPhase;
			buildActionMask = 2147483647;
			files = (
				E9D3422A25BC200B006A7EF6 /* PoingVocaSubsystemTests.swift in Sources */,
			);
			runOnlyForDeploymentPostprocessing = 0;
		};
		E9D3423F25BC2060006A7EF6 /* Sources */ = {
			isa = PBXSourcesBuildPhase;
			buildActionMask = 2147483647;
			files = (
				E9940B7F25CBC59600F2C142 /* SelectFolderViewController.swift in Sources */,
				E9940B7825CBC36B00F2C142 /* GuideView.swift in Sources */,
				E9940B4925CBB84200F2C142 /* GameType.swift in Sources */,
				E9940B7125CBC34B00F2C142 /* GameGuideUtill.swift in Sources */,
				E9940B8D25CBD0B200F2C142 /* SelectFolderCell.swift in Sources */,
			);
			runOnlyForDeploymentPostprocessing = 0;
		};
/* End PBXSourcesBuildPhase section */

/* Begin PBXTargetDependency section */
		E963C68825BAC1120065EBCB /* PBXTargetDependency */ = {
			isa = PBXTargetDependency;
			target = E963C67C25BAC1120065EBCB /* PoingDesignSystem */;
			targetProxy = E963C68725BAC1120065EBCB /* PBXContainerItemProxy */;
		};
		E963C68A25BAC1120065EBCB /* PBXTargetDependency */ = {
			isa = PBXTargetDependency;
			target = E963C62A25BAA60E0065EBCB /* SparkRefactoring */;
			targetProxy = E963C68925BAC1120065EBCB /* PBXContainerItemProxy */;
		};
		E963C69125BAC1120065EBCB /* PBXTargetDependency */ = {
			isa = PBXTargetDependency;
			target = E963C67C25BAC1120065EBCB /* PoingDesignSystem */;
			targetProxy = E963C69025BAC1120065EBCB /* PBXContainerItemProxy */;
		};
		E9D3422525BC200B006A7EF6 /* PBXTargetDependency */ = {
			isa = PBXTargetDependency;
			target = E9D3421925BC200B006A7EF6 /* PoingVocaSubsystem */;
			targetProxy = E9D3422425BC200B006A7EF6 /* PBXContainerItemProxy */;
		};
		E9D3422725BC200B006A7EF6 /* PBXTargetDependency */ = {
			isa = PBXTargetDependency;
			target = E963C62A25BAA60E0065EBCB /* SparkRefactoring */;
			targetProxy = E9D3422625BC200B006A7EF6 /* PBXContainerItemProxy */;
		};
		E9D3422E25BC200B006A7EF6 /* PBXTargetDependency */ = {
			isa = PBXTargetDependency;
			target = E9D3421925BC200B006A7EF6 /* PoingVocaSubsystem */;
			targetProxy = E9D3422D25BC200B006A7EF6 /* PBXContainerItemProxy */;
		};
		E9D3424925BC2060006A7EF6 /* PBXTargetDependency */ = {
			isa = PBXTargetDependency;
			target = E9D3424225BC2060006A7EF6 /* VocaGame */;
			targetProxy = E9D3424825BC2060006A7EF6 /* PBXContainerItemProxy */;
		};
/* End PBXTargetDependency section */

/* Begin PBXVariantGroup section */
		E963C63925BAA60F0065EBCB /* LaunchScreen.storyboard */ = {
			isa = PBXVariantGroup;
			children = (
				E963C63A25BAA60F0065EBCB /* Base */,
			);
			name = LaunchScreen.storyboard;
			sourceTree = "<group>";
		};
/* End PBXVariantGroup section */

/* Begin XCBuildConfiguration section */
		E963C63D25BAA60F0065EBCB /* Debug */ = {
			isa = XCBuildConfiguration;
			buildSettings = {
				ALWAYS_SEARCH_USER_PATHS = NO;
				CLANG_ANALYZER_NONNULL = YES;
				CLANG_ANALYZER_NUMBER_OBJECT_CONVERSION = YES_AGGRESSIVE;
				CLANG_CXX_LANGUAGE_STANDARD = "gnu++14";
				CLANG_CXX_LIBRARY = "libc++";
				CLANG_ENABLE_MODULES = YES;
				CLANG_ENABLE_OBJC_ARC = YES;
				CLANG_ENABLE_OBJC_WEAK = YES;
				CLANG_WARN_BLOCK_CAPTURE_AUTORELEASING = YES;
				CLANG_WARN_BOOL_CONVERSION = YES;
				CLANG_WARN_COMMA = YES;
				CLANG_WARN_CONSTANT_CONVERSION = YES;
				CLANG_WARN_DEPRECATED_OBJC_IMPLEMENTATIONS = YES;
				CLANG_WARN_DIRECT_OBJC_ISA_USAGE = YES_ERROR;
				CLANG_WARN_DOCUMENTATION_COMMENTS = YES;
				CLANG_WARN_EMPTY_BODY = YES;
				CLANG_WARN_ENUM_CONVERSION = YES;
				CLANG_WARN_INFINITE_RECURSION = YES;
				CLANG_WARN_INT_CONVERSION = YES;
				CLANG_WARN_NON_LITERAL_NULL_CONVERSION = YES;
				CLANG_WARN_OBJC_IMPLICIT_RETAIN_SELF = YES;
				CLANG_WARN_OBJC_LITERAL_CONVERSION = YES;
				CLANG_WARN_OBJC_ROOT_CLASS = YES_ERROR;
				CLANG_WARN_QUOTED_INCLUDE_IN_FRAMEWORK_HEADER = YES;
				CLANG_WARN_RANGE_LOOP_ANALYSIS = YES;
				CLANG_WARN_STRICT_PROTOTYPES = YES;
				CLANG_WARN_SUSPICIOUS_MOVE = YES;
				CLANG_WARN_UNGUARDED_AVAILABILITY = YES_AGGRESSIVE;
				CLANG_WARN_UNREACHABLE_CODE = YES;
				CLANG_WARN__DUPLICATE_METHOD_MATCH = YES;
				COPY_PHASE_STRIP = NO;
				DEBUG_INFORMATION_FORMAT = dwarf;
				ENABLE_STRICT_OBJC_MSGSEND = YES;
				ENABLE_TESTABILITY = YES;
				GCC_C_LANGUAGE_STANDARD = gnu11;
				GCC_DYNAMIC_NO_PIC = NO;
				GCC_NO_COMMON_BLOCKS = YES;
				GCC_OPTIMIZATION_LEVEL = 0;
				GCC_PREPROCESSOR_DEFINITIONS = (
					"DEBUG=1",
					"$(inherited)",
				);
				GCC_WARN_64_TO_32_BIT_CONVERSION = YES;
				GCC_WARN_ABOUT_RETURN_TYPE = YES_ERROR;
				GCC_WARN_UNDECLARED_SELECTOR = YES;
				GCC_WARN_UNINITIALIZED_AUTOS = YES_AGGRESSIVE;
				GCC_WARN_UNUSED_FUNCTION = YES;
				GCC_WARN_UNUSED_VARIABLE = YES;
				IPHONEOS_DEPLOYMENT_TARGET = 14.3;
				MTL_ENABLE_DEBUG_INFO = INCLUDE_SOURCE;
				MTL_FAST_MATH = YES;
				ONLY_ACTIVE_ARCH = YES;
				SDKROOT = iphoneos;
				SWIFT_ACTIVE_COMPILATION_CONDITIONS = DEBUG;
				SWIFT_OPTIMIZATION_LEVEL = "-Onone";
			};
			name = Debug;
		};
		E963C63E25BAA60F0065EBCB /* Release */ = {
			isa = XCBuildConfiguration;
			buildSettings = {
				ALWAYS_SEARCH_USER_PATHS = NO;
				CLANG_ANALYZER_NONNULL = YES;
				CLANG_ANALYZER_NUMBER_OBJECT_CONVERSION = YES_AGGRESSIVE;
				CLANG_CXX_LANGUAGE_STANDARD = "gnu++14";
				CLANG_CXX_LIBRARY = "libc++";
				CLANG_ENABLE_MODULES = YES;
				CLANG_ENABLE_OBJC_ARC = YES;
				CLANG_ENABLE_OBJC_WEAK = YES;
				CLANG_WARN_BLOCK_CAPTURE_AUTORELEASING = YES;
				CLANG_WARN_BOOL_CONVERSION = YES;
				CLANG_WARN_COMMA = YES;
				CLANG_WARN_CONSTANT_CONVERSION = YES;
				CLANG_WARN_DEPRECATED_OBJC_IMPLEMENTATIONS = YES;
				CLANG_WARN_DIRECT_OBJC_ISA_USAGE = YES_ERROR;
				CLANG_WARN_DOCUMENTATION_COMMENTS = YES;
				CLANG_WARN_EMPTY_BODY = YES;
				CLANG_WARN_ENUM_CONVERSION = YES;
				CLANG_WARN_INFINITE_RECURSION = YES;
				CLANG_WARN_INT_CONVERSION = YES;
				CLANG_WARN_NON_LITERAL_NULL_CONVERSION = YES;
				CLANG_WARN_OBJC_IMPLICIT_RETAIN_SELF = YES;
				CLANG_WARN_OBJC_LITERAL_CONVERSION = YES;
				CLANG_WARN_OBJC_ROOT_CLASS = YES_ERROR;
				CLANG_WARN_QUOTED_INCLUDE_IN_FRAMEWORK_HEADER = YES;
				CLANG_WARN_RANGE_LOOP_ANALYSIS = YES;
				CLANG_WARN_STRICT_PROTOTYPES = YES;
				CLANG_WARN_SUSPICIOUS_MOVE = YES;
				CLANG_WARN_UNGUARDED_AVAILABILITY = YES_AGGRESSIVE;
				CLANG_WARN_UNREACHABLE_CODE = YES;
				CLANG_WARN__DUPLICATE_METHOD_MATCH = YES;
				COPY_PHASE_STRIP = NO;
				DEBUG_INFORMATION_FORMAT = "dwarf-with-dsym";
				ENABLE_NS_ASSERTIONS = NO;
				ENABLE_STRICT_OBJC_MSGSEND = YES;
				GCC_C_LANGUAGE_STANDARD = gnu11;
				GCC_NO_COMMON_BLOCKS = YES;
				GCC_WARN_64_TO_32_BIT_CONVERSION = YES;
				GCC_WARN_ABOUT_RETURN_TYPE = YES_ERROR;
				GCC_WARN_UNDECLARED_SELECTOR = YES;
				GCC_WARN_UNINITIALIZED_AUTOS = YES_AGGRESSIVE;
				GCC_WARN_UNUSED_FUNCTION = YES;
				GCC_WARN_UNUSED_VARIABLE = YES;
				IPHONEOS_DEPLOYMENT_TARGET = 14.3;
				MTL_ENABLE_DEBUG_INFO = NO;
				MTL_FAST_MATH = YES;
				SDKROOT = iphoneos;
				SWIFT_COMPILATION_MODE = wholemodule;
				SWIFT_OPTIMIZATION_LEVEL = "-O";
				VALIDATE_PRODUCT = YES;
			};
			name = Release;
		};
		E963C64025BAA60F0065EBCB /* Debug */ = {
			isa = XCBuildConfiguration;
			baseConfigurationReference = B1044E96CAEF05A0FA388350 /* Pods-SparkRefactoring.debug.xcconfig */;
			buildSettings = {
				ALWAYS_EMBED_SWIFT_STANDARD_LIBRARIES = YES;
				ASSETCATALOG_COMPILER_APPICON_NAME = AppIcon;
				ASSETCATALOG_COMPILER_GLOBAL_ACCENT_COLOR_NAME = AccentColor;
				CODE_SIGN_ENTITLEMENTS = SparkRefactoring/SparkRefactoring.entitlements;
				CODE_SIGN_STYLE = Automatic;
				DEVELOPMENT_TEAM = M96L4WMU9C;
				INFOPLIST_FILE = SparkRefactoring/Info.plist;
				LD_RUNPATH_SEARCH_PATHS = (
					"$(inherited)",
					"@executable_path/Frameworks",
				);
				PRODUCT_BUNDLE_IDENTIFIER = com.odyflame.SparkRefactoring;
				PRODUCT_NAME = "$(TARGET_NAME)";
				SWIFT_VERSION = 5.0;
				TARGETED_DEVICE_FAMILY = "1,2";
			};
			name = Debug;
		};
		E963C64125BAA60F0065EBCB /* Release */ = {
			isa = XCBuildConfiguration;
			baseConfigurationReference = 7F54737D082FA84A58B99D90 /* Pods-SparkRefactoring.release.xcconfig */;
			buildSettings = {
				ALWAYS_EMBED_SWIFT_STANDARD_LIBRARIES = YES;
				ASSETCATALOG_COMPILER_APPICON_NAME = AppIcon;
				ASSETCATALOG_COMPILER_GLOBAL_ACCENT_COLOR_NAME = AccentColor;
				CODE_SIGN_ENTITLEMENTS = SparkRefactoring/SparkRefactoring.entitlements;
				CODE_SIGN_STYLE = Automatic;
				DEVELOPMENT_TEAM = M96L4WMU9C;
				INFOPLIST_FILE = SparkRefactoring/Info.plist;
				LD_RUNPATH_SEARCH_PATHS = (
					"$(inherited)",
					"@executable_path/Frameworks",
				);
				PRODUCT_BUNDLE_IDENTIFIER = com.odyflame.SparkRefactoring;
				PRODUCT_NAME = "$(TARGET_NAME)";
				SWIFT_VERSION = 5.0;
				TARGETED_DEVICE_FAMILY = "1,2";
			};
			name = Release;
		};
		E963C69625BAC1120065EBCB /* Debug */ = {
			isa = XCBuildConfiguration;
			baseConfigurationReference = ABC9D5B569B7A546CAEFE098 /* Pods-PoingDesignSystem.debug.xcconfig */;
			buildSettings = {
				CLANG_ENABLE_MODULES = YES;
				CODE_SIGN_STYLE = Automatic;
				CURRENT_PROJECT_VERSION = 1;
				DEFINES_MODULE = YES;
				DEVELOPMENT_TEAM = M96L4WMU9C;
				DYLIB_COMPATIBILITY_VERSION = 1;
				DYLIB_CURRENT_VERSION = 1;
				DYLIB_INSTALL_NAME_BASE = "@rpath";
				INFOPLIST_FILE = PoingDesignSystem/Info.plist;
				INSTALL_PATH = "$(LOCAL_LIBRARY_DIR)/Frameworks";
				LD_RUNPATH_SEARCH_PATHS = (
					"$(inherited)",
					"@executable_path/Frameworks",
					"@loader_path/Frameworks",
				);
				PRODUCT_BUNDLE_IDENTIFIER = Refactoring.Spark.PoingDesignSystem;
				PRODUCT_NAME = "$(TARGET_NAME:c99extidentifier)";
				SKIP_INSTALL = YES;
				SWIFT_OPTIMIZATION_LEVEL = "-Onone";
				SWIFT_VERSION = 5.0;
				TARGETED_DEVICE_FAMILY = "1,2";
				VERSIONING_SYSTEM = "apple-generic";
				VERSION_INFO_PREFIX = "";
			};
			name = Debug;
		};
		E963C69725BAC1120065EBCB /* Release */ = {
			isa = XCBuildConfiguration;
			baseConfigurationReference = 648CC25CC9663D0F6847D1E1 /* Pods-PoingDesignSystem.release.xcconfig */;
			buildSettings = {
				CLANG_ENABLE_MODULES = YES;
				CODE_SIGN_STYLE = Automatic;
				CURRENT_PROJECT_VERSION = 1;
				DEFINES_MODULE = YES;
				DEVELOPMENT_TEAM = M96L4WMU9C;
				DYLIB_COMPATIBILITY_VERSION = 1;
				DYLIB_CURRENT_VERSION = 1;
				DYLIB_INSTALL_NAME_BASE = "@rpath";
				INFOPLIST_FILE = PoingDesignSystem/Info.plist;
				INSTALL_PATH = "$(LOCAL_LIBRARY_DIR)/Frameworks";
				LD_RUNPATH_SEARCH_PATHS = (
					"$(inherited)",
					"@executable_path/Frameworks",
					"@loader_path/Frameworks",
				);
				PRODUCT_BUNDLE_IDENTIFIER = Refactoring.Spark.PoingDesignSystem;
				PRODUCT_NAME = "$(TARGET_NAME:c99extidentifier)";
				SKIP_INSTALL = YES;
				SWIFT_VERSION = 5.0;
				TARGETED_DEVICE_FAMILY = "1,2";
				VERSIONING_SYSTEM = "apple-generic";
				VERSION_INFO_PREFIX = "";
			};
			name = Release;
		};
		E963C69925BAC1120065EBCB /* Debug */ = {
			isa = XCBuildConfiguration;
			buildSettings = {
				ALWAYS_EMBED_SWIFT_STANDARD_LIBRARIES = YES;
				CODE_SIGN_STYLE = Automatic;
				DEVELOPMENT_TEAM = M96L4WMU9C;
				INFOPLIST_FILE = PoingDesignSystemTests/Info.plist;
				LD_RUNPATH_SEARCH_PATHS = (
					"$(inherited)",
					"@executable_path/Frameworks",
					"@loader_path/Frameworks",
				);
				PRODUCT_BUNDLE_IDENTIFIER = Refactoring.Spark.PoingDesignSystemTests;
				PRODUCT_NAME = "$(TARGET_NAME)";
				SWIFT_VERSION = 5.0;
				TARGETED_DEVICE_FAMILY = "1,2";
				TEST_HOST = "$(BUILT_PRODUCTS_DIR)/SparkRefactoring.app/SparkRefactoring";
			};
			name = Debug;
		};
		E963C69A25BAC1120065EBCB /* Release */ = {
			isa = XCBuildConfiguration;
			buildSettings = {
				ALWAYS_EMBED_SWIFT_STANDARD_LIBRARIES = YES;
				CODE_SIGN_STYLE = Automatic;
				DEVELOPMENT_TEAM = M96L4WMU9C;
				INFOPLIST_FILE = PoingDesignSystemTests/Info.plist;
				LD_RUNPATH_SEARCH_PATHS = (
					"$(inherited)",
					"@executable_path/Frameworks",
					"@loader_path/Frameworks",
				);
				PRODUCT_BUNDLE_IDENTIFIER = Refactoring.Spark.PoingDesignSystemTests;
				PRODUCT_NAME = "$(TARGET_NAME)";
				SWIFT_VERSION = 5.0;
				TARGETED_DEVICE_FAMILY = "1,2";
				TEST_HOST = "$(BUILT_PRODUCTS_DIR)/SparkRefactoring.app/SparkRefactoring";
			};
			name = Release;
		};
		E9D3423225BC200B006A7EF6 /* Debug */ = {
			isa = XCBuildConfiguration;
			baseConfigurationReference = 1EFC8A7EDC0BD4EEE22A4993 /* Pods-PoingVocaSubsystem.debug.xcconfig */;
			buildSettings = {
				CLANG_ENABLE_MODULES = YES;
				CODE_SIGN_STYLE = Automatic;
				CURRENT_PROJECT_VERSION = 1;
				DEFINES_MODULE = YES;
				DEVELOPMENT_TEAM = M96L4WMU9C;
				DYLIB_COMPATIBILITY_VERSION = 1;
				DYLIB_CURRENT_VERSION = 1;
				DYLIB_INSTALL_NAME_BASE = "@rpath";
				INFOPLIST_FILE = PoingVocaSubsystem/Info.plist;
				INSTALL_PATH = "$(LOCAL_LIBRARY_DIR)/Frameworks";
				LD_RUNPATH_SEARCH_PATHS = (
					"$(inherited)",
					"@executable_path/Frameworks",
					"@loader_path/Frameworks",
				);
				PRODUCT_BUNDLE_IDENTIFIER = Refactoring.Spark.PoingVocaSubsystem;
				PRODUCT_NAME = "$(TARGET_NAME:c99extidentifier)";
				SKIP_INSTALL = YES;
				SWIFT_OPTIMIZATION_LEVEL = "-Onone";
				SWIFT_VERSION = 5.0;
				TARGETED_DEVICE_FAMILY = "1,2";
				VERSIONING_SYSTEM = "apple-generic";
				VERSION_INFO_PREFIX = "";
			};
			name = Debug;
		};
		E9D3423325BC200B006A7EF6 /* Release */ = {
			isa = XCBuildConfiguration;
			baseConfigurationReference = 311E47746EC38AFC7CF6291D /* Pods-PoingVocaSubsystem.release.xcconfig */;
			buildSettings = {
				CLANG_ENABLE_MODULES = YES;
				CODE_SIGN_STYLE = Automatic;
				CURRENT_PROJECT_VERSION = 1;
				DEFINES_MODULE = YES;
				DEVELOPMENT_TEAM = M96L4WMU9C;
				DYLIB_COMPATIBILITY_VERSION = 1;
				DYLIB_CURRENT_VERSION = 1;
				DYLIB_INSTALL_NAME_BASE = "@rpath";
				INFOPLIST_FILE = PoingVocaSubsystem/Info.plist;
				INSTALL_PATH = "$(LOCAL_LIBRARY_DIR)/Frameworks";
				LD_RUNPATH_SEARCH_PATHS = (
					"$(inherited)",
					"@executable_path/Frameworks",
					"@loader_path/Frameworks",
				);
				PRODUCT_BUNDLE_IDENTIFIER = Refactoring.Spark.PoingVocaSubsystem;
				PRODUCT_NAME = "$(TARGET_NAME:c99extidentifier)";
				SKIP_INSTALL = YES;
				SWIFT_VERSION = 5.0;
				TARGETED_DEVICE_FAMILY = "1,2";
				VERSIONING_SYSTEM = "apple-generic";
				VERSION_INFO_PREFIX = "";
			};
			name = Release;
		};
		E9D3423525BC200B006A7EF6 /* Debug */ = {
			isa = XCBuildConfiguration;
			buildSettings = {
				ALWAYS_EMBED_SWIFT_STANDARD_LIBRARIES = YES;
				CODE_SIGN_STYLE = Automatic;
				DEVELOPMENT_TEAM = D38GCVNMKY;
				INFOPLIST_FILE = PoingVocaSubsystemTests/Info.plist;
				LD_RUNPATH_SEARCH_PATHS = (
					"$(inherited)",
					"@executable_path/Frameworks",
					"@loader_path/Frameworks",
				);
				PRODUCT_BUNDLE_IDENTIFIER = Refactoring.Spark.PoingVocaSubsystemTests;
				PRODUCT_NAME = "$(TARGET_NAME)";
				SWIFT_VERSION = 5.0;
				TARGETED_DEVICE_FAMILY = "1,2";
				TEST_HOST = "$(BUILT_PRODUCTS_DIR)/SparkRefactoring.app/SparkRefactoring";
			};
			name = Debug;
		};
		E9D3423625BC200B006A7EF6 /* Release */ = {
			isa = XCBuildConfiguration;
			buildSettings = {
				ALWAYS_EMBED_SWIFT_STANDARD_LIBRARIES = YES;
				CODE_SIGN_STYLE = Automatic;
				DEVELOPMENT_TEAM = D38GCVNMKY;
				INFOPLIST_FILE = PoingVocaSubsystemTests/Info.plist;
				LD_RUNPATH_SEARCH_PATHS = (
					"$(inherited)",
					"@executable_path/Frameworks",
					"@loader_path/Frameworks",
				);
				PRODUCT_BUNDLE_IDENTIFIER = Refactoring.Spark.PoingVocaSubsystemTests;
				PRODUCT_NAME = "$(TARGET_NAME)";
				SWIFT_VERSION = 5.0;
				TARGETED_DEVICE_FAMILY = "1,2";
				TEST_HOST = "$(BUILT_PRODUCTS_DIR)/SparkRefactoring.app/SparkRefactoring";
			};
			name = Release;
		};
		E9D3424D25BC2060006A7EF6 /* Debug */ = {
			isa = XCBuildConfiguration;
			baseConfigurationReference = 54DBA29B48E81CA98F4C271E /* Pods-VocaGame.debug.xcconfig */;
			buildSettings = {
				CLANG_ENABLE_MODULES = YES;
				CODE_SIGN_STYLE = Automatic;
				CURRENT_PROJECT_VERSION = 1;
				DEFINES_MODULE = YES;
				DEVELOPMENT_TEAM = M96L4WMU9C;
				DYLIB_COMPATIBILITY_VERSION = 1;
				DYLIB_CURRENT_VERSION = 1;
				DYLIB_INSTALL_NAME_BASE = "@rpath";
				INFOPLIST_FILE = VocaGame/Info.plist;
				INSTALL_PATH = "$(LOCAL_LIBRARY_DIR)/Frameworks";
				LD_RUNPATH_SEARCH_PATHS = (
					"$(inherited)",
					"@executable_path/Frameworks",
					"@loader_path/Frameworks",
				);
				PRODUCT_BUNDLE_IDENTIFIER = Refactoring.Spark.VocaGame;
				PRODUCT_NAME = "$(TARGET_NAME:c99extidentifier)";
				SKIP_INSTALL = YES;
				SWIFT_OPTIMIZATION_LEVEL = "-Onone";
				SWIFT_VERSION = 5.0;
				TARGETED_DEVICE_FAMILY = "1,2";
				VERSIONING_SYSTEM = "apple-generic";
				VERSION_INFO_PREFIX = "";
			};
			name = Debug;
		};
		E9D3424E25BC2060006A7EF6 /* Release */ = {
			isa = XCBuildConfiguration;
			baseConfigurationReference = 35298E50DDD1DD8A86446BB3 /* Pods-VocaGame.release.xcconfig */;
			buildSettings = {
				CLANG_ENABLE_MODULES = YES;
				CODE_SIGN_STYLE = Automatic;
				CURRENT_PROJECT_VERSION = 1;
				DEFINES_MODULE = YES;
				DEVELOPMENT_TEAM = M96L4WMU9C;
				DYLIB_COMPATIBILITY_VERSION = 1;
				DYLIB_CURRENT_VERSION = 1;
				DYLIB_INSTALL_NAME_BASE = "@rpath";
				INFOPLIST_FILE = VocaGame/Info.plist;
				INSTALL_PATH = "$(LOCAL_LIBRARY_DIR)/Frameworks";
				LD_RUNPATH_SEARCH_PATHS = (
					"$(inherited)",
					"@executable_path/Frameworks",
					"@loader_path/Frameworks",
				);
				PRODUCT_BUNDLE_IDENTIFIER = Refactoring.Spark.VocaGame;
				PRODUCT_NAME = "$(TARGET_NAME:c99extidentifier)";
				SKIP_INSTALL = YES;
				SWIFT_VERSION = 5.0;
				TARGETED_DEVICE_FAMILY = "1,2";
				VERSIONING_SYSTEM = "apple-generic";
				VERSION_INFO_PREFIX = "";
			};
			name = Release;
		};
/* End XCBuildConfiguration section */

/* Begin XCConfigurationList section */
		E963C62625BAA60E0065EBCB /* Build configuration list for PBXProject "SparkRefactoring" */ = {
			isa = XCConfigurationList;
			buildConfigurations = (
				E963C63D25BAA60F0065EBCB /* Debug */,
				E963C63E25BAA60F0065EBCB /* Release */,
			);
			defaultConfigurationIsVisible = 0;
			defaultConfigurationName = Release;
		};
		E963C63F25BAA60F0065EBCB /* Build configuration list for PBXNativeTarget "SparkRefactoring" */ = {
			isa = XCConfigurationList;
			buildConfigurations = (
				E963C64025BAA60F0065EBCB /* Debug */,
				E963C64125BAA60F0065EBCB /* Release */,
			);
			defaultConfigurationIsVisible = 0;
			defaultConfigurationName = Release;
		};
		E963C69525BAC1120065EBCB /* Build configuration list for PBXNativeTarget "PoingDesignSystem" */ = {
			isa = XCConfigurationList;
			buildConfigurations = (
				E963C69625BAC1120065EBCB /* Debug */,
				E963C69725BAC1120065EBCB /* Release */,
			);
			defaultConfigurationIsVisible = 0;
			defaultConfigurationName = Release;
		};
		E963C69825BAC1120065EBCB /* Build configuration list for PBXNativeTarget "PoingDesignSystemTests" */ = {
			isa = XCConfigurationList;
			buildConfigurations = (
				E963C69925BAC1120065EBCB /* Debug */,
				E963C69A25BAC1120065EBCB /* Release */,
			);
			defaultConfigurationIsVisible = 0;
			defaultConfigurationName = Release;
		};
		E9D3423125BC200B006A7EF6 /* Build configuration list for PBXNativeTarget "PoingVocaSubsystem" */ = {
			isa = XCConfigurationList;
			buildConfigurations = (
				E9D3423225BC200B006A7EF6 /* Debug */,
				E9D3423325BC200B006A7EF6 /* Release */,
			);
			defaultConfigurationIsVisible = 0;
			defaultConfigurationName = Release;
		};
		E9D3423425BC200B006A7EF6 /* Build configuration list for PBXNativeTarget "PoingVocaSubsystemTests" */ = {
			isa = XCConfigurationList;
			buildConfigurations = (
				E9D3423525BC200B006A7EF6 /* Debug */,
				E9D3423625BC200B006A7EF6 /* Release */,
			);
			defaultConfigurationIsVisible = 0;
			defaultConfigurationName = Release;
		};
		E9D3424C25BC2060006A7EF6 /* Build configuration list for PBXNativeTarget "VocaGame" */ = {
			isa = XCConfigurationList;
			buildConfigurations = (
				E9D3424D25BC2060006A7EF6 /* Debug */,
				E9D3424E25BC2060006A7EF6 /* Release */,
			);
			defaultConfigurationIsVisible = 0;
			defaultConfigurationName = Release;
		};
/* End XCConfigurationList section */

/* Begin XCVersionGroup section */
		E91A057A25BC255E003579A7 /* Voca.xcdatamodeld */ = {
			isa = XCVersionGroup;
			children = (
				E91A057B25BC255E003579A7 /* Voca.xcdatamodel */,
			);
			currentVersion = E91A057B25BC255E003579A7 /* Voca.xcdatamodel */;
			path = Voca.xcdatamodeld;
			sourceTree = "<group>";
			versionGroupType = wrapper.xcdatamodel;
		};
/* End XCVersionGroup section */
	};
	rootObject = E963C62325BAA60E0065EBCB /* Project object */;
}
