// !$*UTF8*$!
{
	archiveVersion = 1;
	classes = {
	};
	objectVersion = 51;
	objects = {

/* Begin PBXBuildFile section */
		1D4CB9AB600F020FBC23B739 /* Pods_VocaSubsystem.framework in Frameworks */ = {isa = PBXBuildFile; fileRef = B5A95BE2D7C635755BAC6461 /* Pods_VocaSubsystem.framework */; };
		AFBD37269500115E05D3F3BD /* Pods_VocaDesignSystem.framework in Frameworks */ = {isa = PBXBuildFile; fileRef = 77A615DAF3CFC3B207FD02A0 /* Pods_VocaDesignSystem.framework */; };
		DAD599028AFA2A8ED5D95FDC /* Pods_VocaGame.framework in Frameworks */ = {isa = PBXBuildFile; fileRef = 5EC151EA7945A0C8152373CB /* Pods_VocaGame.framework */; };
		E946E5102602EEB900F640F7 /* UIFont+.swift in Sources */ = {isa = PBXBuildFile; fileRef = E946E5042602EEB800F640F7 /* UIFont+.swift */; };
		E946E5112602EEB900F640F7 /* UIColor+.swift in Sources */ = {isa = PBXBuildFile; fileRef = E946E5052602EEB800F640F7 /* UIColor+.swift */; };
		E946E5122602EEB900F640F7 /* PoingDesignSystem.h in Headers */ = {isa = PBXBuildFile; fileRef = E946E5062602EEB900F640F7 /* PoingDesignSystem.h */; };
		E946E5132602EEB900F640F7 /* AccentLineTextField.swift in Sources */ = {isa = PBXBuildFile; fileRef = E946E5072602EEB900F640F7 /* AccentLineTextField.swift */; };
		E946E5142602EEB900F640F7 /* AddWordTextField.swift in Sources */ = {isa = PBXBuildFile; fileRef = E946E5082602EEB900F640F7 /* AddWordTextField.swift */; };
		E946E5152602EEB900F640F7 /* VDSTextField.swift in Sources */ = {isa = PBXBuildFile; fileRef = E946E5092602EEB900F640F7 /* VDSTextField.swift */; };
		E946E5162602EEB900F640F7 /* AccentButton.swift in Sources */ = {isa = PBXBuildFile; fileRef = E946E50A2602EEB900F640F7 /* AccentButton.swift */; };
		E946E5182602EEB900F640F7 /* PopupViewController.swift in Sources */ = {isa = PBXBuildFile; fileRef = E946E50C2602EEB900F640F7 /* PopupViewController.swift */; };
		E946E5192602EEB900F640F7 /* CALayer+.swift in Sources */ = {isa = PBXBuildFile; fileRef = E946E50D2602EEB900F640F7 /* CALayer+.swift */; };
		E946E51A2602EEB900F640F7 /* PulseAnimation.swift in Sources */ = {isa = PBXBuildFile; fileRef = E946E50E2602EEB900F640F7 /* PulseAnimation.swift */; };
		E946E51B2602EEB900F640F7 /* RadioButton.swift in Sources */ = {isa = PBXBuildFile; fileRef = E946E50F2602EEB900F640F7 /* RadioButton.swift */; };
		E946E5262602EEC600F640F7 /* SelectFolderButton.swift in Sources */ = {isa = PBXBuildFile; fileRef = E946E51F2602EEC600F640F7 /* SelectFolderButton.swift */; };
		E946E5272602EEC600F640F7 /* SuccessPopupView.swift in Sources */ = {isa = PBXBuildFile; fileRef = E946E5202602EEC600F640F7 /* SuccessPopupView.swift */; };
		E946E52A2602EEC600F640F7 /* NoticePopupViewController.swift in Sources */ = {isa = PBXBuildFile; fileRef = E946E5242602EEC600F640F7 /* NoticePopupViewController.swift */; };
		E946E52B2602EEC600F640F7 /* DeleteUserPopupViewController.swift in Sources */ = {isa = PBXBuildFile; fileRef = E946E5252602EEC600F640F7 /* DeleteUserPopupViewController.swift */; };
		E946E5302602F73F00F640F7 /* GameCell.swift in Sources */ = {isa = PBXBuildFile; fileRef = E946E52F2602F73F00F640F7 /* GameCell.swift */; };
		E946E5352602F85D00F640F7 /* GameType.swift in Sources */ = {isa = PBXBuildFile; fileRef = E946E5342602F85D00F640F7 /* GameType.swift */; };
		E946E53A2602F9FE00F640F7 /* ScoreAnimateView.swift in Sources */ = {isa = PBXBuildFile; fileRef = E946E5392602F9FE00F640F7 /* ScoreAnimateView.swift */; };
		E946E55E2602FC3500F640F7 /* Media.xcassets in Resources */ = {isa = PBXBuildFile; fileRef = E946E55D2602FC3500F640F7 /* Media.xcassets */; };
		E946E5632602FE4900F640F7 /* SelectFolderCell.swift in Sources */ = {isa = PBXBuildFile; fileRef = E946E5622602FE4900F640F7 /* SelectFolderCell.swift */; };
		E946E5762603130500F640F7 /* Voca.xcdatamodeld in Sources */ = {isa = PBXBuildFile; fileRef = E946E5742603130500F640F7 /* Voca.xcdatamodeld */; };
		E946E58C2603163E00F640F7 /* ManagedGroup+CoreDataClass.swift in Sources */ = {isa = PBXBuildFile; fileRef = E946E5882603163E00F640F7 /* ManagedGroup+CoreDataClass.swift */; };
		E946E58D2603163E00F640F7 /* ManagedGroup+CoreDataProperties.swift in Sources */ = {isa = PBXBuildFile; fileRef = E946E5892603163E00F640F7 /* ManagedGroup+CoreDataProperties.swift */; };
		E946E58E2603163E00F640F7 /* ManagedWord+CoreDataClass.swift in Sources */ = {isa = PBXBuildFile; fileRef = E946E58A2603163E00F640F7 /* ManagedWord+CoreDataClass.swift */; };
		E946E58F2603163E00F640F7 /* ManagedWord+CoreDataProperties.swift in Sources */ = {isa = PBXBuildFile; fileRef = E946E58B2603163E00F640F7 /* ManagedWord+CoreDataProperties.swift */; };
		E946E5942603246C00F640F7 /* ProgressBarNavigationView.swift in Sources */ = {isa = PBXBuildFile; fileRef = E946E5932603246C00F640F7 /* ProgressBarNavigationView.swift */; };
		E946E59C2603250C00F640F7 /* ConfettiView.swift in Sources */ = {isa = PBXBuildFile; fileRef = E946E59B2603250C00F640F7 /* ConfettiView.swift */; };
		E98B1A55260844BD00970A17 /* Quicksand-Bold.ttf in Resources */ = {isa = PBXBuildFile; fileRef = E98B1A53260844BD00970A17 /* Quicksand-Bold.ttf */; };
		E98B1A56260844BD00970A17 /* BalsamiqSansBold.ttf in Resources */ = {isa = PBXBuildFile; fileRef = E98B1A54260844BD00970A17 /* BalsamiqSansBold.ttf */; };
		E98B1A5D2608453B00970A17 /* Quicksand-Bold.ttf in Resources */ = {isa = PBXBuildFile; fileRef = E98B1A53260844BD00970A17 /* Quicksand-Bold.ttf */; };
		E98B1A612608453C00970A17 /* Quicksand-Bold.ttf in Resources */ = {isa = PBXBuildFile; fileRef = E98B1A53260844BD00970A17 /* Quicksand-Bold.ttf */; };
		E98B1A652608454000970A17 /* BalsamiqSansBold.ttf in Resources */ = {isa = PBXBuildFile; fileRef = E98B1A54260844BD00970A17 /* BalsamiqSansBold.ttf */; };
		E98B1A692608454000970A17 /* BalsamiqSansBold.ttf in Resources */ = {isa = PBXBuildFile; fileRef = E98B1A54260844BD00970A17 /* BalsamiqSansBold.ttf */; };
		E98B1A6A2608454100970A17 /* BalsamiqSansBold.ttf in Resources */ = {isa = PBXBuildFile; fileRef = E98B1A54260844BD00970A17 /* BalsamiqSansBold.ttf */; };
		E98B1A712608454400970A17 /* Quicksand-Bold.ttf in Resources */ = {isa = PBXBuildFile; fileRef = E98B1A53260844BD00970A17 /* Quicksand-Bold.ttf */; };
		E98B1A752608457A00970A17 /* UIFont+.swift in Sources */ = {isa = PBXBuildFile; fileRef = E946E5042602EEB800F640F7 /* UIFont+.swift */; };
		E98B1A792608457B00970A17 /* UIFont+.swift in Sources */ = {isa = PBXBuildFile; fileRef = E946E5042602EEB800F640F7 /* UIFont+.swift */; };
		E9976E1026082FBD007BBE5F /* UserInfo.swift in Sources */ = {isa = PBXBuildFile; fileRef = E9976E0126082FBD007BBE5F /* UserInfo.swift */; };
		E9976E1126082FBD007BBE5F /* EveryVocabularyService.swift in Sources */ = {isa = PBXBuildFile; fileRef = E9976E0226082FBD007BBE5F /* EveryVocabularyService.swift */; };
		E9976E1226082FBD007BBE5F /* EveryVocaResponse.swift in Sources */ = {isa = PBXBuildFile; fileRef = E9976E0326082FBD007BBE5F /* EveryVocaResponse.swift */; };
		E9976E1326082FBD007BBE5F /* WordController.swift in Sources */ = {isa = PBXBuildFile; fileRef = E9976E0426082FBD007BBE5F /* WordController.swift */; };
		E9976E1426082FBD007BBE5F /* UserService.swift in Sources */ = {isa = PBXBuildFile; fileRef = E9976E0526082FBD007BBE5F /* UserService.swift */; };
		E9976E1526082FBD007BBE5F /* FolderController.swift in Sources */ = {isa = PBXBuildFile; fileRef = E9976E0626082FBD007BBE5F /* FolderController.swift */; };
		E9976E1626082FBD007BBE5F /* FolderService.swift in Sources */ = {isa = PBXBuildFile; fileRef = E9976E0726082FBD007BBE5F /* FolderService.swift */; };
		E9976E1726082FBD007BBE5F /* EveryVocabularyController.swift in Sources */ = {isa = PBXBuildFile; fileRef = E9976E0826082FBD007BBE5F /* EveryVocabularyController.swift */; };
		E9976E1826082FBD007BBE5F /* BaseManager.swift in Sources */ = {isa = PBXBuildFile; fileRef = E9976E0A26082FBD007BBE5F /* BaseManager.swift */; };
		E9976E1926082FBD007BBE5F /* ServerURL.swift in Sources */ = {isa = PBXBuildFile; fileRef = E9976E0B26082FBD007BBE5F /* ServerURL.swift */; };
		E9976E1A26082FBD007BBE5F /* WordService.swift in Sources */ = {isa = PBXBuildFile; fileRef = E9976E0C26082FBD007BBE5F /* WordService.swift */; };
		E9976E1B26082FBD007BBE5F /* Folder.swift in Sources */ = {isa = PBXBuildFile; fileRef = E9976E0D26082FBD007BBE5F /* Folder.swift */; };
		E9976E1C26082FBD007BBE5F /* Word.swift in Sources */ = {isa = PBXBuildFile; fileRef = E9976E0E26082FBD007BBE5F /* Word.swift */; };
		E9976E1D26082FBD007BBE5F /* UserController.swift in Sources */ = {isa = PBXBuildFile; fileRef = E9976E0F26082FBD007BBE5F /* UserController.swift */; };
		E9976E2926083113007BBE5F /* DummyData.swift in Sources */ = {isa = PBXBuildFile; fileRef = E9976E2826083113007BBE5F /* DummyData.swift */; };
		E9976E2F26083152007BBE5F /* Notification.Name+.swift in Sources */ = {isa = PBXBuildFile; fileRef = E9976E2E26083152007BBE5F /* Notification.Name+.swift */; };
		E9976E3426083557007BBE5F /* GameViewController.swift in Sources */ = {isa = PBXBuildFile; fileRef = E9976E3326083557007BBE5F /* GameViewController.swift */; };
		E9976E3B26083C11007BBE5F /* FlipCardViewDataSource.swift in Sources */ = {isa = PBXBuildFile; fileRef = E9976E3926083C11007BBE5F /* FlipCardViewDataSource.swift */; };
		E9976E3C26083C11007BBE5F /* FlipCardViewDelegate.swift in Sources */ = {isa = PBXBuildFile; fileRef = E9976E3A26083C11007BBE5F /* FlipCardViewDelegate.swift */; };
		E9976E4726083C1D007BBE5F /* FlipGameViewController.swift in Sources */ = {isa = PBXBuildFile; fileRef = E9976E4126083C1B007BBE5F /* FlipGameViewController.swift */; };
		E9976E4826083C1D007BBE5F /* StackContainerView.swift in Sources */ = {isa = PBXBuildFile; fileRef = E9976E4326083C1C007BBE5F /* StackContainerView.swift */; };
		E9976E4926083C1D007BBE5F /* FlipCardView.swift in Sources */ = {isa = PBXBuildFile; fileRef = E9976E4426083C1C007BBE5F /* FlipCardView.swift */; };
		E9976E4A26083C1D007BBE5F /* CardsDataModel.swift in Sources */ = {isa = PBXBuildFile; fileRef = E9976E4626083C1D007BBE5F /* CardsDataModel.swift */; };
		E9976E4F26083C87007BBE5F /* GameCompleteViewController.swift in Sources */ = {isa = PBXBuildFile; fileRef = E9976E4E26083C86007BBE5F /* GameCompleteViewController.swift */; };
		E9A1F0F82616B7E800535603 /* imageWord.swift in Sources */ = {isa = PBXBuildFile; fileRef = E9A1F0F72616B7E800535603 /* imageWord.swift */; };
		E9A1F0FD2616B8EE00535603 /* CardMatching.swift in Sources */ = {isa = PBXBuildFile; fileRef = E9A1F0FC2616B8EE00535603 /* CardMatching.swift */; };
		E9A1F1022616B96900535603 /* CardCell.swift in Sources */ = {isa = PBXBuildFile; fileRef = E9A1F1012616B96900535603 /* CardCell.swift */; };
		E9A1F1072616BC8200535603 /* CardMatchingViewController.swift in Sources */ = {isa = PBXBuildFile; fileRef = E9A1F1062616BC8200535603 /* CardMatchingViewController.swift */; };
		E9A1F1122616DC8B00535603 /* Media.xcassets in Resources */ = {isa = PBXBuildFile; fileRef = E946E55D2602FC3500F640F7 /* Media.xcassets */; };
		E9EC5B4D26047224005CCBB8 /* GuideView.swift in Sources */ = {isa = PBXBuildFile; fileRef = E9EC5B4C26047224005CCBB8 /* GuideView.swift */; };
		E9EC5B55260472F9005CCBB8 /* GameGuideUtill.swift in Sources */ = {isa = PBXBuildFile; fileRef = E9EC5B54260472F9005CCBB8 /* GameGuideUtill.swift */; };
		E9EC5B5A260475AF005CCBB8 /* SelectFolderViewController.swift in Sources */ = {isa = PBXBuildFile; fileRef = E9EC5B59260475AF005CCBB8 /* SelectFolderViewController.swift */; };
		E9EC5B652604768E005CCBB8 /* LeftTitleNavigationView.swift in Sources */ = {isa = PBXBuildFile; fileRef = E9EC5B622604768E005CCBB8 /* LeftTitleNavigationView.swift */; };
		E9EC5B662604768E005CCBB8 /* SideNavigationView.swift in Sources */ = {isa = PBXBuildFile; fileRef = E9EC5B632604768E005CCBB8 /* SideNavigationView.swift */; };
		E9F032A72601A78B00E9D0D5 /* AppDelegate.swift in Sources */ = {isa = PBXBuildFile; fileRef = E9F032A62601A78B00E9D0D5 /* AppDelegate.swift */; };
		E9F032AB2601A78B00E9D0D5 /* ViewController.swift in Sources */ = {isa = PBXBuildFile; fileRef = E9F032AA2601A78B00E9D0D5 /* ViewController.swift */; };
		E9F032B02601A78C00E9D0D5 /* Assets.xcassets in Resources */ = {isa = PBXBuildFile; fileRef = E9F032AF2601A78C00E9D0D5 /* Assets.xcassets */; };
		E9F032B32601A78C00E9D0D5 /* LaunchScreen.storyboard in Resources */ = {isa = PBXBuildFile; fileRef = E9F032B12601A78C00E9D0D5 /* LaunchScreen.storyboard */; };
		E9F032E22601A9B300E9D0D5 /* VocaGame.h in Headers */ = {isa = PBXBuildFile; fileRef = E9F032E02601A9B300E9D0D5 /* VocaGame.h */; settings = {ATTRIBUTES = (Public, ); }; };
		E9F032E52601A9B300E9D0D5 /* VocaGame.framework in Frameworks */ = {isa = PBXBuildFile; fileRef = E9F032DE2601A9B300E9D0D5 /* VocaGame.framework */; };
		E9F032E62601A9B300E9D0D5 /* VocaGame.framework in Embed Frameworks */ = {isa = PBXBuildFile; fileRef = E9F032DE2601A9B300E9D0D5 /* VocaGame.framework */; settings = {ATTRIBUTES = (CodeSignOnCopy, RemoveHeadersOnCopy, ); }; };
		E9F032F52601A9CC00E9D0D5 /* VocaDesignSystem.h in Headers */ = {isa = PBXBuildFile; fileRef = E9F032F32601A9CC00E9D0D5 /* VocaDesignSystem.h */; settings = {ATTRIBUTES = (Public, ); }; };
		E9F032F82601A9CC00E9D0D5 /* VocaDesignSystem.framework in Frameworks */ = {isa = PBXBuildFile; fileRef = E9F032F12601A9CC00E9D0D5 /* VocaDesignSystem.framework */; };
		E9F032F92601A9CC00E9D0D5 /* VocaDesignSystem.framework in Embed Frameworks */ = {isa = PBXBuildFile; fileRef = E9F032F12601A9CC00E9D0D5 /* VocaDesignSystem.framework */; settings = {ATTRIBUTES = (CodeSignOnCopy, RemoveHeadersOnCopy, ); }; };
		E9F033082601A9F000E9D0D5 /* VocaSubsystem.h in Headers */ = {isa = PBXBuildFile; fileRef = E9F033062601A9F000E9D0D5 /* VocaSubsystem.h */; settings = {ATTRIBUTES = (Public, ); }; };
		E9F0330B2601A9F000E9D0D5 /* VocaSubsystem.framework in Frameworks */ = {isa = PBXBuildFile; fileRef = E9F033042601A9F000E9D0D5 /* VocaSubsystem.framework */; };
		E9F0330C2601A9F000E9D0D5 /* VocaSubsystem.framework in Embed Frameworks */ = {isa = PBXBuildFile; fileRef = E9F033042601A9F000E9D0D5 /* VocaSubsystem.framework */; settings = {ATTRIBUTES = (CodeSignOnCopy, RemoveHeadersOnCopy, ); }; };
		E9F033182601ABAA00E9D0D5 /* SplashViewController.swift in Sources */ = {isa = PBXBuildFile; fileRef = E9F033172601ABAA00E9D0D5 /* SplashViewController.swift */; };
		E9F033282601ABE500E9D0D5 /* Splash.storyboard in Resources */ = {isa = PBXBuildFile; fileRef = E9F033272601ABE500E9D0D5 /* Splash.storyboard */; };
		E9F033322601AE2600E9D0D5 /* HomeViewController.swift in Sources */ = {isa = PBXBuildFile; fileRef = E9F033312601AE2600E9D0D5 /* HomeViewController.swift */; };
		E9F033402601AE8200E9D0D5 /* UserDefaults+.swift in Sources */ = {isa = PBXBuildFile; fileRef = E9F033372601AE8200E9D0D5 /* UserDefaults+.swift */; };
		E9F033412601AE8200E9D0D5 /* String+.swift in Sources */ = {isa = PBXBuildFile; fileRef = E9F033382601AE8200E9D0D5 /* String+.swift */; };
		E9F033422601AE8200E9D0D5 /* ModeConfig.swift in Sources */ = {isa = PBXBuildFile; fileRef = E9F033392601AE8200E9D0D5 /* ModeConfig.swift */; };
		E9F033432601AE8200E9D0D5 /* ModeConfigStateView.swift in Sources */ = {isa = PBXBuildFile; fileRef = E9F0333A2601AE8200E9D0D5 /* ModeConfigStateView.swift */; };
		E9F033442601AE8200E9D0D5 /* UIAlerController.swift in Sources */ = {isa = PBXBuildFile; fileRef = E9F0333B2601AE8200E9D0D5 /* UIAlerController.swift */; };
		E9F033452601AE8200E9D0D5 /* UILabel+.swift in Sources */ = {isa = PBXBuildFile; fileRef = E9F0333C2601AE8200E9D0D5 /* UILabel+.swift */; };
		E9F033462601AE8200E9D0D5 /* Notification.Name+.swift in Sources */ = {isa = PBXBuildFile; fileRef = E9F0333D2601AE8200E9D0D5 /* Notification.Name+.swift */; };
		E9F033472601AE8200E9D0D5 /* UITapGestureRecognizer+.swift in Sources */ = {isa = PBXBuildFile; fileRef = E9F0333E2601AE8200E9D0D5 /* UITapGestureRecognizer+.swift */; };
		E9F033482601AE8200E9D0D5 /* UIWindow+.swift in Sources */ = {isa = PBXBuildFile; fileRef = E9F0333F2601AE8200E9D0D5 /* UIWindow+.swift */; };
		E9F0334D2601AF2400E9D0D5 /* HomeHeaderView.swift in Sources */ = {isa = PBXBuildFile; fileRef = E9F0334C2601AF2400E9D0D5 /* HomeHeaderView.swift */; };
		E9F033522601AF6800E9D0D5 /* MyVocaViewController.swift in Sources */ = {isa = PBXBuildFile; fileRef = E9F033512601AF6800E9D0D5 /* MyVocaViewController.swift */; };
		E9FF918B261AAF67001B063C /* VocaCoreDataManager.swift in Sources */ = {isa = PBXBuildFile; fileRef = E9FF918A261AAF67001B063C /* VocaCoreDataManager.swift */; };
		E9FF9190261AAF6F001B063C /* VocaManager.swift in Sources */ = {isa = PBXBuildFile; fileRef = E9FF918F261AAF6F001B063C /* VocaManager.swift */; };
		F3EFC7D77D9E6648D3FAEB7F /* Pods_SparkRefactoring.framework in Frameworks */ = {isa = PBXBuildFile; fileRef = 7FAFDA053038083F2D2FE278 /* Pods_SparkRefactoring.framework */; };
/* End PBXBuildFile section */

/* Begin PBXContainerItemProxy section */
		E9F032E32601A9B300E9D0D5 /* PBXContainerItemProxy */ = {
			isa = PBXContainerItemProxy;
			containerPortal = E9F0329B2601A78B00E9D0D5 /* Project object */;
			proxyType = 1;
			remoteGlobalIDString = E9F032DD2601A9B300E9D0D5;
			remoteInfo = VocaGame;
		};
		E9F032F62601A9CC00E9D0D5 /* PBXContainerItemProxy */ = {
			isa = PBXContainerItemProxy;
			containerPortal = E9F0329B2601A78B00E9D0D5 /* Project object */;
			proxyType = 1;
			remoteGlobalIDString = E9F032F02601A9CC00E9D0D5;
			remoteInfo = VocaDesignSystem;
		};
		E9F033092601A9F000E9D0D5 /* PBXContainerItemProxy */ = {
			isa = PBXContainerItemProxy;
			containerPortal = E9F0329B2601A78B00E9D0D5 /* Project object */;
			proxyType = 1;
			remoteGlobalIDString = E9F033032601A9F000E9D0D5;
			remoteInfo = VocaSubsystem;
		};
/* End PBXContainerItemProxy section */

/* Begin PBXCopyFilesBuildPhase section */
		E9F032EA2601A9B400E9D0D5 /* Embed Frameworks */ = {
			isa = PBXCopyFilesBuildPhase;
			buildActionMask = 2147483647;
			dstPath = "";
			dstSubfolderSpec = 10;
			files = (
				E9F032F92601A9CC00E9D0D5 /* VocaDesignSystem.framework in Embed Frameworks */,
				E9F0330C2601A9F000E9D0D5 /* VocaSubsystem.framework in Embed Frameworks */,
				E9F032E62601A9B300E9D0D5 /* VocaGame.framework in Embed Frameworks */,
			);
			name = "Embed Frameworks";
			runOnlyForDeploymentPostprocessing = 0;
		};
/* End PBXCopyFilesBuildPhase section */

/* Begin PBXFileReference section */
		1CD313B9679BD7560FFCB736 /* Pods-VocaDesignSystem.release.xcconfig */ = {isa = PBXFileReference; includeInIndex = 1; lastKnownFileType = text.xcconfig; name = "Pods-VocaDesignSystem.release.xcconfig"; path = "Target Support Files/Pods-VocaDesignSystem/Pods-VocaDesignSystem.release.xcconfig"; sourceTree = "<group>"; };
		4414EAC56693C6CECEDEC45F /* Pods-SparkRefactoring.debug.xcconfig */ = {isa = PBXFileReference; includeInIndex = 1; lastKnownFileType = text.xcconfig; name = "Pods-SparkRefactoring.debug.xcconfig"; path = "Target Support Files/Pods-SparkRefactoring/Pods-SparkRefactoring.debug.xcconfig"; sourceTree = "<group>"; };
		486A5E09A07EEC5AC4543FEF /* Pods-VocaSubsystem.debug.xcconfig */ = {isa = PBXFileReference; includeInIndex = 1; lastKnownFileType = text.xcconfig; name = "Pods-VocaSubsystem.debug.xcconfig"; path = "Target Support Files/Pods-VocaSubsystem/Pods-VocaSubsystem.debug.xcconfig"; sourceTree = "<group>"; };
		5EC151EA7945A0C8152373CB /* Pods_VocaGame.framework */ = {isa = PBXFileReference; explicitFileType = wrapper.framework; includeInIndex = 0; path = Pods_VocaGame.framework; sourceTree = BUILT_PRODUCTS_DIR; };
		77A615DAF3CFC3B207FD02A0 /* Pods_VocaDesignSystem.framework */ = {isa = PBXFileReference; explicitFileType = wrapper.framework; includeInIndex = 0; path = Pods_VocaDesignSystem.framework; sourceTree = BUILT_PRODUCTS_DIR; };
		7FAFDA053038083F2D2FE278 /* Pods_SparkRefactoring.framework */ = {isa = PBXFileReference; explicitFileType = wrapper.framework; includeInIndex = 0; path = Pods_SparkRefactoring.framework; sourceTree = BUILT_PRODUCTS_DIR; };
		8411DBFF39DF43AC580AAE65 /* Pods-VocaGame.release.xcconfig */ = {isa = PBXFileReference; includeInIndex = 1; lastKnownFileType = text.xcconfig; name = "Pods-VocaGame.release.xcconfig"; path = "Target Support Files/Pods-VocaGame/Pods-VocaGame.release.xcconfig"; sourceTree = "<group>"; };
		A24DE79FDCE5D9D6ABE8E214 /* Pods-VocaDesignSystem.debug.xcconfig */ = {isa = PBXFileReference; includeInIndex = 1; lastKnownFileType = text.xcconfig; name = "Pods-VocaDesignSystem.debug.xcconfig"; path = "Target Support Files/Pods-VocaDesignSystem/Pods-VocaDesignSystem.debug.xcconfig"; sourceTree = "<group>"; };
		B5A95BE2D7C635755BAC6461 /* Pods_VocaSubsystem.framework */ = {isa = PBXFileReference; explicitFileType = wrapper.framework; includeInIndex = 0; path = Pods_VocaSubsystem.framework; sourceTree = BUILT_PRODUCTS_DIR; };
		C63A0ABBA29A468D09CB08B2 /* Pods-SparkRefactoring.release.xcconfig */ = {isa = PBXFileReference; includeInIndex = 1; lastKnownFileType = text.xcconfig; name = "Pods-SparkRefactoring.release.xcconfig"; path = "Target Support Files/Pods-SparkRefactoring/Pods-SparkRefactoring.release.xcconfig"; sourceTree = "<group>"; };
		E946E5042602EEB800F640F7 /* UIFont+.swift */ = {isa = PBXFileReference; fileEncoding = 4; lastKnownFileType = sourcecode.swift; path = "UIFont+.swift"; sourceTree = "<group>"; };
		E946E5052602EEB800F640F7 /* UIColor+.swift */ = {isa = PBXFileReference; fileEncoding = 4; lastKnownFileType = sourcecode.swift; path = "UIColor+.swift"; sourceTree = "<group>"; };
		E946E5062602EEB900F640F7 /* PoingDesignSystem.h */ = {isa = PBXFileReference; fileEncoding = 4; lastKnownFileType = sourcecode.c.h; path = PoingDesignSystem.h; sourceTree = "<group>"; };
		E946E5072602EEB900F640F7 /* AccentLineTextField.swift */ = {isa = PBXFileReference; fileEncoding = 4; lastKnownFileType = sourcecode.swift; path = AccentLineTextField.swift; sourceTree = "<group>"; };
		E946E5082602EEB900F640F7 /* AddWordTextField.swift */ = {isa = PBXFileReference; fileEncoding = 4; lastKnownFileType = sourcecode.swift; path = AddWordTextField.swift; sourceTree = "<group>"; };
		E946E5092602EEB900F640F7 /* VDSTextField.swift */ = {isa = PBXFileReference; fileEncoding = 4; lastKnownFileType = sourcecode.swift; path = VDSTextField.swift; sourceTree = "<group>"; };
		E946E50A2602EEB900F640F7 /* AccentButton.swift */ = {isa = PBXFileReference; fileEncoding = 4; lastKnownFileType = sourcecode.swift; path = AccentButton.swift; sourceTree = "<group>"; };
		E946E50C2602EEB900F640F7 /* PopupViewController.swift */ = {isa = PBXFileReference; fileEncoding = 4; lastKnownFileType = sourcecode.swift; path = PopupViewController.swift; sourceTree = "<group>"; };
		E946E50D2602EEB900F640F7 /* CALayer+.swift */ = {isa = PBXFileReference; fileEncoding = 4; lastKnownFileType = sourcecode.swift; path = "CALayer+.swift"; sourceTree = "<group>"; };
		E946E50E2602EEB900F640F7 /* PulseAnimation.swift */ = {isa = PBXFileReference; fileEncoding = 4; lastKnownFileType = sourcecode.swift; path = PulseAnimation.swift; sourceTree = "<group>"; };
		E946E50F2602EEB900F640F7 /* RadioButton.swift */ = {isa = PBXFileReference; fileEncoding = 4; lastKnownFileType = sourcecode.swift; path = RadioButton.swift; sourceTree = "<group>"; };
		E946E51F2602EEC600F640F7 /* SelectFolderButton.swift */ = {isa = PBXFileReference; fileEncoding = 4; lastKnownFileType = sourcecode.swift; path = SelectFolderButton.swift; sourceTree = "<group>"; };
		E946E5202602EEC600F640F7 /* SuccessPopupView.swift */ = {isa = PBXFileReference; fileEncoding = 4; lastKnownFileType = sourcecode.swift; path = SuccessPopupView.swift; sourceTree = "<group>"; };
		E946E5242602EEC600F640F7 /* NoticePopupViewController.swift */ = {isa = PBXFileReference; fileEncoding = 4; lastKnownFileType = sourcecode.swift; path = NoticePopupViewController.swift; sourceTree = "<group>"; };
		E946E5252602EEC600F640F7 /* DeleteUserPopupViewController.swift */ = {isa = PBXFileReference; fileEncoding = 4; lastKnownFileType = sourcecode.swift; path = DeleteUserPopupViewController.swift; sourceTree = "<group>"; };
		E946E52F2602F73F00F640F7 /* GameCell.swift */ = {isa = PBXFileReference; lastKnownFileType = sourcecode.swift; path = GameCell.swift; sourceTree = "<group>"; };
		E946E5342602F85D00F640F7 /* GameType.swift */ = {isa = PBXFileReference; lastKnownFileType = sourcecode.swift; path = GameType.swift; sourceTree = "<group>"; };
		E946E5392602F9FE00F640F7 /* ScoreAnimateView.swift */ = {isa = PBXFileReference; lastKnownFileType = sourcecode.swift; path = ScoreAnimateView.swift; sourceTree = "<group>"; };
		E946E55D2602FC3500F640F7 /* Media.xcassets */ = {isa = PBXFileReference; lastKnownFileType = folder.assetcatalog; path = Media.xcassets; sourceTree = "<group>"; };
		E946E5622602FE4900F640F7 /* SelectFolderCell.swift */ = {isa = PBXFileReference; lastKnownFileType = sourcecode.swift; path = SelectFolderCell.swift; sourceTree = "<group>"; };
		E946E5752603130500F640F7 /* Voca.xcdatamodel */ = {isa = PBXFileReference; lastKnownFileType = wrapper.xcdatamodel; path = Voca.xcdatamodel; sourceTree = "<group>"; };
		E946E5882603163E00F640F7 /* ManagedGroup+CoreDataClass.swift */ = {isa = PBXFileReference; lastKnownFileType = sourcecode.swift; path = "ManagedGroup+CoreDataClass.swift"; sourceTree = "<group>"; };
		E946E5892603163E00F640F7 /* ManagedGroup+CoreDataProperties.swift */ = {isa = PBXFileReference; lastKnownFileType = sourcecode.swift; path = "ManagedGroup+CoreDataProperties.swift"; sourceTree = "<group>"; };
		E946E58A2603163E00F640F7 /* ManagedWord+CoreDataClass.swift */ = {isa = PBXFileReference; lastKnownFileType = sourcecode.swift; path = "ManagedWord+CoreDataClass.swift"; sourceTree = "<group>"; };
		E946E58B2603163E00F640F7 /* ManagedWord+CoreDataProperties.swift */ = {isa = PBXFileReference; lastKnownFileType = sourcecode.swift; path = "ManagedWord+CoreDataProperties.swift"; sourceTree = "<group>"; };
		E946E5932603246C00F640F7 /* ProgressBarNavigationView.swift */ = {isa = PBXFileReference; lastKnownFileType = sourcecode.swift; path = ProgressBarNavigationView.swift; sourceTree = "<group>"; };
		E946E59B2603250C00F640F7 /* ConfettiView.swift */ = {isa = PBXFileReference; lastKnownFileType = sourcecode.swift; path = ConfettiView.swift; sourceTree = "<group>"; };
		E98B1A53260844BD00970A17 /* Quicksand-Bold.ttf */ = {isa = PBXFileReference; lastKnownFileType = file; path = "Quicksand-Bold.ttf"; sourceTree = "<group>"; };
		E98B1A54260844BD00970A17 /* BalsamiqSansBold.ttf */ = {isa = PBXFileReference; lastKnownFileType = file; path = BalsamiqSansBold.ttf; sourceTree = "<group>"; };
		E9976E0126082FBD007BBE5F /* UserInfo.swift */ = {isa = PBXFileReference; fileEncoding = 4; lastKnownFileType = sourcecode.swift; path = UserInfo.swift; sourceTree = "<group>"; };
		E9976E0226082FBD007BBE5F /* EveryVocabularyService.swift */ = {isa = PBXFileReference; fileEncoding = 4; lastKnownFileType = sourcecode.swift; path = EveryVocabularyService.swift; sourceTree = "<group>"; };
		E9976E0326082FBD007BBE5F /* EveryVocaResponse.swift */ = {isa = PBXFileReference; fileEncoding = 4; lastKnownFileType = sourcecode.swift; path = EveryVocaResponse.swift; sourceTree = "<group>"; };
		E9976E0426082FBD007BBE5F /* WordController.swift */ = {isa = PBXFileReference; fileEncoding = 4; lastKnownFileType = sourcecode.swift; path = WordController.swift; sourceTree = "<group>"; };
		E9976E0526082FBD007BBE5F /* UserService.swift */ = {isa = PBXFileReference; fileEncoding = 4; lastKnownFileType = sourcecode.swift; path = UserService.swift; sourceTree = "<group>"; };
		E9976E0626082FBD007BBE5F /* FolderController.swift */ = {isa = PBXFileReference; fileEncoding = 4; lastKnownFileType = sourcecode.swift; path = FolderController.swift; sourceTree = "<group>"; };
		E9976E0726082FBD007BBE5F /* FolderService.swift */ = {isa = PBXFileReference; fileEncoding = 4; lastKnownFileType = sourcecode.swift; path = FolderService.swift; sourceTree = "<group>"; };
		E9976E0826082FBD007BBE5F /* EveryVocabularyController.swift */ = {isa = PBXFileReference; fileEncoding = 4; lastKnownFileType = sourcecode.swift; path = EveryVocabularyController.swift; sourceTree = "<group>"; };
		E9976E0A26082FBD007BBE5F /* BaseManager.swift */ = {isa = PBXFileReference; fileEncoding = 4; lastKnownFileType = sourcecode.swift; path = BaseManager.swift; sourceTree = "<group>"; };
		E9976E0B26082FBD007BBE5F /* ServerURL.swift */ = {isa = PBXFileReference; fileEncoding = 4; lastKnownFileType = sourcecode.swift; path = ServerURL.swift; sourceTree = "<group>"; };
		E9976E0C26082FBD007BBE5F /* WordService.swift */ = {isa = PBXFileReference; fileEncoding = 4; lastKnownFileType = sourcecode.swift; path = WordService.swift; sourceTree = "<group>"; };
		E9976E0D26082FBD007BBE5F /* Folder.swift */ = {isa = PBXFileReference; fileEncoding = 4; lastKnownFileType = sourcecode.swift; path = Folder.swift; sourceTree = "<group>"; };
		E9976E0E26082FBD007BBE5F /* Word.swift */ = {isa = PBXFileReference; fileEncoding = 4; lastKnownFileType = sourcecode.swift; path = Word.swift; sourceTree = "<group>"; };
		E9976E0F26082FBD007BBE5F /* UserController.swift */ = {isa = PBXFileReference; fileEncoding = 4; lastKnownFileType = sourcecode.swift; path = UserController.swift; sourceTree = "<group>"; };
		E9976E2826083113007BBE5F /* DummyData.swift */ = {isa = PBXFileReference; fileEncoding = 4; lastKnownFileType = sourcecode.swift; path = DummyData.swift; sourceTree = "<group>"; };
		E9976E2E26083152007BBE5F /* Notification.Name+.swift */ = {isa = PBXFileReference; fileEncoding = 4; lastKnownFileType = sourcecode.swift; path = "Notification.Name+.swift"; sourceTree = "<group>"; };
		E9976E3326083557007BBE5F /* GameViewController.swift */ = {isa = PBXFileReference; lastKnownFileType = sourcecode.swift; path = GameViewController.swift; sourceTree = "<group>"; };
		E9976E3926083C11007BBE5F /* FlipCardViewDataSource.swift */ = {isa = PBXFileReference; fileEncoding = 4; lastKnownFileType = sourcecode.swift; path = FlipCardViewDataSource.swift; sourceTree = "<group>"; };
		E9976E3A26083C11007BBE5F /* FlipCardViewDelegate.swift */ = {isa = PBXFileReference; fileEncoding = 4; lastKnownFileType = sourcecode.swift; path = FlipCardViewDelegate.swift; sourceTree = "<group>"; };
		E9976E4126083C1B007BBE5F /* FlipGameViewController.swift */ = {isa = PBXFileReference; fileEncoding = 4; lastKnownFileType = sourcecode.swift; path = FlipGameViewController.swift; sourceTree = "<group>"; };
		E9976E4326083C1C007BBE5F /* StackContainerView.swift */ = {isa = PBXFileReference; fileEncoding = 4; indentWidth = 3; lastKnownFileType = sourcecode.swift; path = StackContainerView.swift; sourceTree = "<group>"; };
		E9976E4426083C1C007BBE5F /* FlipCardView.swift */ = {isa = PBXFileReference; fileEncoding = 4; lastKnownFileType = sourcecode.swift; path = FlipCardView.swift; sourceTree = "<group>"; };
		E9976E4626083C1D007BBE5F /* CardsDataModel.swift */ = {isa = PBXFileReference; fileEncoding = 4; lastKnownFileType = sourcecode.swift; path = CardsDataModel.swift; sourceTree = "<group>"; };
		E9976E4E26083C86007BBE5F /* GameCompleteViewController.swift */ = {isa = PBXFileReference; fileEncoding = 4; lastKnownFileType = sourcecode.swift; path = GameCompleteViewController.swift; sourceTree = "<group>"; };
		E9A1F0F72616B7E800535603 /* imageWord.swift */ = {isa = PBXFileReference; lastKnownFileType = sourcecode.swift; path = imageWord.swift; sourceTree = "<group>"; };
		E9A1F0FC2616B8EE00535603 /* CardMatching.swift */ = {isa = PBXFileReference; lastKnownFileType = sourcecode.swift; path = CardMatching.swift; sourceTree = "<group>"; };
		E9A1F1012616B96900535603 /* CardCell.swift */ = {isa = PBXFileReference; lastKnownFileType = sourcecode.swift; path = CardCell.swift; sourceTree = "<group>"; };
		E9A1F1062616BC8200535603 /* CardMatchingViewController.swift */ = {isa = PBXFileReference; lastKnownFileType = sourcecode.swift; path = CardMatchingViewController.swift; sourceTree = "<group>"; };
		E9EC5B4C26047224005CCBB8 /* GuideView.swift */ = {isa = PBXFileReference; lastKnownFileType = sourcecode.swift; path = GuideView.swift; sourceTree = "<group>"; };
		E9EC5B54260472F9005CCBB8 /* GameGuideUtill.swift */ = {isa = PBXFileReference; lastKnownFileType = sourcecode.swift; path = GameGuideUtill.swift; sourceTree = "<group>"; };
		E9EC5B59260475AF005CCBB8 /* SelectFolderViewController.swift */ = {isa = PBXFileReference; lastKnownFileType = sourcecode.swift; path = SelectFolderViewController.swift; sourceTree = "<group>"; };
		E9EC5B622604768E005CCBB8 /* LeftTitleNavigationView.swift */ = {isa = PBXFileReference; fileEncoding = 4; lastKnownFileType = sourcecode.swift; path = LeftTitleNavigationView.swift; sourceTree = "<group>"; };
		E9EC5B632604768E005CCBB8 /* SideNavigationView.swift */ = {isa = PBXFileReference; fileEncoding = 4; lastKnownFileType = sourcecode.swift; path = SideNavigationView.swift; sourceTree = "<group>"; };
		E9F032A32601A78B00E9D0D5 /* SparkRefactoring.app */ = {isa = PBXFileReference; explicitFileType = wrapper.application; includeInIndex = 0; path = SparkRefactoring.app; sourceTree = BUILT_PRODUCTS_DIR; };
		E9F032A62601A78B00E9D0D5 /* AppDelegate.swift */ = {isa = PBXFileReference; lastKnownFileType = sourcecode.swift; path = AppDelegate.swift; sourceTree = "<group>"; };
		E9F032AA2601A78B00E9D0D5 /* ViewController.swift */ = {isa = PBXFileReference; lastKnownFileType = sourcecode.swift; path = ViewController.swift; sourceTree = "<group>"; };
		E9F032AF2601A78C00E9D0D5 /* Assets.xcassets */ = {isa = PBXFileReference; lastKnownFileType = folder.assetcatalog; path = Assets.xcassets; sourceTree = "<group>"; };
		E9F032B22601A78C00E9D0D5 /* Base */ = {isa = PBXFileReference; lastKnownFileType = file.storyboard; name = Base; path = Base.lproj/LaunchScreen.storyboard; sourceTree = "<group>"; };
		E9F032B42601A78C00E9D0D5 /* Info.plist */ = {isa = PBXFileReference; lastKnownFileType = text.plist.xml; path = Info.plist; sourceTree = "<group>"; };
		E9F032DE2601A9B300E9D0D5 /* VocaGame.framework */ = {isa = PBXFileReference; explicitFileType = wrapper.framework; includeInIndex = 0; path = VocaGame.framework; sourceTree = BUILT_PRODUCTS_DIR; };
		E9F032E02601A9B300E9D0D5 /* VocaGame.h */ = {isa = PBXFileReference; lastKnownFileType = sourcecode.c.h; path = VocaGame.h; sourceTree = "<group>"; };
		E9F032E12601A9B300E9D0D5 /* Info.plist */ = {isa = PBXFileReference; lastKnownFileType = text.plist.xml; path = Info.plist; sourceTree = "<group>"; };
		E9F032F12601A9CC00E9D0D5 /* VocaDesignSystem.framework */ = {isa = PBXFileReference; explicitFileType = wrapper.framework; includeInIndex = 0; path = VocaDesignSystem.framework; sourceTree = BUILT_PRODUCTS_DIR; };
		E9F032F32601A9CC00E9D0D5 /* VocaDesignSystem.h */ = {isa = PBXFileReference; lastKnownFileType = sourcecode.c.h; path = VocaDesignSystem.h; sourceTree = "<group>"; };
		E9F032F42601A9CC00E9D0D5 /* Info.plist */ = {isa = PBXFileReference; lastKnownFileType = text.plist.xml; path = Info.plist; sourceTree = "<group>"; };
		E9F033042601A9F000E9D0D5 /* VocaSubsystem.framework */ = {isa = PBXFileReference; explicitFileType = wrapper.framework; includeInIndex = 0; path = VocaSubsystem.framework; sourceTree = BUILT_PRODUCTS_DIR; };
		E9F033062601A9F000E9D0D5 /* VocaSubsystem.h */ = {isa = PBXFileReference; lastKnownFileType = sourcecode.c.h; path = VocaSubsystem.h; sourceTree = "<group>"; };
		E9F033072601A9F000E9D0D5 /* Info.plist */ = {isa = PBXFileReference; lastKnownFileType = text.plist.xml; path = Info.plist; sourceTree = "<group>"; };
		E9F033172601ABAA00E9D0D5 /* SplashViewController.swift */ = {isa = PBXFileReference; lastKnownFileType = sourcecode.swift; path = SplashViewController.swift; sourceTree = "<group>"; };
		E9F033272601ABE500E9D0D5 /* Splash.storyboard */ = {isa = PBXFileReference; fileEncoding = 4; lastKnownFileType = file.storyboard; path = Splash.storyboard; sourceTree = "<group>"; };
		E9F033312601AE2600E9D0D5 /* HomeViewController.swift */ = {isa = PBXFileReference; lastKnownFileType = sourcecode.swift; path = HomeViewController.swift; sourceTree = "<group>"; };
		E9F033372601AE8200E9D0D5 /* UserDefaults+.swift */ = {isa = PBXFileReference; fileEncoding = 4; lastKnownFileType = sourcecode.swift; path = "UserDefaults+.swift"; sourceTree = "<group>"; };
		E9F033382601AE8200E9D0D5 /* String+.swift */ = {isa = PBXFileReference; fileEncoding = 4; lastKnownFileType = sourcecode.swift; path = "String+.swift"; sourceTree = "<group>"; };
		E9F033392601AE8200E9D0D5 /* ModeConfig.swift */ = {isa = PBXFileReference; fileEncoding = 4; lastKnownFileType = sourcecode.swift; path = ModeConfig.swift; sourceTree = "<group>"; };
		E9F0333A2601AE8200E9D0D5 /* ModeConfigStateView.swift */ = {isa = PBXFileReference; fileEncoding = 4; lastKnownFileType = sourcecode.swift; path = ModeConfigStateView.swift; sourceTree = "<group>"; };
		E9F0333B2601AE8200E9D0D5 /* UIAlerController.swift */ = {isa = PBXFileReference; fileEncoding = 4; lastKnownFileType = sourcecode.swift; path = UIAlerController.swift; sourceTree = "<group>"; };
		E9F0333C2601AE8200E9D0D5 /* UILabel+.swift */ = {isa = PBXFileReference; fileEncoding = 4; lastKnownFileType = sourcecode.swift; path = "UILabel+.swift"; sourceTree = "<group>"; };
		E9F0333D2601AE8200E9D0D5 /* Notification.Name+.swift */ = {isa = PBXFileReference; fileEncoding = 4; lastKnownFileType = sourcecode.swift; path = "Notification.Name+.swift"; sourceTree = "<group>"; };
		E9F0333E2601AE8200E9D0D5 /* UITapGestureRecognizer+.swift */ = {isa = PBXFileReference; fileEncoding = 4; lastKnownFileType = sourcecode.swift; path = "UITapGestureRecognizer+.swift"; sourceTree = "<group>"; };
		E9F0333F2601AE8200E9D0D5 /* UIWindow+.swift */ = {isa = PBXFileReference; fileEncoding = 4; lastKnownFileType = sourcecode.swift; path = "UIWindow+.swift"; sourceTree = "<group>"; };
		E9F0334C2601AF2400E9D0D5 /* HomeHeaderView.swift */ = {isa = PBXFileReference; lastKnownFileType = sourcecode.swift; path = HomeHeaderView.swift; sourceTree = "<group>"; };
		E9F033512601AF6800E9D0D5 /* MyVocaViewController.swift */ = {isa = PBXFileReference; lastKnownFileType = sourcecode.swift; path = MyVocaViewController.swift; sourceTree = "<group>"; };
		E9FF918A261AAF67001B063C /* VocaCoreDataManager.swift */ = {isa = PBXFileReference; lastKnownFileType = sourcecode.swift; path = VocaCoreDataManager.swift; sourceTree = "<group>"; };
		E9FF918F261AAF6F001B063C /* VocaManager.swift */ = {isa = PBXFileReference; lastKnownFileType = sourcecode.swift; path = VocaManager.swift; sourceTree = "<group>"; };
		F46D7FCF59B0B35F83F358A5 /* Pods-VocaGame.debug.xcconfig */ = {isa = PBXFileReference; includeInIndex = 1; lastKnownFileType = text.xcconfig; name = "Pods-VocaGame.debug.xcconfig"; path = "Target Support Files/Pods-VocaGame/Pods-VocaGame.debug.xcconfig"; sourceTree = "<group>"; };
		FBB96D28878A15F48DFA15F1 /* Pods-VocaSubsystem.release.xcconfig */ = {isa = PBXFileReference; includeInIndex = 1; lastKnownFileType = text.xcconfig; name = "Pods-VocaSubsystem.release.xcconfig"; path = "Target Support Files/Pods-VocaSubsystem/Pods-VocaSubsystem.release.xcconfig"; sourceTree = "<group>"; };
/* End PBXFileReference section */

/* Begin PBXFrameworksBuildPhase section */
		E9F032A02601A78B00E9D0D5 /* Frameworks */ = {
			isa = PBXFrameworksBuildPhase;
			buildActionMask = 2147483647;
			files = (
				E9F032F82601A9CC00E9D0D5 /* VocaDesignSystem.framework in Frameworks */,
				E9F032E52601A9B300E9D0D5 /* VocaGame.framework in Frameworks */,
				E9F0330B2601A9F000E9D0D5 /* VocaSubsystem.framework in Frameworks */,
				F3EFC7D77D9E6648D3FAEB7F /* Pods_SparkRefactoring.framework in Frameworks */,
			);
			runOnlyForDeploymentPostprocessing = 0;
		};
		E9F032DB2601A9B300E9D0D5 /* Frameworks */ = {
			isa = PBXFrameworksBuildPhase;
			buildActionMask = 2147483647;
			files = (
				DAD599028AFA2A8ED5D95FDC /* Pods_VocaGame.framework in Frameworks */,
			);
			runOnlyForDeploymentPostprocessing = 0;
		};
		E9F032EE2601A9CC00E9D0D5 /* Frameworks */ = {
			isa = PBXFrameworksBuildPhase;
			buildActionMask = 2147483647;
			files = (
				AFBD37269500115E05D3F3BD /* Pods_VocaDesignSystem.framework in Frameworks */,
			);
			runOnlyForDeploymentPostprocessing = 0;
		};
		E9F033012601A9F000E9D0D5 /* Frameworks */ = {
			isa = PBXFrameworksBuildPhase;
			buildActionMask = 2147483647;
			files = (
				1D4CB9AB600F020FBC23B739 /* Pods_VocaSubsystem.framework in Frameworks */,
			);
			runOnlyForDeploymentPostprocessing = 0;
		};
/* End PBXFrameworksBuildPhase section */

/* Begin PBXGroup section */
		20F1CADBD9F885A5D27E3471 /* Pods */ = {
			isa = PBXGroup;
			children = (
				4414EAC56693C6CECEDEC45F /* Pods-SparkRefactoring.debug.xcconfig */,
				C63A0ABBA29A468D09CB08B2 /* Pods-SparkRefactoring.release.xcconfig */,
				A24DE79FDCE5D9D6ABE8E214 /* Pods-VocaDesignSystem.debug.xcconfig */,
				1CD313B9679BD7560FFCB736 /* Pods-VocaDesignSystem.release.xcconfig */,
				F46D7FCF59B0B35F83F358A5 /* Pods-VocaGame.debug.xcconfig */,
				8411DBFF39DF43AC580AAE65 /* Pods-VocaGame.release.xcconfig */,
				486A5E09A07EEC5AC4543FEF /* Pods-VocaSubsystem.debug.xcconfig */,
				FBB96D28878A15F48DFA15F1 /* Pods-VocaSubsystem.release.xcconfig */,
			);
			path = Pods;
			sourceTree = "<group>";
		};
		E946E598260324E400F640F7 /* ConfettiAnimation */ = {
			isa = PBXGroup;
			children = (
				E946E59B2603250C00F640F7 /* ConfettiView.swift */,
			);
			path = ConfettiAnimation;
			sourceTree = "<group>";
		};
		E946E599260324F200F640F7 /* Flip */ = {
			isa = PBXGroup;
			children = (
				E9976E4026083C1B007BBE5F /* Controllers */,
				E9976E4526083C1D007BBE5F /* Model */,
				E9976E4226083C1C007BBE5F /* View */,
				E9976E3826083C11007BBE5F /* Utils */,
			);
			path = Flip;
			sourceTree = "<group>";
		};
		E946E59A260324FB00F640F7 /* Matching */ = {
			isa = PBXGroup;
			children = (
				E9A1F0F62616B7D500535603 /* Model */,
				E9A1F1012616B96900535603 /* CardCell.swift */,
				E9A1F1062616BC8200535603 /* CardMatchingViewController.swift */,
			);
			path = Matching;
			sourceTree = "<group>";
		};
		E98B1A52260844BD00970A17 /* Resources */ = {
			isa = PBXGroup;
			children = (
				E98B1A53260844BD00970A17 /* Quicksand-Bold.ttf */,
				E98B1A54260844BD00970A17 /* BalsamiqSansBold.ttf */,
			);
			name = Resources;
			path = "../../../../../Downloads/Spark-iOS-1.0.0/PoingDesignSystem/Resources";
			sourceTree = "<group>";
		};
		E9976E0026082FBD007BBE5F /* Network */ = {
			isa = PBXGroup;
			children = (
				E9976E0126082FBD007BBE5F /* UserInfo.swift */,
				E9976E0226082FBD007BBE5F /* EveryVocabularyService.swift */,
				E9976E0326082FBD007BBE5F /* EveryVocaResponse.swift */,
				E9976E0426082FBD007BBE5F /* WordController.swift */,
				E9976E0526082FBD007BBE5F /* UserService.swift */,
				E9976E0626082FBD007BBE5F /* FolderController.swift */,
				E9976E0726082FBD007BBE5F /* FolderService.swift */,
				E9976E0826082FBD007BBE5F /* EveryVocabularyController.swift */,
				E9976E0926082FBD007BBE5F /* Utills */,
				E9976E0C26082FBD007BBE5F /* WordService.swift */,
				E9976E0D26082FBD007BBE5F /* Folder.swift */,
				E9976E0E26082FBD007BBE5F /* Word.swift */,
				E9976E0F26082FBD007BBE5F /* UserController.swift */,
			);
			name = Network;
			path = "../../../../../Downloads/Spark-iOS-1.0.0/PoingVocaSubsystem/Network";
			sourceTree = "<group>";
		};
		E9976E0926082FBD007BBE5F /* Utills */ = {
			isa = PBXGroup;
			children = (
				E9976E0A26082FBD007BBE5F /* BaseManager.swift */,
				E9976E0B26082FBD007BBE5F /* ServerURL.swift */,
			);
			path = Utills;
			sourceTree = "<group>";
		};
		E9976E2726083113007BBE5F /* DummyData */ = {
			isa = PBXGroup;
			children = (
				E9976E2826083113007BBE5F /* DummyData.swift */,
			);
			path = DummyData;
			sourceTree = "<group>";
		};
		E9976E2D26083152007BBE5F /* Utills */ = {
			isa = PBXGroup;
			children = (
				E9976E2E26083152007BBE5F /* Notification.Name+.swift */,
			);
			path = Utills;
			sourceTree = "<group>";
		};
		E9976E3826083C11007BBE5F /* Utils */ = {
			isa = PBXGroup;
			children = (
				E9976E3926083C11007BBE5F /* FlipCardViewDataSource.swift */,
				E9976E3A26083C11007BBE5F /* FlipCardViewDelegate.swift */,
			);
			path = Utils;
			sourceTree = "<group>";
		};
		E9976E4026083C1B007BBE5F /* Controllers */ = {
			isa = PBXGroup;
			children = (
				E9976E4126083C1B007BBE5F /* FlipGameViewController.swift */,
			);
			path = Controllers;
			sourceTree = "<group>";
		};
		E9976E4226083C1C007BBE5F /* View */ = {
			isa = PBXGroup;
			children = (
				E9976E4326083C1C007BBE5F /* StackContainerView.swift */,
				E9976E4426083C1C007BBE5F /* FlipCardView.swift */,
			);
			path = View;
			sourceTree = "<group>";
		};
		E9976E4526083C1D007BBE5F /* Model */ = {
			isa = PBXGroup;
			children = (
				E9976E4626083C1D007BBE5F /* CardsDataModel.swift */,
			);
			path = Model;
			sourceTree = "<group>";
		};
		E9A1F0F62616B7D500535603 /* Model */ = {
			isa = PBXGroup;
			children = (
				E9A1F0F72616B7E800535603 /* imageWord.swift */,
				E9A1F0FC2616B8EE00535603 /* CardMatching.swift */,
			);
			name = Model;
			path = "ㅡㅐㅇ디";
			sourceTree = "<group>";
		};
		E9EC5B4B2604720C005CCBB8 /* Guide */ = {
			isa = PBXGroup;
			children = (
				E9EC5B4C26047224005CCBB8 /* GuideView.swift */,
				E9EC5B54260472F9005CCBB8 /* GameGuideUtill.swift */,
			);
			path = Guide;
			sourceTree = "<group>";
		};
		E9EC5B612604768E005CCBB8 /* NavigationView */ = {
			isa = PBXGroup;
			children = (
				E9EC5B622604768E005CCBB8 /* LeftTitleNavigationView.swift */,
				E9EC5B632604768E005CCBB8 /* SideNavigationView.swift */,
			);
			path = NavigationView;
			sourceTree = "<group>";
		};
		E9F0329A2601A78B00E9D0D5 = {
			isa = PBXGroup;
			children = (
				E9F032A52601A78B00E9D0D5 /* SparkRefactoring */,
				E9F032DF2601A9B300E9D0D5 /* VocaGame */,
				E9F032F22601A9CC00E9D0D5 /* VocaDesignSystem */,
				E9F033052601A9F000E9D0D5 /* VocaSubsystem */,
				E9F032A42601A78B00E9D0D5 /* Products */,
				20F1CADBD9F885A5D27E3471 /* Pods */,
				EA8DAF4FBA3245B0B9737F04 /* Frameworks */,
			);
			sourceTree = "<group>";
		};
		E9F032A42601A78B00E9D0D5 /* Products */ = {
			isa = PBXGroup;
			children = (
				E9F032A32601A78B00E9D0D5 /* SparkRefactoring.app */,
				E9F032DE2601A9B300E9D0D5 /* VocaGame.framework */,
				E9F032F12601A9CC00E9D0D5 /* VocaDesignSystem.framework */,
				E9F033042601A9F000E9D0D5 /* VocaSubsystem.framework */,
			);
			name = Products;
			sourceTree = "<group>";
		};
		E9F032A52601A78B00E9D0D5 /* SparkRefactoring */ = {
			isa = PBXGroup;
			children = (
				E9F033362601AE5400E9D0D5 /* Utils */,
				E9F033162601AA5B00E9D0D5 /* Splash */,
				E9F032D82601A99300E9D0D5 /* MyVoca */,
				E9F032D72601A98800E9D0D5 /* Game */,
				E9F032D62601A98200E9D0D5 /* Resource */,
				E9F032A62601A78B00E9D0D5 /* AppDelegate.swift */,
				E9F032AA2601A78B00E9D0D5 /* ViewController.swift */,
				E9F032B12601A78C00E9D0D5 /* LaunchScreen.storyboard */,
				E9F032B42601A78C00E9D0D5 /* Info.plist */,
			);
			path = SparkRefactoring;
			sourceTree = "<group>";
		};
		E9F032D62601A98200E9D0D5 /* Resource */ = {
			isa = PBXGroup;
			children = (
				E9F032AF2601A78C00E9D0D5 /* Assets.xcassets */,
			);
			path = Resource;
			sourceTree = "<group>";
		};
		E9F032D72601A98800E9D0D5 /* Game */ = {
			isa = PBXGroup;
			children = (
				E946E52F2602F73F00F640F7 /* GameCell.swift */,
				E9976E3326083557007BBE5F /* GameViewController.swift */,
			);
			path = Game;
			sourceTree = "<group>";
		};
		E9F032D82601A99300E9D0D5 /* MyVoca */ = {
			isa = PBXGroup;
			children = (
				E9F033312601AE2600E9D0D5 /* HomeViewController.swift */,
				E9F033512601AF6800E9D0D5 /* MyVocaViewController.swift */,
				E9F0334C2601AF2400E9D0D5 /* HomeHeaderView.swift */,
			);
			path = MyVoca;
			sourceTree = "<group>";
		};
		E9F032DF2601A9B300E9D0D5 /* VocaGame */ = {
			isa = PBXGroup;
			children = (
				E9976E4E26083C86007BBE5F /* GameCompleteViewController.swift */,
				E9EC5B4B2604720C005CCBB8 /* Guide */,
				E946E59A260324FB00F640F7 /* Matching */,
				E946E599260324F200F640F7 /* Flip */,
				E946E598260324E400F640F7 /* ConfettiAnimation */,
				E9F032E02601A9B300E9D0D5 /* VocaGame.h */,
				E9F032E12601A9B300E9D0D5 /* Info.plist */,
				E946E55D2602FC3500F640F7 /* Media.xcassets */,
				E946E5342602F85D00F640F7 /* GameType.swift */,
				E946E5392602F9FE00F640F7 /* ScoreAnimateView.swift */,
				E946E5622602FE4900F640F7 /* SelectFolderCell.swift */,
				E946E5932603246C00F640F7 /* ProgressBarNavigationView.swift */,
				E9EC5B59260475AF005CCBB8 /* SelectFolderViewController.swift */,
			);
			path = VocaGame;
			sourceTree = "<group>";
		};
		E9F032F22601A9CC00E9D0D5 /* VocaDesignSystem */ = {
			isa = PBXGroup;
			children = (
				E98B1A52260844BD00970A17 /* Resources */,
				E9EC5B612604768E005CCBB8 /* NavigationView */,
				E946E5252602EEC600F640F7 /* DeleteUserPopupViewController.swift */,
				E946E5242602EEC600F640F7 /* NoticePopupViewController.swift */,
				E946E51F2602EEC600F640F7 /* SelectFolderButton.swift */,
				E946E5202602EEC600F640F7 /* SuccessPopupView.swift */,
				E946E50A2602EEB900F640F7 /* AccentButton.swift */,
				E946E5072602EEB900F640F7 /* AccentLineTextField.swift */,
				E946E5082602EEB900F640F7 /* AddWordTextField.swift */,
				E946E50D2602EEB900F640F7 /* CALayer+.swift */,
				E946E5062602EEB900F640F7 /* PoingDesignSystem.h */,
				E946E50C2602EEB900F640F7 /* PopupViewController.swift */,
				E946E50E2602EEB900F640F7 /* PulseAnimation.swift */,
				E946E50F2602EEB900F640F7 /* RadioButton.swift */,
				E946E5052602EEB800F640F7 /* UIColor+.swift */,
				E946E5042602EEB800F640F7 /* UIFont+.swift */,
				E946E5092602EEB900F640F7 /* VDSTextField.swift */,
				E9F032F32601A9CC00E9D0D5 /* VocaDesignSystem.h */,
				E9F032F42601A9CC00E9D0D5 /* Info.plist */,
			);
			path = VocaDesignSystem;
			sourceTree = "<group>";
		};
		E9F033052601A9F000E9D0D5 /* VocaSubsystem */ = {
			isa = PBXGroup;
			children = (
				E9976E2D26083152007BBE5F /* Utills */,
				E9976E2726083113007BBE5F /* DummyData */,
				E9976E0026082FBD007BBE5F /* Network */,
				E946E5882603163E00F640F7 /* ManagedGroup+CoreDataClass.swift */,
				E946E5892603163E00F640F7 /* ManagedGroup+CoreDataProperties.swift */,
				E946E58A2603163E00F640F7 /* ManagedWord+CoreDataClass.swift */,
				E946E58B2603163E00F640F7 /* ManagedWord+CoreDataProperties.swift */,
				E9FF918A261AAF67001B063C /* VocaCoreDataManager.swift */,
				E9FF918F261AAF6F001B063C /* VocaManager.swift */,
				E946E5742603130500F640F7 /* Voca.xcdatamodeld */,
				E9F033062601A9F000E9D0D5 /* VocaSubsystem.h */,
				E9F033072601A9F000E9D0D5 /* Info.plist */,
			);
			path = VocaSubsystem;
			sourceTree = "<group>";
		};
		E9F033162601AA5B00E9D0D5 /* Splash */ = {
			isa = PBXGroup;
			children = (
				E9F033272601ABE500E9D0D5 /* Splash.storyboard */,
				E9F033172601ABAA00E9D0D5 /* SplashViewController.swift */,
			);
			path = Splash;
			sourceTree = "<group>";
		};
		E9F033362601AE5400E9D0D5 /* Utils */ = {
			isa = PBXGroup;
			children = (
				E9F033392601AE8200E9D0D5 /* ModeConfig.swift */,
				E9F0333A2601AE8200E9D0D5 /* ModeConfigStateView.swift */,
				E9F0333D2601AE8200E9D0D5 /* Notification.Name+.swift */,
				E9F033382601AE8200E9D0D5 /* String+.swift */,
				E9F0333B2601AE8200E9D0D5 /* UIAlerController.swift */,
				E9F0333C2601AE8200E9D0D5 /* UILabel+.swift */,
				E9F0333E2601AE8200E9D0D5 /* UITapGestureRecognizer+.swift */,
				E9F0333F2601AE8200E9D0D5 /* UIWindow+.swift */,
				E9F033372601AE8200E9D0D5 /* UserDefaults+.swift */,
			);
			path = Utils;
			sourceTree = "<group>";
		};
		EA8DAF4FBA3245B0B9737F04 /* Frameworks */ = {
			isa = PBXGroup;
			children = (
				7FAFDA053038083F2D2FE278 /* Pods_SparkRefactoring.framework */,
				77A615DAF3CFC3B207FD02A0 /* Pods_VocaDesignSystem.framework */,
				5EC151EA7945A0C8152373CB /* Pods_VocaGame.framework */,
				B5A95BE2D7C635755BAC6461 /* Pods_VocaSubsystem.framework */,
			);
			name = Frameworks;
			sourceTree = "<group>";
		};
/* End PBXGroup section */

/* Begin PBXHeadersBuildPhase section */
		E9F032D92601A9B300E9D0D5 /* Headers */ = {
			isa = PBXHeadersBuildPhase;
			buildActionMask = 2147483647;
			files = (
				E9F032E22601A9B300E9D0D5 /* VocaGame.h in Headers */,
			);
			runOnlyForDeploymentPostprocessing = 0;
		};
		E9F032EC2601A9CC00E9D0D5 /* Headers */ = {
			isa = PBXHeadersBuildPhase;
			buildActionMask = 2147483647;
			files = (
				E9F032F52601A9CC00E9D0D5 /* VocaDesignSystem.h in Headers */,
				E946E5122602EEB900F640F7 /* PoingDesignSystem.h in Headers */,
			);
			runOnlyForDeploymentPostprocessing = 0;
		};
		E9F032FF2601A9F000E9D0D5 /* Headers */ = {
			isa = PBXHeadersBuildPhase;
			buildActionMask = 2147483647;
			files = (
				E9F033082601A9F000E9D0D5 /* VocaSubsystem.h in Headers */,
			);
			runOnlyForDeploymentPostprocessing = 0;
		};
/* End PBXHeadersBuildPhase section */

/* Begin PBXNativeTarget section */
		E9F032A22601A78B00E9D0D5 /* SparkRefactoring */ = {
			isa = PBXNativeTarget;
			buildConfigurationList = E9F032B72601A78C00E9D0D5 /* Build configuration list for PBXNativeTarget "SparkRefactoring" */;
			buildPhases = (
				15D9BAA58F09B44C7D3ADA79 /* [CP] Check Pods Manifest.lock */,
				E9F0329F2601A78B00E9D0D5 /* Sources */,
				E9F032A02601A78B00E9D0D5 /* Frameworks */,
				E9F032A12601A78B00E9D0D5 /* Resources */,
				E9F032EA2601A9B400E9D0D5 /* Embed Frameworks */,
				DE52474564AA2440082A0C7D /* [CP] Embed Pods Frameworks */,
			);
			buildRules = (
			);
			dependencies = (
				E9F032E42601A9B300E9D0D5 /* PBXTargetDependency */,
				E9F032F72601A9CC00E9D0D5 /* PBXTargetDependency */,
				E9F0330A2601A9F000E9D0D5 /* PBXTargetDependency */,
			);
			name = SparkRefactoring;
			productName = SparkRefactoring;
			productReference = E9F032A32601A78B00E9D0D5 /* SparkRefactoring.app */;
			productType = "com.apple.product-type.application";
		};
		E9F032DD2601A9B300E9D0D5 /* VocaGame */ = {
			isa = PBXNativeTarget;
			buildConfigurationList = E9F032E72601A9B400E9D0D5 /* Build configuration list for PBXNativeTarget "VocaGame" */;
			buildPhases = (
				6D137E21EFE8467811CC66AC /* [CP] Check Pods Manifest.lock */,
				E9F032D92601A9B300E9D0D5 /* Headers */,
				E9F032DA2601A9B300E9D0D5 /* Sources */,
				E9F032DB2601A9B300E9D0D5 /* Frameworks */,
				E9F032DC2601A9B300E9D0D5 /* Resources */,
			);
			buildRules = (
			);
			dependencies = (
			);
			name = VocaGame;
			productName = VocaGame;
			productReference = E9F032DE2601A9B300E9D0D5 /* VocaGame.framework */;
			productType = "com.apple.product-type.framework";
		};
		E9F032F02601A9CC00E9D0D5 /* VocaDesignSystem */ = {
			isa = PBXNativeTarget;
			buildConfigurationList = E9F032FA2601A9CC00E9D0D5 /* Build configuration list for PBXNativeTarget "VocaDesignSystem" */;
			buildPhases = (
				622E6E05C494C36FD5A1A665 /* [CP] Check Pods Manifest.lock */,
				E9F032EC2601A9CC00E9D0D5 /* Headers */,
				E9F032ED2601A9CC00E9D0D5 /* Sources */,
				E9F032EE2601A9CC00E9D0D5 /* Frameworks */,
				E9F032EF2601A9CC00E9D0D5 /* Resources */,
			);
			buildRules = (
			);
			dependencies = (
			);
			name = VocaDesignSystem;
			productName = VocaDesignSystem;
			productReference = E9F032F12601A9CC00E9D0D5 /* VocaDesignSystem.framework */;
			productType = "com.apple.product-type.framework";
		};
		E9F033032601A9F000E9D0D5 /* VocaSubsystem */ = {
			isa = PBXNativeTarget;
			buildConfigurationList = E9F0330D2601A9F000E9D0D5 /* Build configuration list for PBXNativeTarget "VocaSubsystem" */;
			buildPhases = (
				58F299725EED9BA5473F1BE2 /* [CP] Check Pods Manifest.lock */,
				E9F032FF2601A9F000E9D0D5 /* Headers */,
				E9F033002601A9F000E9D0D5 /* Sources */,
				E9F033012601A9F000E9D0D5 /* Frameworks */,
				E9F033022601A9F000E9D0D5 /* Resources */,
			);
			buildRules = (
			);
			dependencies = (
			);
			name = VocaSubsystem;
			productName = VocaSubsystem;
			productReference = E9F033042601A9F000E9D0D5 /* VocaSubsystem.framework */;
			productType = "com.apple.product-type.framework";
		};
/* End PBXNativeTarget section */

/* Begin PBXProject section */
		E9F0329B2601A78B00E9D0D5 /* Project object */ = {
			isa = PBXProject;
			attributes = {
				LastSwiftUpdateCheck = 1240;
				LastUpgradeCheck = 1240;
				TargetAttributes = {
					E9F032A22601A78B00E9D0D5 = {
						CreatedOnToolsVersion = 12.4;
					};
					E9F032DD2601A9B300E9D0D5 = {
						CreatedOnToolsVersion = 12.4;
						LastSwiftMigration = 1240;
					};
					E9F032F02601A9CC00E9D0D5 = {
						CreatedOnToolsVersion = 12.4;
						LastSwiftMigration = 1240;
					};
					E9F033032601A9F000E9D0D5 = {
						CreatedOnToolsVersion = 12.4;
						LastSwiftMigration = 1240;
					};
				};
			};
			buildConfigurationList = E9F0329E2601A78B00E9D0D5 /* Build configuration list for PBXProject "SparkRefactoring" */;
			compatibilityVersion = "Xcode 9.3";
			developmentRegion = en;
			hasScannedForEncodings = 0;
			knownRegions = (
				en,
				Base,
			);
			mainGroup = E9F0329A2601A78B00E9D0D5;
			productRefGroup = E9F032A42601A78B00E9D0D5 /* Products */;
			projectDirPath = "";
			projectRoot = "";
			targets = (
				E9F032A22601A78B00E9D0D5 /* SparkRefactoring */,
				E9F032DD2601A9B300E9D0D5 /* VocaGame */,
				E9F032F02601A9CC00E9D0D5 /* VocaDesignSystem */,
				E9F033032601A9F000E9D0D5 /* VocaSubsystem */,
			);
		};
/* End PBXProject section */

/* Begin PBXResourcesBuildPhase section */
		E9F032A12601A78B00E9D0D5 /* Resources */ = {
			isa = PBXResourcesBuildPhase;
			buildActionMask = 2147483647;
			files = (
				E98B1A652608454000970A17 /* BalsamiqSansBold.ttf in Resources */,
				E9F032B32601A78C00E9D0D5 /* LaunchScreen.storyboard in Resources */,
				E9F032B02601A78C00E9D0D5 /* Assets.xcassets in Resources */,
				E9F033282601ABE500E9D0D5 /* Splash.storyboard in Resources */,
				E9A1F1122616DC8B00535603 /* Media.xcassets in Resources */,
				E98B1A5D2608453B00970A17 /* Quicksand-Bold.ttf in Resources */,
			);
			runOnlyForDeploymentPostprocessing = 0;
		};
		E9F032DC2601A9B300E9D0D5 /* Resources */ = {
			isa = PBXResourcesBuildPhase;
			buildActionMask = 2147483647;
			files = (
				E946E55E2602FC3500F640F7 /* Media.xcassets in Resources */,
				E98B1A612608453C00970A17 /* Quicksand-Bold.ttf in Resources */,
				E98B1A692608454000970A17 /* BalsamiqSansBold.ttf in Resources */,
			);
			runOnlyForDeploymentPostprocessing = 0;
		};
		E9F032EF2601A9CC00E9D0D5 /* Resources */ = {
			isa = PBXResourcesBuildPhase;
			buildActionMask = 2147483647;
			files = (
				E98B1A56260844BD00970A17 /* BalsamiqSansBold.ttf in Resources */,
				E98B1A55260844BD00970A17 /* Quicksand-Bold.ttf in Resources */,
			);
			runOnlyForDeploymentPostprocessing = 0;
		};
		E9F033022601A9F000E9D0D5 /* Resources */ = {
			isa = PBXResourcesBuildPhase;
			buildActionMask = 2147483647;
			files = (
				E98B1A6A2608454100970A17 /* BalsamiqSansBold.ttf in Resources */,
				E98B1A712608454400970A17 /* Quicksand-Bold.ttf in Resources */,
			);
			runOnlyForDeploymentPostprocessing = 0;
		};
/* End PBXResourcesBuildPhase section */

/* Begin PBXShellScriptBuildPhase section */
		15D9BAA58F09B44C7D3ADA79 /* [CP] Check Pods Manifest.lock */ = {
			isa = PBXShellScriptBuildPhase;
			buildActionMask = 2147483647;
			files = (
			);
			inputFileListPaths = (
			);
			inputPaths = (
				"${PODS_PODFILE_DIR_PATH}/Podfile.lock",
				"${PODS_ROOT}/Manifest.lock",
			);
			name = "[CP] Check Pods Manifest.lock";
			outputFileListPaths = (
			);
			outputPaths = (
				"$(DERIVED_FILE_DIR)/Pods-SparkRefactoring-checkManifestLockResult.txt",
			);
			runOnlyForDeploymentPostprocessing = 0;
			shellPath = /bin/sh;
			shellScript = "diff \"${PODS_PODFILE_DIR_PATH}/Podfile.lock\" \"${PODS_ROOT}/Manifest.lock\" > /dev/null\nif [ $? != 0 ] ; then\n    # print error to STDERR\n    echo \"error: The sandbox is not in sync with the Podfile.lock. Run 'pod install' or update your CocoaPods installation.\" >&2\n    exit 1\nfi\n# This output is used by Xcode 'outputs' to avoid re-running this script phase.\necho \"SUCCESS\" > \"${SCRIPT_OUTPUT_FILE_0}\"\n";
			showEnvVarsInLog = 0;
		};
		58F299725EED9BA5473F1BE2 /* [CP] Check Pods Manifest.lock */ = {
			isa = PBXShellScriptBuildPhase;
			buildActionMask = 2147483647;
			files = (
			);
			inputFileListPaths = (
			);
			inputPaths = (
				"${PODS_PODFILE_DIR_PATH}/Podfile.lock",
				"${PODS_ROOT}/Manifest.lock",
			);
			name = "[CP] Check Pods Manifest.lock";
			outputFileListPaths = (
			);
			outputPaths = (
				"$(DERIVED_FILE_DIR)/Pods-VocaSubsystem-checkManifestLockResult.txt",
			);
			runOnlyForDeploymentPostprocessing = 0;
			shellPath = /bin/sh;
			shellScript = "diff \"${PODS_PODFILE_DIR_PATH}/Podfile.lock\" \"${PODS_ROOT}/Manifest.lock\" > /dev/null\nif [ $? != 0 ] ; then\n    # print error to STDERR\n    echo \"error: The sandbox is not in sync with the Podfile.lock. Run 'pod install' or update your CocoaPods installation.\" >&2\n    exit 1\nfi\n# This output is used by Xcode 'outputs' to avoid re-running this script phase.\necho \"SUCCESS\" > \"${SCRIPT_OUTPUT_FILE_0}\"\n";
			showEnvVarsInLog = 0;
		};
		622E6E05C494C36FD5A1A665 /* [CP] Check Pods Manifest.lock */ = {
			isa = PBXShellScriptBuildPhase;
			buildActionMask = 2147483647;
			files = (
			);
			inputFileListPaths = (
			);
			inputPaths = (
				"${PODS_PODFILE_DIR_PATH}/Podfile.lock",
				"${PODS_ROOT}/Manifest.lock",
			);
			name = "[CP] Check Pods Manifest.lock";
			outputFileListPaths = (
			);
			outputPaths = (
				"$(DERIVED_FILE_DIR)/Pods-VocaDesignSystem-checkManifestLockResult.txt",
			);
			runOnlyForDeploymentPostprocessing = 0;
			shellPath = /bin/sh;
			shellScript = "diff \"${PODS_PODFILE_DIR_PATH}/Podfile.lock\" \"${PODS_ROOT}/Manifest.lock\" > /dev/null\nif [ $? != 0 ] ; then\n    # print error to STDERR\n    echo \"error: The sandbox is not in sync with the Podfile.lock. Run 'pod install' or update your CocoaPods installation.\" >&2\n    exit 1\nfi\n# This output is used by Xcode 'outputs' to avoid re-running this script phase.\necho \"SUCCESS\" > \"${SCRIPT_OUTPUT_FILE_0}\"\n";
			showEnvVarsInLog = 0;
		};
		6D137E21EFE8467811CC66AC /* [CP] Check Pods Manifest.lock */ = {
			isa = PBXShellScriptBuildPhase;
			buildActionMask = 2147483647;
			files = (
			);
			inputFileListPaths = (
			);
			inputPaths = (
				"${PODS_PODFILE_DIR_PATH}/Podfile.lock",
				"${PODS_ROOT}/Manifest.lock",
			);
			name = "[CP] Check Pods Manifest.lock";
			outputFileListPaths = (
			);
			outputPaths = (
				"$(DERIVED_FILE_DIR)/Pods-VocaGame-checkManifestLockResult.txt",
			);
			runOnlyForDeploymentPostprocessing = 0;
			shellPath = /bin/sh;
			shellScript = "diff \"${PODS_PODFILE_DIR_PATH}/Podfile.lock\" \"${PODS_ROOT}/Manifest.lock\" > /dev/null\nif [ $? != 0 ] ; then\n    # print error to STDERR\n    echo \"error: The sandbox is not in sync with the Podfile.lock. Run 'pod install' or update your CocoaPods installation.\" >&2\n    exit 1\nfi\n# This output is used by Xcode 'outputs' to avoid re-running this script phase.\necho \"SUCCESS\" > \"${SCRIPT_OUTPUT_FILE_0}\"\n";
			showEnvVarsInLog = 0;
		};
		DE52474564AA2440082A0C7D /* [CP] Embed Pods Frameworks */ = {
			isa = PBXShellScriptBuildPhase;
			buildActionMask = 2147483647;
			files = (
			);
			inputFileListPaths = (
				"${PODS_ROOT}/Target Support Files/Pods-SparkRefactoring/Pods-SparkRefactoring-frameworks-${CONFIGURATION}-input-files.xcfilelist",
			);
			name = "[CP] Embed Pods Frameworks";
			outputFileListPaths = (
				"${PODS_ROOT}/Target Support Files/Pods-SparkRefactoring/Pods-SparkRefactoring-frameworks-${CONFIGURATION}-output-files.xcfilelist",
			);
			runOnlyForDeploymentPostprocessing = 0;
			shellPath = /bin/sh;
			shellScript = "\"${PODS_ROOT}/Target Support Files/Pods-SparkRefactoring/Pods-SparkRefactoring-frameworks.sh\"\n";
			showEnvVarsInLog = 0;
		};
/* End PBXShellScriptBuildPhase section */

/* Begin PBXSourcesBuildPhase section */
		E9F0329F2601A78B00E9D0D5 /* Sources */ = {
			isa = PBXSourcesBuildPhase;
			buildActionMask = 2147483647;
			files = (
				E9F033442601AE8200E9D0D5 /* UIAlerController.swift in Sources */,
				E9F033182601ABAA00E9D0D5 /* SplashViewController.swift in Sources */,
				E9F033452601AE8200E9D0D5 /* UILabel+.swift in Sources */,
				E946E5302602F73F00F640F7 /* GameCell.swift in Sources */,
				E9F032AB2601A78B00E9D0D5 /* ViewController.swift in Sources */,
				E9F033402601AE8200E9D0D5 /* UserDefaults+.swift in Sources */,
				E9976E3426083557007BBE5F /* GameViewController.swift in Sources */,
				E9F033522601AF6800E9D0D5 /* MyVocaViewController.swift in Sources */,
				E9F033472601AE8200E9D0D5 /* UITapGestureRecognizer+.swift in Sources */,
				E9F033432601AE8200E9D0D5 /* ModeConfigStateView.swift in Sources */,
				E98B1A792608457B00970A17 /* UIFont+.swift in Sources */,
				E9F033462601AE8200E9D0D5 /* Notification.Name+.swift in Sources */,
				E9F033422601AE8200E9D0D5 /* ModeConfig.swift in Sources */,
				E9F032A72601A78B00E9D0D5 /* AppDelegate.swift in Sources */,
				E9F033412601AE8200E9D0D5 /* String+.swift in Sources */,
				E9F033482601AE8200E9D0D5 /* UIWindow+.swift in Sources */,
				E9F0334D2601AF2400E9D0D5 /* HomeHeaderView.swift in Sources */,
				E9F033322601AE2600E9D0D5 /* HomeViewController.swift in Sources */,
			);
			runOnlyForDeploymentPostprocessing = 0;
		};
		E9F032DA2601A9B300E9D0D5 /* Sources */ = {
			isa = PBXSourcesBuildPhase;
			buildActionMask = 2147483647;
			files = (
				E9976E4826083C1D007BBE5F /* StackContainerView.swift in Sources */,
				E98B1A752608457A00970A17 /* UIFont+.swift in Sources */,
				E9EC5B5A260475AF005CCBB8 /* SelectFolderViewController.swift in Sources */,
				E946E59C2603250C00F640F7 /* ConfettiView.swift in Sources */,
				E9EC5B55260472F9005CCBB8 /* GameGuideUtill.swift in Sources */,
				E946E5632602FE4900F640F7 /* SelectFolderCell.swift in Sources */,
				E9976E3B26083C11007BBE5F /* FlipCardViewDataSource.swift in Sources */,
				E9976E3C26083C11007BBE5F /* FlipCardViewDelegate.swift in Sources */,
				E946E5352602F85D00F640F7 /* GameType.swift in Sources */,
				E946E5762603130500F640F7 /* Voca.xcdatamodeld in Sources */,
				E9EC5B4D26047224005CCBB8 /* GuideView.swift in Sources */,
				E9976E4F26083C87007BBE5F /* GameCompleteViewController.swift in Sources */,
				E946E53A2602F9FE00F640F7 /* ScoreAnimateView.swift in Sources */,
				E9976E4926083C1D007BBE5F /* FlipCardView.swift in Sources */,
				E9A1F1072616BC8200535603 /* CardMatchingViewController.swift in Sources */,
				E946E5942603246C00F640F7 /* ProgressBarNavigationView.swift in Sources */,
				E9A1F1022616B96900535603 /* CardCell.swift in Sources */,
				E9A1F0FD2616B8EE00535603 /* CardMatching.swift in Sources */,
				E9976E4A26083C1D007BBE5F /* CardsDataModel.swift in Sources */,
				E9976E4726083C1D007BBE5F /* FlipGameViewController.swift in Sources */,
				E9A1F0F82616B7E800535603 /* imageWord.swift in Sources */,
			);
			runOnlyForDeploymentPostprocessing = 0;
		};
		E9F032ED2601A9CC00E9D0D5 /* Sources */ = {
			isa = PBXSourcesBuildPhase;
			buildActionMask = 2147483647;
			files = (
				E946E52A2602EEC600F640F7 /* NoticePopupViewController.swift in Sources */,
				E946E52B2602EEC600F640F7 /* DeleteUserPopupViewController.swift in Sources */,
				E946E5102602EEB900F640F7 /* UIFont+.swift in Sources */,
				E9EC5B662604768E005CCBB8 /* SideNavigationView.swift in Sources */,
				E946E5152602EEB900F640F7 /* VDSTextField.swift in Sources */,
				E946E5132602EEB900F640F7 /* AccentLineTextField.swift in Sources */,
				E946E5162602EEB900F640F7 /* AccentButton.swift in Sources */,
				E946E5262602EEC600F640F7 /* SelectFolderButton.swift in Sources */,
				E946E5272602EEC600F640F7 /* SuccessPopupView.swift in Sources */,
				E946E5112602EEB900F640F7 /* UIColor+.swift in Sources */,
				E946E5192602EEB900F640F7 /* CALayer+.swift in Sources */,
				E946E5142602EEB900F640F7 /* AddWordTextField.swift in Sources */,
				E9EC5B652604768E005CCBB8 /* LeftTitleNavigationView.swift in Sources */,
				E946E51B2602EEB900F640F7 /* RadioButton.swift in Sources */,
				E946E51A2602EEB900F640F7 /* PulseAnimation.swift in Sources */,
				E946E5182602EEB900F640F7 /* PopupViewController.swift in Sources */,
			);
			runOnlyForDeploymentPostprocessing = 0;
		};
		E9F033002601A9F000E9D0D5 /* Sources */ = {
			isa = PBXSourcesBuildPhase;
			buildActionMask = 2147483647;
			files = (
				E9976E1826082FBD007BBE5F /* BaseManager.swift in Sources */,
				E9976E1D26082FBD007BBE5F /* UserController.swift in Sources */,
				E9FF9190261AAF6F001B063C /* VocaManager.swift in Sources */,
				E9976E1326082FBD007BBE5F /* WordController.swift in Sources */,
				E9976E1626082FBD007BBE5F /* FolderService.swift in Sources */,
				E9976E1926082FBD007BBE5F /* ServerURL.swift in Sources */,
				E946E58E2603163E00F640F7 /* ManagedWord+CoreDataClass.swift in Sources */,
				E9976E1226082FBD007BBE5F /* EveryVocaResponse.swift in Sources */,
				E946E58D2603163E00F640F7 /* ManagedGroup+CoreDataProperties.swift in Sources */,
				E9976E1526082FBD007BBE5F /* FolderController.swift in Sources */,
				E9976E2926083113007BBE5F /* DummyData.swift in Sources */,
				E9976E1C26082FBD007BBE5F /* Word.swift in Sources */,
				E9FF918B261AAF67001B063C /* VocaCoreDataManager.swift in Sources */,
				E9976E1126082FBD007BBE5F /* EveryVocabularyService.swift in Sources */,
				E9976E2F26083152007BBE5F /* Notification.Name+.swift in Sources */,
				E9976E1426082FBD007BBE5F /* UserService.swift in Sources */,
				E9976E1726082FBD007BBE5F /* EveryVocabularyController.swift in Sources */,
				E946E58F2603163E00F640F7 /* ManagedWord+CoreDataProperties.swift in Sources */,
				E946E58C2603163E00F640F7 /* ManagedGroup+CoreDataClass.swift in Sources */,
				E9976E1026082FBD007BBE5F /* UserInfo.swift in Sources */,
				E9976E1A26082FBD007BBE5F /* WordService.swift in Sources */,
				E9976E1B26082FBD007BBE5F /* Folder.swift in Sources */,
			);
			runOnlyForDeploymentPostprocessing = 0;
		};
/* End PBXSourcesBuildPhase section */

/* Begin PBXTargetDependency section */
		E9F032E42601A9B300E9D0D5 /* PBXTargetDependency */ = {
			isa = PBXTargetDependency;
			target = E9F032DD2601A9B300E9D0D5 /* VocaGame */;
			targetProxy = E9F032E32601A9B300E9D0D5 /* PBXContainerItemProxy */;
		};
		E9F032F72601A9CC00E9D0D5 /* PBXTargetDependency */ = {
			isa = PBXTargetDependency;
			target = E9F032F02601A9CC00E9D0D5 /* VocaDesignSystem */;
			targetProxy = E9F032F62601A9CC00E9D0D5 /* PBXContainerItemProxy */;
		};
		E9F0330A2601A9F000E9D0D5 /* PBXTargetDependency */ = {
			isa = PBXTargetDependency;
			target = E9F033032601A9F000E9D0D5 /* VocaSubsystem */;
			targetProxy = E9F033092601A9F000E9D0D5 /* PBXContainerItemProxy */;
		};
/* End PBXTargetDependency section */

/* Begin PBXVariantGroup section */
		E9F032B12601A78C00E9D0D5 /* LaunchScreen.storyboard */ = {
			isa = PBXVariantGroup;
			children = (
				E9F032B22601A78C00E9D0D5 /* Base */,
			);
			name = LaunchScreen.storyboard;
			sourceTree = "<group>";
		};
/* End PBXVariantGroup section */

/* Begin XCBuildConfiguration section */
		E9F032B52601A78C00E9D0D5 /* Debug */ = {
			isa = XCBuildConfiguration;
			buildSettings = {
				ALWAYS_SEARCH_USER_PATHS = NO;
				CLANG_ANALYZER_NONNULL = YES;
				CLANG_ANALYZER_NUMBER_OBJECT_CONVERSION = YES_AGGRESSIVE;
				CLANG_CXX_LANGUAGE_STANDARD = "gnu++14";
				CLANG_CXX_LIBRARY = "libc++";
				CLANG_ENABLE_MODULES = YES;
				CLANG_ENABLE_OBJC_ARC = YES;
				CLANG_ENABLE_OBJC_WEAK = YES;
				CLANG_WARN_BLOCK_CAPTURE_AUTORELEASING = YES;
				CLANG_WARN_BOOL_CONVERSION = YES;
				CLANG_WARN_COMMA = YES;
				CLANG_WARN_CONSTANT_CONVERSION = YES;
				CLANG_WARN_DEPRECATED_OBJC_IMPLEMENTATIONS = YES;
				CLANG_WARN_DIRECT_OBJC_ISA_USAGE = YES_ERROR;
				CLANG_WARN_DOCUMENTATION_COMMENTS = YES;
				CLANG_WARN_EMPTY_BODY = YES;
				CLANG_WARN_ENUM_CONVERSION = YES;
				CLANG_WARN_INFINITE_RECURSION = YES;
				CLANG_WARN_INT_CONVERSION = YES;
				CLANG_WARN_NON_LITERAL_NULL_CONVERSION = YES;
				CLANG_WARN_OBJC_IMPLICIT_RETAIN_SELF = YES;
				CLANG_WARN_OBJC_LITERAL_CONVERSION = YES;
				CLANG_WARN_OBJC_ROOT_CLASS = YES_ERROR;
				CLANG_WARN_QUOTED_INCLUDE_IN_FRAMEWORK_HEADER = YES;
				CLANG_WARN_RANGE_LOOP_ANALYSIS = YES;
				CLANG_WARN_STRICT_PROTOTYPES = YES;
				CLANG_WARN_SUSPICIOUS_MOVE = YES;
				CLANG_WARN_UNGUARDED_AVAILABILITY = YES_AGGRESSIVE;
				CLANG_WARN_UNREACHABLE_CODE = YES;
				CLANG_WARN__DUPLICATE_METHOD_MATCH = YES;
				COPY_PHASE_STRIP = NO;
				DEBUG_INFORMATION_FORMAT = dwarf;
				ENABLE_STRICT_OBJC_MSGSEND = YES;
				ENABLE_TESTABILITY = YES;
				GCC_C_LANGUAGE_STANDARD = gnu11;
				GCC_DYNAMIC_NO_PIC = NO;
				GCC_NO_COMMON_BLOCKS = YES;
				GCC_OPTIMIZATION_LEVEL = 0;
				GCC_PREPROCESSOR_DEFINITIONS = (
					"DEBUG=1",
					"$(inherited)",
				);
				GCC_WARN_64_TO_32_BIT_CONVERSION = YES;
				GCC_WARN_ABOUT_RETURN_TYPE = YES_ERROR;
				GCC_WARN_UNDECLARED_SELECTOR = YES;
				GCC_WARN_UNINITIALIZED_AUTOS = YES_AGGRESSIVE;
				GCC_WARN_UNUSED_FUNCTION = YES;
				GCC_WARN_UNUSED_VARIABLE = YES;
				IPHONEOS_DEPLOYMENT_TARGET = 14.4;
				MTL_ENABLE_DEBUG_INFO = INCLUDE_SOURCE;
				MTL_FAST_MATH = YES;
				ONLY_ACTIVE_ARCH = YES;
				SDKROOT = iphoneos;
				SWIFT_ACTIVE_COMPILATION_CONDITIONS = DEBUG;
				SWIFT_OPTIMIZATION_LEVEL = "-Onone";
			};
			name = Debug;
		};
		E9F032B62601A78C00E9D0D5 /* Release */ = {
			isa = XCBuildConfiguration;
			buildSettings = {
				ALWAYS_SEARCH_USER_PATHS = NO;
				CLANG_ANALYZER_NONNULL = YES;
				CLANG_ANALYZER_NUMBER_OBJECT_CONVERSION = YES_AGGRESSIVE;
				CLANG_CXX_LANGUAGE_STANDARD = "gnu++14";
				CLANG_CXX_LIBRARY = "libc++";
				CLANG_ENABLE_MODULES = YES;
				CLANG_ENABLE_OBJC_ARC = YES;
				CLANG_ENABLE_OBJC_WEAK = YES;
				CLANG_WARN_BLOCK_CAPTURE_AUTORELEASING = YES;
				CLANG_WARN_BOOL_CONVERSION = YES;
				CLANG_WARN_COMMA = YES;
				CLANG_WARN_CONSTANT_CONVERSION = YES;
				CLANG_WARN_DEPRECATED_OBJC_IMPLEMENTATIONS = YES;
				CLANG_WARN_DIRECT_OBJC_ISA_USAGE = YES_ERROR;
				CLANG_WARN_DOCUMENTATION_COMMENTS = YES;
				CLANG_WARN_EMPTY_BODY = YES;
				CLANG_WARN_ENUM_CONVERSION = YES;
				CLANG_WARN_INFINITE_RECURSION = YES;
				CLANG_WARN_INT_CONVERSION = YES;
				CLANG_WARN_NON_LITERAL_NULL_CONVERSION = YES;
				CLANG_WARN_OBJC_IMPLICIT_RETAIN_SELF = YES;
				CLANG_WARN_OBJC_LITERAL_CONVERSION = YES;
				CLANG_WARN_OBJC_ROOT_CLASS = YES_ERROR;
				CLANG_WARN_QUOTED_INCLUDE_IN_FRAMEWORK_HEADER = YES;
				CLANG_WARN_RANGE_LOOP_ANALYSIS = YES;
				CLANG_WARN_STRICT_PROTOTYPES = YES;
				CLANG_WARN_SUSPICIOUS_MOVE = YES;
				CLANG_WARN_UNGUARDED_AVAILABILITY = YES_AGGRESSIVE;
				CLANG_WARN_UNREACHABLE_CODE = YES;
				CLANG_WARN__DUPLICATE_METHOD_MATCH = YES;
				COPY_PHASE_STRIP = NO;
				DEBUG_INFORMATION_FORMAT = "dwarf-with-dsym";
				ENABLE_NS_ASSERTIONS = NO;
				ENABLE_STRICT_OBJC_MSGSEND = YES;
				GCC_C_LANGUAGE_STANDARD = gnu11;
				GCC_NO_COMMON_BLOCKS = YES;
				GCC_WARN_64_TO_32_BIT_CONVERSION = YES;
				GCC_WARN_ABOUT_RETURN_TYPE = YES_ERROR;
				GCC_WARN_UNDECLARED_SELECTOR = YES;
				GCC_WARN_UNINITIALIZED_AUTOS = YES_AGGRESSIVE;
				GCC_WARN_UNUSED_FUNCTION = YES;
				GCC_WARN_UNUSED_VARIABLE = YES;
				IPHONEOS_DEPLOYMENT_TARGET = 14.4;
				MTL_ENABLE_DEBUG_INFO = NO;
				MTL_FAST_MATH = YES;
				SDKROOT = iphoneos;
				SWIFT_COMPILATION_MODE = wholemodule;
				SWIFT_OPTIMIZATION_LEVEL = "-O";
				VALIDATE_PRODUCT = YES;
			};
			name = Release;
		};
		E9F032B82601A78C00E9D0D5 /* Debug */ = {
			isa = XCBuildConfiguration;
			baseConfigurationReference = 4414EAC56693C6CECEDEC45F /* Pods-SparkRefactoring.debug.xcconfig */;
			buildSettings = {
				ALWAYS_EMBED_SWIFT_STANDARD_LIBRARIES = YES;
				ASSETCATALOG_COMPILER_APPICON_NAME = AppIcon;
				ASSETCATALOG_COMPILER_GLOBAL_ACCENT_COLOR_NAME = AccentColor;
				CODE_SIGN_STYLE = Automatic;
				DEVELOPMENT_TEAM = D38GCVNMKY;
				INFOPLIST_FILE = SparkRefactoring/Info.plist;
				LD_RUNPATH_SEARCH_PATHS = (
					"$(inherited)",
					"@executable_path/Frameworks",
				);
				PRODUCT_BUNDLE_IDENTIFIER = com.odyflame.SparkRefactoring;
				PRODUCT_NAME = "$(TARGET_NAME)";
				SWIFT_VERSION = 5.0;
				TARGETED_DEVICE_FAMILY = "1,2";
			};
			name = Debug;
		};
		E9F032B92601A78C00E9D0D5 /* Release */ = {
			isa = XCBuildConfiguration;
			baseConfigurationReference = C63A0ABBA29A468D09CB08B2 /* Pods-SparkRefactoring.release.xcconfig */;
			buildSettings = {
				ALWAYS_EMBED_SWIFT_STANDARD_LIBRARIES = YES;
				ASSETCATALOG_COMPILER_APPICON_NAME = AppIcon;
				ASSETCATALOG_COMPILER_GLOBAL_ACCENT_COLOR_NAME = AccentColor;
				CODE_SIGN_STYLE = Automatic;
				DEVELOPMENT_TEAM = D38GCVNMKY;
				INFOPLIST_FILE = SparkRefactoring/Info.plist;
				LD_RUNPATH_SEARCH_PATHS = (
					"$(inherited)",
					"@executable_path/Frameworks",
				);
				PRODUCT_BUNDLE_IDENTIFIER = com.odyflame.SparkRefactoring;
				PRODUCT_NAME = "$(TARGET_NAME)";
				SWIFT_VERSION = 5.0;
				TARGETED_DEVICE_FAMILY = "1,2";
			};
			name = Release;
		};
		E9F032E82601A9B400E9D0D5 /* Debug */ = {
			isa = XCBuildConfiguration;
			baseConfigurationReference = F46D7FCF59B0B35F83F358A5 /* Pods-VocaGame.debug.xcconfig */;
			buildSettings = {
				CLANG_ENABLE_MODULES = YES;
				CODE_SIGN_STYLE = Automatic;
				CURRENT_PROJECT_VERSION = 1;
				DEFINES_MODULE = YES;
				DEVELOPMENT_TEAM = D38GCVNMKY;
				DYLIB_COMPATIBILITY_VERSION = 1;
				DYLIB_CURRENT_VERSION = 1;
				DYLIB_INSTALL_NAME_BASE = "@rpath";
				INFOPLIST_FILE = VocaGame/Info.plist;
				INSTALL_PATH = "$(LOCAL_LIBRARY_DIR)/Frameworks";
				LD_RUNPATH_SEARCH_PATHS = (
					"$(inherited)",
					"@executable_path/Frameworks",
					"@loader_path/Frameworks",
				);
				PRODUCT_BUNDLE_IDENTIFIER = com.odyflame.VocaGame;
				PRODUCT_NAME = "$(TARGET_NAME:c99extidentifier)";
				SKIP_INSTALL = YES;
				SWIFT_OPTIMIZATION_LEVEL = "-Onone";
				SWIFT_VERSION = 5.0;
				TARGETED_DEVICE_FAMILY = "1,2";
				VERSIONING_SYSTEM = "apple-generic";
				VERSION_INFO_PREFIX = "";
			};
			name = Debug;
		};
		E9F032E92601A9B400E9D0D5 /* Release */ = {
			isa = XCBuildConfiguration;
			baseConfigurationReference = 8411DBFF39DF43AC580AAE65 /* Pods-VocaGame.release.xcconfig */;
			buildSettings = {
				CLANG_ENABLE_MODULES = YES;
				CODE_SIGN_STYLE = Automatic;
				CURRENT_PROJECT_VERSION = 1;
				DEFINES_MODULE = YES;
				DEVELOPMENT_TEAM = D38GCVNMKY;
				DYLIB_COMPATIBILITY_VERSION = 1;
				DYLIB_CURRENT_VERSION = 1;
				DYLIB_INSTALL_NAME_BASE = "@rpath";
				INFOPLIST_FILE = VocaGame/Info.plist;
				INSTALL_PATH = "$(LOCAL_LIBRARY_DIR)/Frameworks";
				LD_RUNPATH_SEARCH_PATHS = (
					"$(inherited)",
					"@executable_path/Frameworks",
					"@loader_path/Frameworks",
				);
				PRODUCT_BUNDLE_IDENTIFIER = com.odyflame.VocaGame;
				PRODUCT_NAME = "$(TARGET_NAME:c99extidentifier)";
				SKIP_INSTALL = YES;
				SWIFT_VERSION = 5.0;
				TARGETED_DEVICE_FAMILY = "1,2";
				VERSIONING_SYSTEM = "apple-generic";
				VERSION_INFO_PREFIX = "";
			};
			name = Release;
		};
		E9F032FB2601A9CC00E9D0D5 /* Debug */ = {
			isa = XCBuildConfiguration;
			baseConfigurationReference = A24DE79FDCE5D9D6ABE8E214 /* Pods-VocaDesignSystem.debug.xcconfig */;
			buildSettings = {
				CLANG_ENABLE_MODULES = YES;
				CODE_SIGN_STYLE = Automatic;
				CURRENT_PROJECT_VERSION = 1;
				DEFINES_MODULE = YES;
				DEVELOPMENT_TEAM = D38GCVNMKY;
				DYLIB_COMPATIBILITY_VERSION = 1;
				DYLIB_CURRENT_VERSION = 1;
				DYLIB_INSTALL_NAME_BASE = "@rpath";
				INFOPLIST_FILE = VocaDesignSystem/Info.plist;
				INSTALL_PATH = "$(LOCAL_LIBRARY_DIR)/Frameworks";
				LD_RUNPATH_SEARCH_PATHS = (
					"$(inherited)",
					"@executable_path/Frameworks",
					"@loader_path/Frameworks",
				);
				PRODUCT_BUNDLE_IDENTIFIER = com.odyflame.VocaDesignSystem;
				PRODUCT_NAME = "$(TARGET_NAME:c99extidentifier)";
				SKIP_INSTALL = YES;
				SWIFT_OPTIMIZATION_LEVEL = "-Onone";
				SWIFT_VERSION = 5.0;
				TARGETED_DEVICE_FAMILY = "1,2";
				VERSIONING_SYSTEM = "apple-generic";
				VERSION_INFO_PREFIX = "";
			};
			name = Debug;
		};
		E9F032FC2601A9CC00E9D0D5 /* Release */ = {
			isa = XCBuildConfiguration;
			baseConfigurationReference = 1CD313B9679BD7560FFCB736 /* Pods-VocaDesignSystem.release.xcconfig */;
			buildSettings = {
				CLANG_ENABLE_MODULES = YES;
				CODE_SIGN_STYLE = Automatic;
				CURRENT_PROJECT_VERSION = 1;
				DEFINES_MODULE = YES;
				DEVELOPMENT_TEAM = D38GCVNMKY;
				DYLIB_COMPATIBILITY_VERSION = 1;
				DYLIB_CURRENT_VERSION = 1;
				DYLIB_INSTALL_NAME_BASE = "@rpath";
				INFOPLIST_FILE = VocaDesignSystem/Info.plist;
				INSTALL_PATH = "$(LOCAL_LIBRARY_DIR)/Frameworks";
				LD_RUNPATH_SEARCH_PATHS = (
					"$(inherited)",
					"@executable_path/Frameworks",
					"@loader_path/Frameworks",
				);
				PRODUCT_BUNDLE_IDENTIFIER = com.odyflame.VocaDesignSystem;
				PRODUCT_NAME = "$(TARGET_NAME:c99extidentifier)";
				SKIP_INSTALL = YES;
				SWIFT_VERSION = 5.0;
				TARGETED_DEVICE_FAMILY = "1,2";
				VERSIONING_SYSTEM = "apple-generic";
				VERSION_INFO_PREFIX = "";
			};
			name = Release;
		};
		E9F0330E2601A9F000E9D0D5 /* Debug */ = {
			isa = XCBuildConfiguration;
			baseConfigurationReference = 486A5E09A07EEC5AC4543FEF /* Pods-VocaSubsystem.debug.xcconfig */;
			buildSettings = {
				CLANG_ENABLE_MODULES = YES;
				CODE_SIGN_STYLE = Automatic;
				CURRENT_PROJECT_VERSION = 1;
				DEFINES_MODULE = YES;
				DEVELOPMENT_TEAM = D38GCVNMKY;
				DYLIB_COMPATIBILITY_VERSION = 1;
				DYLIB_CURRENT_VERSION = 1;
				DYLIB_INSTALL_NAME_BASE = "@rpath";
				INFOPLIST_FILE = VocaSubsystem/Info.plist;
				INSTALL_PATH = "$(LOCAL_LIBRARY_DIR)/Frameworks";
				LD_RUNPATH_SEARCH_PATHS = (
					"$(inherited)",
					"@executable_path/Frameworks",
					"@loader_path/Frameworks",
				);
				PRODUCT_BUNDLE_IDENTIFIER = com.odyflame.VocaSubsystem;
				PRODUCT_NAME = "$(TARGET_NAME:c99extidentifier)";
				SKIP_INSTALL = YES;
				SWIFT_OPTIMIZATION_LEVEL = "-Onone";
				SWIFT_VERSION = 5.0;
				TARGETED_DEVICE_FAMILY = "1,2";
				VERSIONING_SYSTEM = "apple-generic";
				VERSION_INFO_PREFIX = "";
			};
			name = Debug;
		};
		E9F0330F2601A9F000E9D0D5 /* Release */ = {
			isa = XCBuildConfiguration;
			baseConfigurationReference = FBB96D28878A15F48DFA15F1 /* Pods-VocaSubsystem.release.xcconfig */;
			buildSettings = {
				CLANG_ENABLE_MODULES = YES;
				CODE_SIGN_STYLE = Automatic;
				CURRENT_PROJECT_VERSION = 1;
				DEFINES_MODULE = YES;
				DEVELOPMENT_TEAM = D38GCVNMKY;
				DYLIB_COMPATIBILITY_VERSION = 1;
				DYLIB_CURRENT_VERSION = 1;
				DYLIB_INSTALL_NAME_BASE = "@rpath";
				INFOPLIST_FILE = VocaSubsystem/Info.plist;
				INSTALL_PATH = "$(LOCAL_LIBRARY_DIR)/Frameworks";
				LD_RUNPATH_SEARCH_PATHS = (
					"$(inherited)",
					"@executable_path/Frameworks",
					"@loader_path/Frameworks",
				);
				PRODUCT_BUNDLE_IDENTIFIER = com.odyflame.VocaSubsystem;
				PRODUCT_NAME = "$(TARGET_NAME:c99extidentifier)";
				SKIP_INSTALL = YES;
				SWIFT_VERSION = 5.0;
				TARGETED_DEVICE_FAMILY = "1,2";
				VERSIONING_SYSTEM = "apple-generic";
				VERSION_INFO_PREFIX = "";
			};
			name = Release;
		};
/* End XCBuildConfiguration section */

/* Begin XCConfigurationList section */
		E9F0329E2601A78B00E9D0D5 /* Build configuration list for PBXProject "SparkRefactoring" */ = {
			isa = XCConfigurationList;
			buildConfigurations = (
				E9F032B52601A78C00E9D0D5 /* Debug */,
				E9F032B62601A78C00E9D0D5 /* Release */,
			);
			defaultConfigurationIsVisible = 0;
			defaultConfigurationName = Release;
		};
		E9F032B72601A78C00E9D0D5 /* Build configuration list for PBXNativeTarget "SparkRefactoring" */ = {
			isa = XCConfigurationList;
			buildConfigurations = (
				E9F032B82601A78C00E9D0D5 /* Debug */,
				E9F032B92601A78C00E9D0D5 /* Release */,
			);
			defaultConfigurationIsVisible = 0;
			defaultConfigurationName = Release;
		};
		E9F032E72601A9B400E9D0D5 /* Build configuration list for PBXNativeTarget "VocaGame" */ = {
			isa = XCConfigurationList;
			buildConfigurations = (
				E9F032E82601A9B400E9D0D5 /* Debug */,
				E9F032E92601A9B400E9D0D5 /* Release */,
			);
			defaultConfigurationIsVisible = 0;
			defaultConfigurationName = Release;
		};
		E9F032FA2601A9CC00E9D0D5 /* Build configuration list for PBXNativeTarget "VocaDesignSystem" */ = {
			isa = XCConfigurationList;
			buildConfigurations = (
				E9F032FB2601A9CC00E9D0D5 /* Debug */,
				E9F032FC2601A9CC00E9D0D5 /* Release */,
			);
			defaultConfigurationIsVisible = 0;
			defaultConfigurationName = Release;
		};
		E9F0330D2601A9F000E9D0D5 /* Build configuration list for PBXNativeTarget "VocaSubsystem" */ = {
			isa = XCConfigurationList;
			buildConfigurations = (
				E9F0330E2601A9F000E9D0D5 /* Debug */,
				E9F0330F2601A9F000E9D0D5 /* Release */,
			);
			defaultConfigurationIsVisible = 0;
			defaultConfigurationName = Release;
		};
/* End XCConfigurationList section */

/* Begin XCVersionGroup section */
		E946E5742603130500F640F7 /* Voca.xcdatamodeld */ = {
			isa = XCVersionGroup;
			children = (
				E946E5752603130500F640F7 /* Voca.xcdatamodel */,
			);
			currentVersion = E946E5752603130500F640F7 /* Voca.xcdatamodel */;
			path = Voca.xcdatamodeld;
			sourceTree = "<group>";
			versionGroupType = wrapper.xcdatamodel;
		};
/* End XCVersionGroup section */
	};
	rootObject = E9F0329B2601A78B00E9D0D5 /* Project object */;
}
